Microsoft Visual Studio Solution File, Format Version 12.00
# Visual Studio Version 16
VisualStudioVersion = 16.0.29728.190
MinimumVisualStudioVersion = 10.0.40219.1
Project("{9A19103F-16F7-4668-BE54-9A1E7A4F7556}") = "AutomaticGraphLayout", "MSAGL\AutomaticGraphLayout.csproj", "{415D3E3F-7105-46C1-84D2-7ECB34213D92}"
EndProject
Project("{9A19103F-16F7-4668-BE54-9A1E7A4F7556}") = "AutomaticGraphLayout.Drawing", "Drawing\AutomaticGraphLayout.Drawing.csproj", "{B76F8F71-4B00-4242-BE36-C9F0732511F7}"
EndProject
Project("{9A19103F-16F7-4668-BE54-9A1E7A4F7556}") = "EdgeRoutingSample", "Samples\EdgeRoutingSample\EdgeRoutingSample.csproj", "{5BAFC4E1-9F39-4D4A-92A3-D2FFE9F52E07}"
EndProject
Project("{9A19103F-16F7-4668-BE54-9A1E7A4F7556}") = "Editing", "Samples\Editing\Editing.csproj", "{2E68A550-16EC-4E12-B4FA-0AF8789D8731}"
EndProject
Project("{FAE04EC0-301F-11D3-BF4B-00C04F79EFBC}") = "MSAGLTests", "Test\MSAGLTests\MSAGLTests.csproj", "{A6D1F09A-3DB0-4CB2-A7F0-422BF1AFE222}"
EndProject
Project("{9A19103F-16F7-4668-BE54-9A1E7A4F7556}") = "NodesWithImages", "Samples\NodesWithImages\NodesWithImages.csproj", "{63EB7360-5A2B-479D-B1E9-D5D0E8C49D2B}"
EndProject
Project("{9A19103F-16F7-4668-BE54-9A1E7A4F7556}") = "PhyloTreeSampleOverGDI", "Samples\PhyloTreeSampleOverGDI\PhyloTreeSampleOverGDI.csproj", "{5BA112F2-350D-463E-9059-9CBFCEBE92A4}"
EndProject
Project("{9A19103F-16F7-4668-BE54-9A1E7A4F7556}") = "WindowsApplicationSample", "Samples\WindowsApplicationSample\WindowsApplicationSample.csproj", "{2E492C28-479A-46C3-BEB4-6D745D2D30DC}"
EndProject
Project("{9A19103F-16F7-4668-BE54-9A1E7A4F7556}") = "UsingMDSLayoutSample", "Samples\UsingMDSLayoutSample\UsingMDSLayoutSample.csproj", "{E09ABA0A-DF98-4BDF-961B-7A03CBD1BD40}"
EndProject
Project("{9A19103F-16F7-4668-BE54-9A1E7A4F7556}") = "DrawingFromGeometryGraphSample", "Samples\DrawingFromGeometryGraphSample\DrawingFromGeometryGraphSample.csproj", "{76C7B926-D1C1-405F-AB40-41914FEC3E89}"
EndProject
Project("{FAE04EC0-301F-11D3-BF4B-00C04F79EFBC}") = "TestForGDI", "Test\TestForGDI\TestForGDI.csproj", "{2A784E8E-0778-49A9-9D33-32F7C4EFB2CC}"
EndProject
Project("{9A19103F-16F7-4668-BE54-9A1E7A4F7556}") = "SettingGraphBoundsSample", "Samples\AspectRatioSample\SettingGraphBoundsSample.csproj", "{18D464C1-1F40-4A32-8E3B-89E19DCE590D}"
EndProject
Project("{2150E333-8FDC-42A3-9474-1A3956D46DE8}") = "Samples", "Samples", "{CAAD5476-353C-41F5-A6E7-88BA0C97C2C9}"
EndProject
Project("{2150E333-8FDC-42A3-9474-1A3956D46DE8}") = "Test", "Test", "{B93737FE-D87D-4D95-A631-45E50FDEF19C}"
EndProject
Project("{2150E333-8FDC-42A3-9474-1A3956D46DE8}") = "Tools", "Tools", "{9E51C177-3DF6-474E-AC7A-ED036ED32F05}"
EndProject
Project("{9A19103F-16F7-4668-BE54-9A1E7A4F7556}") = "LayoutOfADisconnectedGraphWithSugiyama", "Samples\LayoutOfADisconnectedGraphWithSugiyama\LayoutOfADisconnectedGraphWithSugiyama.csproj", "{F2B48220-24E6-4E5C-B526-976F1541884D}"
EndProject
Project("{FAE04EC0-301F-11D3-BF4B-00C04F79EFBC}") = "TestFormForGViewer", "Test\TestFormForGViewer\TestFormForGViewer.csproj", "{AF9121C3-E4B7-464F-8EBB-96C9CF627C06}"
EndProject
Project("{FAE04EC0-301F-11D3-BF4B-00C04F79EFBC}") = "Test01", "Test\Test01\Test01.csproj", "{FBDC1032-9FD3-4BF0-81AC-7DF45920413A}"
EndProject
Project("{FAE04EC0-301F-11D3-BF4B-00C04F79EFBC}") = "VoronoiDiagramTest", "Test\VoronoiDiagramTest\VoronoiDiagramTest.csproj", "{742050C1-7040-4065-BD7A-23DFCBECF2C9}"
EndProject
Project("{FAE04EC0-301F-11D3-BF4B-00C04F79EFBC}") = "TestWpfViewer", "Test\TestWpfViewer\TestWpfViewer.csproj", "{89066A48-4E50-46A3-84D5-AB99870F1912}"
EndProject
Project("{9A19103F-16F7-4668-BE54-9A1E7A4F7556}") = "WpfApplicationSample", "Samples\WpfApplicationSample\WpfApplicationSample.csproj", "{B3227B0D-2DA4-4102-82AF-C21842B3674B}"
EndProject
Project("{9A19103F-16F7-4668-BE54-9A1E7A4F7556}") = "GeometryRoutinesSample", "Samples\GeometryRoutinesSample\GeometryRoutinesSample.csproj", "{C5ED937C-9739-4991-9A12-F25BBA60F9CE}"
EndProject
Project("{9A19103F-16F7-4668-BE54-9A1E7A4F7556}") = "FastIncrementalLayoutWithGdi", "Samples\FastIncrementalLayoutWithGdi\FastIncrementalLayoutWithGdi.csproj", "{F999D14C-A1F2-4C95-912D-DDA2F1B28B9F}"
EndProject
Project("{9A19103F-16F7-4668-BE54-9A1E7A4F7556}") = "FindEmptySpotSample", "Samples\FindEmptySpotSample\FindEmptySpotSample.csproj", "{E1195625-FCE6-4073-9A87-76E17782AEF8}"
EndProject
Project("{9A19103F-16F7-4668-BE54-9A1E7A4F7556}") = "LocationLabeler", "Samples\LocationLabeling\LocationLabeler.csproj", "{8D541A86-E1CF-4EF2-A817-D79B3F237D9B}"
EndProject
Project("{FAE04EC0-301F-11D3-BF4B-00C04F79EFBC}") = "ArgsParser", "tools\ArgsParser\ArgsParser.csproj", "{B9AB0B32-D315-4ED1-83F6-5DBB2F832070}"
EndProject
Project("{FAE04EC0-301F-11D3-BF4B-00C04F79EFBC}") = "DebugCurveViewer", "tools\DebugCurveViewer\DebugCurveViewer.csproj", "{5767AA9A-B6F6-46F1-B3E6-4E76FA049263}"
EndProject
Project("{FAE04EC0-301F-11D3-BF4B-00C04F79EFBC}") = "Dot2Graph", "tools\Dot2Graph\Dot2Graph.csproj", "{BA8FED53-458E-4CB3-8EB3-CBFCADD87E5D}"
EndProject
Project("{FAE04EC0-301F-11D3-BF4B-00C04F79EFBC}") = "DgmlParser", "tools\DgmlParser\DgmlParser.csproj", "{561233E4-4FB4-47CC-ADCD-F6A0E8D8AC87}"
EndProject
Project("{FAE04EC0-301F-11D3-BF4B-00C04F79EFBC}") = "Dot2Svg", "tools\Dot2Svg\Dot2Svg.csproj", "{363CA13D-7AEE-4229-8279-FBF7754F4426}"
EndProject
Project("{9A19103F-16F7-4668-BE54-9A1E7A4F7556}") = "LoadingDgmlGraph", "Samples\LoadingDgmlGraph\LoadingDgmlGraph.csproj", "{931CD0AA-49BF-4038-A1FA-E8EC6C4F59DE}"
EndProject
Project("{FAE04EC0-301F-11D3-BF4B-00C04F79EFBC}") = "GraphmapsWpfControl", "tools\GraphmapsWpfControl\GraphmapsWpfControl.csproj", "{ABE9E888-50BB-4806-8345-D8D69A23F39A}"
EndProject
Project("{FAE04EC0-301F-11D3-BF4B-00C04F79EFBC}") = "TestGraphmaps", "Test\TestGraphmaps\TestGraphmaps.csproj", "{C662BBF3-97D2-4000-8304-B900F785D48F}"
EndProject
Project("{9A19103F-16F7-4668-BE54-9A1E7A4F7556}") = "SameLayerSample", "Samples\SameLayerSample\SameLayerSample.csproj", "{85248FB4-BB05-41D1-98B2-481752F0670A}"
EndProject
Project("{9A19103F-16F7-4668-BE54-9A1E7A4F7556}") = "PhyloTreeFromGeometrySample", "Samples\PhyloTreeFromGeometrySample\PhyloTreeFromGeometrySample.csproj", "{158AAAF4-939F-419A-B3EA-2871D167BB1A}"
EndProject
Project("{9A19103F-16F7-4668-BE54-9A1E7A4F7556}") = "LayerConstraintsFromGeometrySample", "Samples\LayerConstraintsFromGeometrySample\LayerConstraintsFromGeometrySample.csproj", "{26B3B8C1-2AA8-48D3-9DA2-AC2D6AA34C33}"
EndProject
Project("{9A19103F-16F7-4668-BE54-9A1E7A4F7556}") = "MinWpfApp", "Samples\MinWpfApp\MinWpfApp.csproj", "{543B61A8-A0A4-4C9E-93AB-79559A59EAEA}"
EndProject
Project("{9A19103F-16F7-4668-BE54-9A1E7A4F7556}") = "SimplestWinFormsSample", "Samples\SimplestWinFormsSample\SimplestWinFormsSample.csproj", "{6827BA1E-0922-4223-8A5A-3E2194E229D2}"
EndProject
Project("{2150E333-8FDC-42A3-9474-1A3956D46DE8}") = "Solution Items", "Solution Items", "{2FAFC72A-4DE4-4D91-A2FD-349EC6F1C720}"
	ProjectSection(SolutionItems) = preProject
		NuGet\AcquireNuGetExe.ps1 = NuGet\AcquireNuGetExe.ps1
		Drawing\AutomaticGraphLayout.Drawing.nuspec = Drawing\AutomaticGraphLayout.Drawing.nuspec
		MSAGL\AutomaticGraphLayout.nuspec = MSAGL\AutomaticGraphLayout.nuspec
		NuGet\build_nuget_packages.ps1 = NuGet\build_nuget_packages.ps1
		NuGet\prepareNuspec.ps1 = NuGet\prepareNuspec.ps1
		..\README.md = ..\README.md
	EndProjectSection
EndProject
Project("{9A19103F-16F7-4668-BE54-9A1E7A4F7556}") = "GraphViewerGDI", "Tools\GraphViewerGDI\GraphViewerGDI.csproj", "{725CD2CB-CF37-414E-A5A6-F1D87D4D6EDE}"
EndProject
Project("{9A19103F-16F7-4668-BE54-9A1E7A4F7556}") = "WpfGraphControl", "Tools\WpfGraphControl\WpfGraphControl.csproj", "{FCE1D24E-CC6B-47BC-9CE4-427E5D56B71E}"
EndProject
Project("{FAE04EC0-301F-11D3-BF4B-00C04F79EFBC}") = "UwpGraphControl", "Tools\UwpGraphControl\UwpGraphControl.csproj", "{7362DB4B-615A-4BA9-9AD6-257E9BFD1C0F}"
EndProject
Project("{9A19103F-16F7-4668-BE54-9A1E7A4F7556}") = "TinyClickDemo", "TinyClickDemo\TinyClickDemo.csproj", "{0744500E-DBF3-435B-B7D9-085868B8C7A9}"
EndProject
Project("{9A19103F-16F7-4668-BE54-9A1E7A4F7556}") = "QUT.ShiftReduceParser", "tools\QUT.ShiftReduceParser\QUT.ShiftReduceParser.csproj", "{EF5CF15E-5645-433B-8A23-AF93E3F2682F}"
EndProject
Project("{9A19103F-16F7-4668-BE54-9A1E7A4F7556}") = "WriteToSvgSample", "WriteToSvgSample\WriteToSvgSample.csproj", "{DFBC9330-4DC8-432E-9CD3-4E6F41FED110}"
EndProject
Project("{9A19103F-16F7-4668-BE54-9A1E7A4F7556}") = "SvgLayerSample", "Samples\SvgLayerSample\SvgLayerSample.csproj", "{16704F7F-3492-40D3-8BC2-E6717CA01A2F}"
EndProject
Project("{FAE04EC0-301F-11D3-BF4B-00C04F79EFBC}") = "agl", "tools\agl\agl.csproj", "{1E85BCE2-6C50-4148-B4AE-B873BFDE77CE}"
EndProject
Project("{9A19103F-16F7-4668-BE54-9A1E7A4F7556}") = "PopulateGViewerWithPrecalculatedDrawingGraph", "Samples\PopulateGViewerWithPrecalculatedDrawingGraph\PopulateGViewerWithPrecalculatedDrawingGraph.csproj", "{02053710-70B8-4CEB-80DB-DC55BEDAA2C0}"
EndProject
Project("{FAE04EC0-301F-11D3-BF4B-00C04F79EFBC}") = "DrawingFromGeometryWithGtk", "Samples\DrawingFromGeometryWithGtk\DrawingFromGeometryWithGtk.csproj", "{AA8D2135-1BD2-47DD-9DC9-2FC266711536}"
EndProject
Global
	GlobalSection(SolutionConfigurationPlatforms) = preSolution
		Debug|Any CPU = Debug|Any CPU
		Debug|ARM = Debug|ARM
		Debug|ARM64 = Debug|ARM64
		Debug|x64 = Debug|x64
		Debug|x86 = Debug|x86
		Release|Any CPU = Release|Any CPU
		Release|ARM = Release|ARM
		Release|ARM64 = Release|ARM64
		Release|x64 = Release|x64
		Release|x86 = Release|x86
	EndGlobalSection
	GlobalSection(ProjectConfigurationPlatforms) = postSolution
		{415D3E3F-7105-46C1-84D2-7ECB34213D92}.Debug|Any CPU.ActiveCfg = Debug|Any CPU
		{415D3E3F-7105-46C1-84D2-7ECB34213D92}.Debug|Any CPU.Build.0 = Debug|Any CPU
		{415D3E3F-7105-46C1-84D2-7ECB34213D92}.Debug|ARM.ActiveCfg = Debug|Any CPU
		{415D3E3F-7105-46C1-84D2-7ECB34213D92}.Debug|ARM.Build.0 = Debug|Any CPU
		{415D3E3F-7105-46C1-84D2-7ECB34213D92}.Debug|ARM64.ActiveCfg = Debug|Any CPU
		{415D3E3F-7105-46C1-84D2-7ECB34213D92}.Debug|ARM64.Build.0 = Debug|Any CPU
		{415D3E3F-7105-46C1-84D2-7ECB34213D92}.Debug|x64.ActiveCfg = Debug|Any CPU
		{415D3E3F-7105-46C1-84D2-7ECB34213D92}.Debug|x64.Build.0 = Debug|Any CPU
		{415D3E3F-7105-46C1-84D2-7ECB34213D92}.Debug|x86.ActiveCfg = Debug|Any CPU
		{415D3E3F-7105-46C1-84D2-7ECB34213D92}.Debug|x86.Build.0 = Debug|Any CPU
		{415D3E3F-7105-46C1-84D2-7ECB34213D92}.Release|Any CPU.ActiveCfg = Release|Any CPU
		{415D3E3F-7105-46C1-84D2-7ECB34213D92}.Release|Any CPU.Build.0 = Release|Any CPU
		{415D3E3F-7105-46C1-84D2-7ECB34213D92}.Release|ARM.ActiveCfg = Release|Any CPU
		{415D3E3F-7105-46C1-84D2-7ECB34213D92}.Release|ARM.Build.0 = Release|Any CPU
		{415D3E3F-7105-46C1-84D2-7ECB34213D92}.Release|ARM64.ActiveCfg = Release|Any CPU
		{415D3E3F-7105-46C1-84D2-7ECB34213D92}.Release|ARM64.Build.0 = Release|Any CPU
		{415D3E3F-7105-46C1-84D2-7ECB34213D92}.Release|x64.ActiveCfg = Release|Any CPU
		{415D3E3F-7105-46C1-84D2-7ECB34213D92}.Release|x64.Build.0 = Release|Any CPU
		{415D3E3F-7105-46C1-84D2-7ECB34213D92}.Release|x86.ActiveCfg = Release|Any CPU
		{415D3E3F-7105-46C1-84D2-7ECB34213D92}.Release|x86.Build.0 = Release|Any CPU
		{B76F8F71-4B00-4242-BE36-C9F0732511F7}.Debug|Any CPU.ActiveCfg = Debug|Any CPU
		{B76F8F71-4B00-4242-BE36-C9F0732511F7}.Debug|Any CPU.Build.0 = Debug|Any CPU
		{B76F8F71-4B00-4242-BE36-C9F0732511F7}.Debug|ARM.ActiveCfg = Debug|Any CPU
		{B76F8F71-4B00-4242-BE36-C9F0732511F7}.Debug|ARM.Build.0 = Debug|Any CPU
		{B76F8F71-4B00-4242-BE36-C9F0732511F7}.Debug|ARM64.ActiveCfg = Debug|Any CPU
		{B76F8F71-4B00-4242-BE36-C9F0732511F7}.Debug|ARM64.Build.0 = Debug|Any CPU
		{B76F8F71-4B00-4242-BE36-C9F0732511F7}.Debug|x64.ActiveCfg = Debug|Any CPU
		{B76F8F71-4B00-4242-BE36-C9F0732511F7}.Debug|x64.Build.0 = Debug|Any CPU
		{B76F8F71-4B00-4242-BE36-C9F0732511F7}.Debug|x86.ActiveCfg = Debug|Any CPU
		{B76F8F71-4B00-4242-BE36-C9F0732511F7}.Debug|x86.Build.0 = Debug|Any CPU
		{B76F8F71-4B00-4242-BE36-C9F0732511F7}.Release|Any CPU.ActiveCfg = Release|Any CPU
		{B76F8F71-4B00-4242-BE36-C9F0732511F7}.Release|Any CPU.Build.0 = Release|Any CPU
		{B76F8F71-4B00-4242-BE36-C9F0732511F7}.Release|ARM.ActiveCfg = Release|Any CPU
		{B76F8F71-4B00-4242-BE36-C9F0732511F7}.Release|ARM.Build.0 = Release|Any CPU
		{B76F8F71-4B00-4242-BE36-C9F0732511F7}.Release|ARM64.ActiveCfg = Release|Any CPU
		{B76F8F71-4B00-4242-BE36-C9F0732511F7}.Release|ARM64.Build.0 = Release|Any CPU
		{B76F8F71-4B00-4242-BE36-C9F0732511F7}.Release|x64.ActiveCfg = Release|Any CPU
		{B76F8F71-4B00-4242-BE36-C9F0732511F7}.Release|x64.Build.0 = Release|Any CPU
		{B76F8F71-4B00-4242-BE36-C9F0732511F7}.Release|x86.ActiveCfg = Release|Any CPU
		{B76F8F71-4B00-4242-BE36-C9F0732511F7}.Release|x86.Build.0 = Release|Any CPU
		{5BAFC4E1-9F39-4D4A-92A3-D2FFE9F52E07}.Debug|Any CPU.ActiveCfg = Debug|Any CPU
		{5BAFC4E1-9F39-4D4A-92A3-D2FFE9F52E07}.Debug|Any CPU.Build.0 = Debug|Any CPU
		{5BAFC4E1-9F39-4D4A-92A3-D2FFE9F52E07}.Debug|ARM.ActiveCfg = Debug|Any CPU
		{5BAFC4E1-9F39-4D4A-92A3-D2FFE9F52E07}.Debug|ARM.Build.0 = Debug|Any CPU
		{5BAFC4E1-9F39-4D4A-92A3-D2FFE9F52E07}.Debug|ARM64.ActiveCfg = Debug|Any CPU
		{5BAFC4E1-9F39-4D4A-92A3-D2FFE9F52E07}.Debug|ARM64.Build.0 = Debug|Any CPU
		{5BAFC4E1-9F39-4D4A-92A3-D2FFE9F52E07}.Debug|x64.ActiveCfg = Debug|Any CPU
		{5BAFC4E1-9F39-4D4A-92A3-D2FFE9F52E07}.Debug|x64.Build.0 = Debug|Any CPU
		{5BAFC4E1-9F39-4D4A-92A3-D2FFE9F52E07}.Debug|x86.ActiveCfg = Debug|Any CPU
		{5BAFC4E1-9F39-4D4A-92A3-D2FFE9F52E07}.Debug|x86.Build.0 = Debug|Any CPU
		{5BAFC4E1-9F39-4D4A-92A3-D2FFE9F52E07}.Release|Any CPU.ActiveCfg = Release|Any CPU
		{5BAFC4E1-9F39-4D4A-92A3-D2FFE9F52E07}.Release|Any CPU.Build.0 = Release|Any CPU
		{5BAFC4E1-9F39-4D4A-92A3-D2FFE9F52E07}.Release|ARM.ActiveCfg = Release|Any CPU
		{5BAFC4E1-9F39-4D4A-92A3-D2FFE9F52E07}.Release|ARM.Build.0 = Release|Any CPU
		{5BAFC4E1-9F39-4D4A-92A3-D2FFE9F52E07}.Release|ARM64.ActiveCfg = Release|Any CPU
		{5BAFC4E1-9F39-4D4A-92A3-D2FFE9F52E07}.Release|ARM64.Build.0 = Release|Any CPU
		{5BAFC4E1-9F39-4D4A-92A3-D2FFE9F52E07}.Release|x64.ActiveCfg = Release|Any CPU
		{5BAFC4E1-9F39-4D4A-92A3-D2FFE9F52E07}.Release|x64.Build.0 = Release|Any CPU
		{5BAFC4E1-9F39-4D4A-92A3-D2FFE9F52E07}.Release|x86.ActiveCfg = Release|Any CPU
		{5BAFC4E1-9F39-4D4A-92A3-D2FFE9F52E07}.Release|x86.Build.0 = Release|Any CPU
		{2E68A550-16EC-4E12-B4FA-0AF8789D8731}.Debug|Any CPU.ActiveCfg = Debug|Any CPU
		{2E68A550-16EC-4E12-B4FA-0AF8789D8731}.Debug|Any CPU.Build.0 = Debug|Any CPU
		{2E68A550-16EC-4E12-B4FA-0AF8789D8731}.Debug|ARM.ActiveCfg = Debug|Any CPU
		{2E68A550-16EC-4E12-B4FA-0AF8789D8731}.Debug|ARM.Build.0 = Debug|Any CPU
		{2E68A550-16EC-4E12-B4FA-0AF8789D8731}.Debug|ARM64.ActiveCfg = Debug|Any CPU
		{2E68A550-16EC-4E12-B4FA-0AF8789D8731}.Debug|ARM64.Build.0 = Debug|Any CPU
		{2E68A550-16EC-4E12-B4FA-0AF8789D8731}.Debug|x64.ActiveCfg = Debug|Any CPU
		{2E68A550-16EC-4E12-B4FA-0AF8789D8731}.Debug|x64.Build.0 = Debug|Any CPU
		{2E68A550-16EC-4E12-B4FA-0AF8789D8731}.Debug|x86.ActiveCfg = Debug|Any CPU
		{2E68A550-16EC-4E12-B4FA-0AF8789D8731}.Debug|x86.Build.0 = Debug|Any CPU
		{2E68A550-16EC-4E12-B4FA-0AF8789D8731}.Release|Any CPU.ActiveCfg = Release|Any CPU
		{2E68A550-16EC-4E12-B4FA-0AF8789D8731}.Release|Any CPU.Build.0 = Release|Any CPU
		{2E68A550-16EC-4E12-B4FA-0AF8789D8731}.Release|ARM.ActiveCfg = Release|Any CPU
		{2E68A550-16EC-4E12-B4FA-0AF8789D8731}.Release|ARM.Build.0 = Release|Any CPU
		{2E68A550-16EC-4E12-B4FA-0AF8789D8731}.Release|ARM64.ActiveCfg = Release|Any CPU
		{2E68A550-16EC-4E12-B4FA-0AF8789D8731}.Release|ARM64.Build.0 = Release|Any CPU
		{2E68A550-16EC-4E12-B4FA-0AF8789D8731}.Release|x64.ActiveCfg = Release|Any CPU
		{2E68A550-16EC-4E12-B4FA-0AF8789D8731}.Release|x64.Build.0 = Release|Any CPU
		{2E68A550-16EC-4E12-B4FA-0AF8789D8731}.Release|x86.ActiveCfg = Release|Any CPU
		{2E68A550-16EC-4E12-B4FA-0AF8789D8731}.Release|x86.Build.0 = Release|Any CPU
		{A6D1F09A-3DB0-4CB2-A7F0-422BF1AFE222}.Debug|Any CPU.ActiveCfg = Debug|Any CPU
		{A6D1F09A-3DB0-4CB2-A7F0-422BF1AFE222}.Debug|Any CPU.Build.0 = Debug|Any CPU
		{A6D1F09A-3DB0-4CB2-A7F0-422BF1AFE222}.Debug|ARM.ActiveCfg = Debug|Any CPU
		{A6D1F09A-3DB0-4CB2-A7F0-422BF1AFE222}.Debug|ARM.Build.0 = Debug|Any CPU
		{A6D1F09A-3DB0-4CB2-A7F0-422BF1AFE222}.Debug|ARM64.ActiveCfg = Debug|Any CPU
		{A6D1F09A-3DB0-4CB2-A7F0-422BF1AFE222}.Debug|ARM64.Build.0 = Debug|Any CPU
		{A6D1F09A-3DB0-4CB2-A7F0-422BF1AFE222}.Debug|x64.ActiveCfg = Debug|x64
		{A6D1F09A-3DB0-4CB2-A7F0-422BF1AFE222}.Debug|x64.Build.0 = Debug|x64
		{A6D1F09A-3DB0-4CB2-A7F0-422BF1AFE222}.Debug|x86.ActiveCfg = Debug|x86
		{A6D1F09A-3DB0-4CB2-A7F0-422BF1AFE222}.Debug|x86.Build.0 = Debug|x86
		{A6D1F09A-3DB0-4CB2-A7F0-422BF1AFE222}.Release|Any CPU.ActiveCfg = Release|Any CPU
		{A6D1F09A-3DB0-4CB2-A7F0-422BF1AFE222}.Release|Any CPU.Build.0 = Release|Any CPU
		{A6D1F09A-3DB0-4CB2-A7F0-422BF1AFE222}.Release|ARM.ActiveCfg = Release|Any CPU
		{A6D1F09A-3DB0-4CB2-A7F0-422BF1AFE222}.Release|ARM.Build.0 = Release|Any CPU
		{A6D1F09A-3DB0-4CB2-A7F0-422BF1AFE222}.Release|ARM64.ActiveCfg = Release|Any CPU
		{A6D1F09A-3DB0-4CB2-A7F0-422BF1AFE222}.Release|ARM64.Build.0 = Release|Any CPU
		{A6D1F09A-3DB0-4CB2-A7F0-422BF1AFE222}.Release|x64.ActiveCfg = Release|x64
		{A6D1F09A-3DB0-4CB2-A7F0-422BF1AFE222}.Release|x64.Build.0 = Release|x64
		{A6D1F09A-3DB0-4CB2-A7F0-422BF1AFE222}.Release|x86.ActiveCfg = Release|x86
		{A6D1F09A-3DB0-4CB2-A7F0-422BF1AFE222}.Release|x86.Build.0 = Release|x86
		{63EB7360-5A2B-479D-B1E9-D5D0E8C49D2B}.Debug|Any CPU.ActiveCfg = Debug|Any CPU
		{63EB7360-5A2B-479D-B1E9-D5D0E8C49D2B}.Debug|Any CPU.Build.0 = Debug|Any CPU
		{63EB7360-5A2B-479D-B1E9-D5D0E8C49D2B}.Debug|ARM.ActiveCfg = Debug|Any CPU
		{63EB7360-5A2B-479D-B1E9-D5D0E8C49D2B}.Debug|ARM.Build.0 = Debug|Any CPU
		{63EB7360-5A2B-479D-B1E9-D5D0E8C49D2B}.Debug|ARM64.ActiveCfg = Debug|Any CPU
		{63EB7360-5A2B-479D-B1E9-D5D0E8C49D2B}.Debug|ARM64.Build.0 = Debug|Any CPU
		{63EB7360-5A2B-479D-B1E9-D5D0E8C49D2B}.Debug|x64.ActiveCfg = Debug|Any CPU
		{63EB7360-5A2B-479D-B1E9-D5D0E8C49D2B}.Debug|x64.Build.0 = Debug|Any CPU
		{63EB7360-5A2B-479D-B1E9-D5D0E8C49D2B}.Debug|x86.ActiveCfg = Debug|Any CPU
		{63EB7360-5A2B-479D-B1E9-D5D0E8C49D2B}.Debug|x86.Build.0 = Debug|Any CPU
		{63EB7360-5A2B-479D-B1E9-D5D0E8C49D2B}.Release|Any CPU.ActiveCfg = Release|Any CPU
		{63EB7360-5A2B-479D-B1E9-D5D0E8C49D2B}.Release|Any CPU.Build.0 = Release|Any CPU
		{63EB7360-5A2B-479D-B1E9-D5D0E8C49D2B}.Release|ARM.ActiveCfg = Release|Any CPU
		{63EB7360-5A2B-479D-B1E9-D5D0E8C49D2B}.Release|ARM.Build.0 = Release|Any CPU
		{63EB7360-5A2B-479D-B1E9-D5D0E8C49D2B}.Release|ARM64.ActiveCfg = Release|Any CPU
		{63EB7360-5A2B-479D-B1E9-D5D0E8C49D2B}.Release|ARM64.Build.0 = Release|Any CPU
		{63EB7360-5A2B-479D-B1E9-D5D0E8C49D2B}.Release|x64.ActiveCfg = Release|Any CPU
		{63EB7360-5A2B-479D-B1E9-D5D0E8C49D2B}.Release|x64.Build.0 = Release|Any CPU
		{63EB7360-5A2B-479D-B1E9-D5D0E8C49D2B}.Release|x86.ActiveCfg = Release|Any CPU
		{63EB7360-5A2B-479D-B1E9-D5D0E8C49D2B}.Release|x86.Build.0 = Release|Any CPU
		{5BA112F2-350D-463E-9059-9CBFCEBE92A4}.Debug|Any CPU.ActiveCfg = Debug|Any CPU
		{5BA112F2-350D-463E-9059-9CBFCEBE92A4}.Debug|Any CPU.Build.0 = Debug|Any CPU
		{5BA112F2-350D-463E-9059-9CBFCEBE92A4}.Debug|ARM.ActiveCfg = Debug|Any CPU
		{5BA112F2-350D-463E-9059-9CBFCEBE92A4}.Debug|ARM.Build.0 = Debug|Any CPU
		{5BA112F2-350D-463E-9059-9CBFCEBE92A4}.Debug|ARM64.ActiveCfg = Debug|Any CPU
		{5BA112F2-350D-463E-9059-9CBFCEBE92A4}.Debug|ARM64.Build.0 = Debug|Any CPU
		{5BA112F2-350D-463E-9059-9CBFCEBE92A4}.Debug|x64.ActiveCfg = Debug|Any CPU
		{5BA112F2-350D-463E-9059-9CBFCEBE92A4}.Debug|x64.Build.0 = Debug|Any CPU
		{5BA112F2-350D-463E-9059-9CBFCEBE92A4}.Debug|x86.ActiveCfg = Debug|Any CPU
		{5BA112F2-350D-463E-9059-9CBFCEBE92A4}.Debug|x86.Build.0 = Debug|Any CPU
		{5BA112F2-350D-463E-9059-9CBFCEBE92A4}.Release|Any CPU.ActiveCfg = Release|Any CPU
		{5BA112F2-350D-463E-9059-9CBFCEBE92A4}.Release|Any CPU.Build.0 = Release|Any CPU
		{5BA112F2-350D-463E-9059-9CBFCEBE92A4}.Release|ARM.ActiveCfg = Release|Any CPU
		{5BA112F2-350D-463E-9059-9CBFCEBE92A4}.Release|ARM.Build.0 = Release|Any CPU
		{5BA112F2-350D-463E-9059-9CBFCEBE92A4}.Release|ARM64.ActiveCfg = Release|Any CPU
		{5BA112F2-350D-463E-9059-9CBFCEBE92A4}.Release|ARM64.Build.0 = Release|Any CPU
		{5BA112F2-350D-463E-9059-9CBFCEBE92A4}.Release|x64.ActiveCfg = Release|Any CPU
		{5BA112F2-350D-463E-9059-9CBFCEBE92A4}.Release|x64.Build.0 = Release|Any CPU
		{5BA112F2-350D-463E-9059-9CBFCEBE92A4}.Release|x86.ActiveCfg = Release|Any CPU
		{5BA112F2-350D-463E-9059-9CBFCEBE92A4}.Release|x86.Build.0 = Release|Any CPU
		{2E492C28-479A-46C3-BEB4-6D745D2D30DC}.Debug|Any CPU.ActiveCfg = Debug|Any CPU
		{2E492C28-479A-46C3-BEB4-6D745D2D30DC}.Debug|Any CPU.Build.0 = Debug|Any CPU
		{2E492C28-479A-46C3-BEB4-6D745D2D30DC}.Debug|ARM.ActiveCfg = Debug|Any CPU
		{2E492C28-479A-46C3-BEB4-6D745D2D30DC}.Debug|ARM.Build.0 = Debug|Any CPU
		{2E492C28-479A-46C3-BEB4-6D745D2D30DC}.Debug|ARM64.ActiveCfg = Debug|Any CPU
		{2E492C28-479A-46C3-BEB4-6D745D2D30DC}.Debug|ARM64.Build.0 = Debug|Any CPU
		{2E492C28-479A-46C3-BEB4-6D745D2D30DC}.Debug|x64.ActiveCfg = Debug|Any CPU
		{2E492C28-479A-46C3-BEB4-6D745D2D30DC}.Debug|x64.Build.0 = Debug|Any CPU
		{2E492C28-479A-46C3-BEB4-6D745D2D30DC}.Debug|x86.ActiveCfg = Debug|Any CPU
		{2E492C28-479A-46C3-BEB4-6D745D2D30DC}.Debug|x86.Build.0 = Debug|Any CPU
		{2E492C28-479A-46C3-BEB4-6D745D2D30DC}.Release|Any CPU.ActiveCfg = Release|Any CPU
		{2E492C28-479A-46C3-BEB4-6D745D2D30DC}.Release|Any CPU.Build.0 = Release|Any CPU
		{2E492C28-479A-46C3-BEB4-6D745D2D30DC}.Release|ARM.ActiveCfg = Release|Any CPU
		{2E492C28-479A-46C3-BEB4-6D745D2D30DC}.Release|ARM.Build.0 = Release|Any CPU
		{2E492C28-479A-46C3-BEB4-6D745D2D30DC}.Release|ARM64.ActiveCfg = Release|Any CPU
		{2E492C28-479A-46C3-BEB4-6D745D2D30DC}.Release|ARM64.Build.0 = Release|Any CPU
		{2E492C28-479A-46C3-BEB4-6D745D2D30DC}.Release|x64.ActiveCfg = Release|Any CPU
		{2E492C28-479A-46C3-BEB4-6D745D2D30DC}.Release|x64.Build.0 = Release|Any CPU
		{2E492C28-479A-46C3-BEB4-6D745D2D30DC}.Release|x86.ActiveCfg = Release|Any CPU
		{2E492C28-479A-46C3-BEB4-6D745D2D30DC}.Release|x86.Build.0 = Release|Any CPU
		{E09ABA0A-DF98-4BDF-961B-7A03CBD1BD40}.Debug|Any CPU.ActiveCfg = Debug|Any CPU
		{E09ABA0A-DF98-4BDF-961B-7A03CBD1BD40}.Debug|Any CPU.Build.0 = Debug|Any CPU
		{E09ABA0A-DF98-4BDF-961B-7A03CBD1BD40}.Debug|ARM.ActiveCfg = Debug|Any CPU
		{E09ABA0A-DF98-4BDF-961B-7A03CBD1BD40}.Debug|ARM.Build.0 = Debug|Any CPU
		{E09ABA0A-DF98-4BDF-961B-7A03CBD1BD40}.Debug|ARM64.ActiveCfg = Debug|Any CPU
		{E09ABA0A-DF98-4BDF-961B-7A03CBD1BD40}.Debug|ARM64.Build.0 = Debug|Any CPU
		{E09ABA0A-DF98-4BDF-961B-7A03CBD1BD40}.Debug|x64.ActiveCfg = Debug|Any CPU
		{E09ABA0A-DF98-4BDF-961B-7A03CBD1BD40}.Debug|x64.Build.0 = Debug|Any CPU
		{E09ABA0A-DF98-4BDF-961B-7A03CBD1BD40}.Debug|x86.ActiveCfg = Debug|Any CPU
		{E09ABA0A-DF98-4BDF-961B-7A03CBD1BD40}.Debug|x86.Build.0 = Debug|Any CPU
		{E09ABA0A-DF98-4BDF-961B-7A03CBD1BD40}.Release|Any CPU.ActiveCfg = Release|Any CPU
		{E09ABA0A-DF98-4BDF-961B-7A03CBD1BD40}.Release|Any CPU.Build.0 = Release|Any CPU
		{E09ABA0A-DF98-4BDF-961B-7A03CBD1BD40}.Release|ARM.ActiveCfg = Release|Any CPU
		{E09ABA0A-DF98-4BDF-961B-7A03CBD1BD40}.Release|ARM.Build.0 = Release|Any CPU
		{E09ABA0A-DF98-4BDF-961B-7A03CBD1BD40}.Release|ARM64.ActiveCfg = Release|Any CPU
		{E09ABA0A-DF98-4BDF-961B-7A03CBD1BD40}.Release|ARM64.Build.0 = Release|Any CPU
		{E09ABA0A-DF98-4BDF-961B-7A03CBD1BD40}.Release|x64.ActiveCfg = Release|Any CPU
		{E09ABA0A-DF98-4BDF-961B-7A03CBD1BD40}.Release|x64.Build.0 = Release|Any CPU
		{E09ABA0A-DF98-4BDF-961B-7A03CBD1BD40}.Release|x86.ActiveCfg = Release|Any CPU
		{E09ABA0A-DF98-4BDF-961B-7A03CBD1BD40}.Release|x86.Build.0 = Release|Any CPU
		{76C7B926-D1C1-405F-AB40-41914FEC3E89}.Debug|Any CPU.ActiveCfg = Debug|Any CPU
		{76C7B926-D1C1-405F-AB40-41914FEC3E89}.Debug|Any CPU.Build.0 = Debug|Any CPU
		{76C7B926-D1C1-405F-AB40-41914FEC3E89}.Debug|ARM.ActiveCfg = Debug|Any CPU
		{76C7B926-D1C1-405F-AB40-41914FEC3E89}.Debug|ARM.Build.0 = Debug|Any CPU
		{76C7B926-D1C1-405F-AB40-41914FEC3E89}.Debug|ARM64.ActiveCfg = Debug|Any CPU
		{76C7B926-D1C1-405F-AB40-41914FEC3E89}.Debug|ARM64.Build.0 = Debug|Any CPU
		{76C7B926-D1C1-405F-AB40-41914FEC3E89}.Debug|x64.ActiveCfg = Debug|Any CPU
		{76C7B926-D1C1-405F-AB40-41914FEC3E89}.Debug|x64.Build.0 = Debug|Any CPU
		{76C7B926-D1C1-405F-AB40-41914FEC3E89}.Debug|x86.ActiveCfg = Debug|Any CPU
		{76C7B926-D1C1-405F-AB40-41914FEC3E89}.Debug|x86.Build.0 = Debug|Any CPU
		{76C7B926-D1C1-405F-AB40-41914FEC3E89}.Release|Any CPU.ActiveCfg = Release|Any CPU
		{76C7B926-D1C1-405F-AB40-41914FEC3E89}.Release|Any CPU.Build.0 = Release|Any CPU
		{76C7B926-D1C1-405F-AB40-41914FEC3E89}.Release|ARM.ActiveCfg = Release|Any CPU
		{76C7B926-D1C1-405F-AB40-41914FEC3E89}.Release|ARM.Build.0 = Release|Any CPU
		{76C7B926-D1C1-405F-AB40-41914FEC3E89}.Release|ARM64.ActiveCfg = Release|Any CPU
		{76C7B926-D1C1-405F-AB40-41914FEC3E89}.Release|ARM64.Build.0 = Release|Any CPU
		{76C7B926-D1C1-405F-AB40-41914FEC3E89}.Release|x64.ActiveCfg = Release|Any CPU
		{76C7B926-D1C1-405F-AB40-41914FEC3E89}.Release|x64.Build.0 = Release|Any CPU
		{76C7B926-D1C1-405F-AB40-41914FEC3E89}.Release|x86.ActiveCfg = Release|Any CPU
		{76C7B926-D1C1-405F-AB40-41914FEC3E89}.Release|x86.Build.0 = Release|Any CPU
		{2A784E8E-0778-49A9-9D33-32F7C4EFB2CC}.Debug|Any CPU.ActiveCfg = Debug|Any CPU
		{2A784E8E-0778-49A9-9D33-32F7C4EFB2CC}.Debug|Any CPU.Build.0 = Debug|Any CPU
		{2A784E8E-0778-49A9-9D33-32F7C4EFB2CC}.Debug|ARM.ActiveCfg = Debug|Any CPU
		{2A784E8E-0778-49A9-9D33-32F7C4EFB2CC}.Debug|ARM.Build.0 = Debug|Any CPU
		{2A784E8E-0778-49A9-9D33-32F7C4EFB2CC}.Debug|ARM64.ActiveCfg = Debug|Any CPU
		{2A784E8E-0778-49A9-9D33-32F7C4EFB2CC}.Debug|ARM64.Build.0 = Debug|Any CPU
		{2A784E8E-0778-49A9-9D33-32F7C4EFB2CC}.Debug|x64.ActiveCfg = Debug|x64
		{2A784E8E-0778-49A9-9D33-32F7C4EFB2CC}.Debug|x64.Build.0 = Debug|x64
		{2A784E8E-0778-49A9-9D33-32F7C4EFB2CC}.Debug|x86.ActiveCfg = Debug|x86
		{2A784E8E-0778-49A9-9D33-32F7C4EFB2CC}.Debug|x86.Build.0 = Debug|x86
		{2A784E8E-0778-49A9-9D33-32F7C4EFB2CC}.Release|Any CPU.ActiveCfg = Release|Any CPU
		{2A784E8E-0778-49A9-9D33-32F7C4EFB2CC}.Release|Any CPU.Build.0 = Release|Any CPU
		{2A784E8E-0778-49A9-9D33-32F7C4EFB2CC}.Release|ARM.ActiveCfg = Release|Any CPU
		{2A784E8E-0778-49A9-9D33-32F7C4EFB2CC}.Release|ARM.Build.0 = Release|Any CPU
		{2A784E8E-0778-49A9-9D33-32F7C4EFB2CC}.Release|ARM64.ActiveCfg = Release|Any CPU
		{2A784E8E-0778-49A9-9D33-32F7C4EFB2CC}.Release|ARM64.Build.0 = Release|Any CPU
		{2A784E8E-0778-49A9-9D33-32F7C4EFB2CC}.Release|x64.ActiveCfg = Release|x64
		{2A784E8E-0778-49A9-9D33-32F7C4EFB2CC}.Release|x64.Build.0 = Release|x64
		{2A784E8E-0778-49A9-9D33-32F7C4EFB2CC}.Release|x86.ActiveCfg = Release|x86
		{2A784E8E-0778-49A9-9D33-32F7C4EFB2CC}.Release|x86.Build.0 = Release|x86
		{18D464C1-1F40-4A32-8E3B-89E19DCE590D}.Debug|Any CPU.ActiveCfg = Debug|Any CPU
		{18D464C1-1F40-4A32-8E3B-89E19DCE590D}.Debug|Any CPU.Build.0 = Debug|Any CPU
		{18D464C1-1F40-4A32-8E3B-89E19DCE590D}.Debug|ARM.ActiveCfg = Debug|Any CPU
		{18D464C1-1F40-4A32-8E3B-89E19DCE590D}.Debug|ARM.Build.0 = Debug|Any CPU
		{18D464C1-1F40-4A32-8E3B-89E19DCE590D}.Debug|ARM64.ActiveCfg = Debug|Any CPU
		{18D464C1-1F40-4A32-8E3B-89E19DCE590D}.Debug|ARM64.Build.0 = Debug|Any CPU
		{18D464C1-1F40-4A32-8E3B-89E19DCE590D}.Debug|x64.ActiveCfg = Debug|Any CPU
		{18D464C1-1F40-4A32-8E3B-89E19DCE590D}.Debug|x64.Build.0 = Debug|Any CPU
		{18D464C1-1F40-4A32-8E3B-89E19DCE590D}.Debug|x86.ActiveCfg = Debug|Any CPU
		{18D464C1-1F40-4A32-8E3B-89E19DCE590D}.Debug|x86.Build.0 = Debug|Any CPU
		{18D464C1-1F40-4A32-8E3B-89E19DCE590D}.Release|Any CPU.ActiveCfg = Release|Any CPU
		{18D464C1-1F40-4A32-8E3B-89E19DCE590D}.Release|Any CPU.Build.0 = Release|Any CPU
		{18D464C1-1F40-4A32-8E3B-89E19DCE590D}.Release|ARM.ActiveCfg = Release|Any CPU
		{18D464C1-1F40-4A32-8E3B-89E19DCE590D}.Release|ARM.Build.0 = Release|Any CPU
		{18D464C1-1F40-4A32-8E3B-89E19DCE590D}.Release|ARM64.ActiveCfg = Release|Any CPU
		{18D464C1-1F40-4A32-8E3B-89E19DCE590D}.Release|ARM64.Build.0 = Release|Any CPU
		{18D464C1-1F40-4A32-8E3B-89E19DCE590D}.Release|x64.ActiveCfg = Release|Any CPU
		{18D464C1-1F40-4A32-8E3B-89E19DCE590D}.Release|x64.Build.0 = Release|Any CPU
		{18D464C1-1F40-4A32-8E3B-89E19DCE590D}.Release|x86.ActiveCfg = Release|Any CPU
		{18D464C1-1F40-4A32-8E3B-89E19DCE590D}.Release|x86.Build.0 = Release|Any CPU
		{F2B48220-24E6-4E5C-B526-976F1541884D}.Debug|Any CPU.ActiveCfg = Debug|Any CPU
		{F2B48220-24E6-4E5C-B526-976F1541884D}.Debug|Any CPU.Build.0 = Debug|Any CPU
		{F2B48220-24E6-4E5C-B526-976F1541884D}.Debug|ARM.ActiveCfg = Debug|Any CPU
		{F2B48220-24E6-4E5C-B526-976F1541884D}.Debug|ARM.Build.0 = Debug|Any CPU
		{F2B48220-24E6-4E5C-B526-976F1541884D}.Debug|ARM64.ActiveCfg = Debug|Any CPU
		{F2B48220-24E6-4E5C-B526-976F1541884D}.Debug|ARM64.Build.0 = Debug|Any CPU
		{F2B48220-24E6-4E5C-B526-976F1541884D}.Debug|x64.ActiveCfg = Debug|Any CPU
		{F2B48220-24E6-4E5C-B526-976F1541884D}.Debug|x64.Build.0 = Debug|Any CPU
		{F2B48220-24E6-4E5C-B526-976F1541884D}.Debug|x86.ActiveCfg = Debug|Any CPU
		{F2B48220-24E6-4E5C-B526-976F1541884D}.Debug|x86.Build.0 = Debug|Any CPU
		{F2B48220-24E6-4E5C-B526-976F1541884D}.Release|Any CPU.ActiveCfg = Release|Any CPU
		{F2B48220-24E6-4E5C-B526-976F1541884D}.Release|Any CPU.Build.0 = Release|Any CPU
		{F2B48220-24E6-4E5C-B526-976F1541884D}.Release|ARM.ActiveCfg = Release|Any CPU
		{F2B48220-24E6-4E5C-B526-976F1541884D}.Release|ARM.Build.0 = Release|Any CPU
		{F2B48220-24E6-4E5C-B526-976F1541884D}.Release|ARM64.ActiveCfg = Release|Any CPU
		{F2B48220-24E6-4E5C-B526-976F1541884D}.Release|ARM64.Build.0 = Release|Any CPU
		{F2B48220-24E6-4E5C-B526-976F1541884D}.Release|x64.ActiveCfg = Release|Any CPU
		{F2B48220-24E6-4E5C-B526-976F1541884D}.Release|x64.Build.0 = Release|Any CPU
		{F2B48220-24E6-4E5C-B526-976F1541884D}.Release|x86.ActiveCfg = Release|Any CPU
		{F2B48220-24E6-4E5C-B526-976F1541884D}.Release|x86.Build.0 = Release|Any CPU
		{AF9121C3-E4B7-464F-8EBB-96C9CF627C06}.Debug|Any CPU.ActiveCfg = Debug|Any CPU
		{AF9121C3-E4B7-464F-8EBB-96C9CF627C06}.Debug|Any CPU.Build.0 = Debug|Any CPU
		{AF9121C3-E4B7-464F-8EBB-96C9CF627C06}.Debug|ARM.ActiveCfg = Debug|Any CPU
		{AF9121C3-E4B7-464F-8EBB-96C9CF627C06}.Debug|ARM.Build.0 = Debug|Any CPU
		{AF9121C3-E4B7-464F-8EBB-96C9CF627C06}.Debug|ARM64.ActiveCfg = Debug|Any CPU
		{AF9121C3-E4B7-464F-8EBB-96C9CF627C06}.Debug|ARM64.Build.0 = Debug|Any CPU
		{AF9121C3-E4B7-464F-8EBB-96C9CF627C06}.Debug|x64.ActiveCfg = Debug|x64
		{AF9121C3-E4B7-464F-8EBB-96C9CF627C06}.Debug|x64.Build.0 = Debug|x64
		{AF9121C3-E4B7-464F-8EBB-96C9CF627C06}.Debug|x86.ActiveCfg = Debug|x86
		{AF9121C3-E4B7-464F-8EBB-96C9CF627C06}.Debug|x86.Build.0 = Debug|x86
		{AF9121C3-E4B7-464F-8EBB-96C9CF627C06}.Release|Any CPU.ActiveCfg = Release|Any CPU
		{AF9121C3-E4B7-464F-8EBB-96C9CF627C06}.Release|Any CPU.Build.0 = Release|Any CPU
		{AF9121C3-E4B7-464F-8EBB-96C9CF627C06}.Release|ARM.ActiveCfg = Release|Any CPU
		{AF9121C3-E4B7-464F-8EBB-96C9CF627C06}.Release|ARM.Build.0 = Release|Any CPU
		{AF9121C3-E4B7-464F-8EBB-96C9CF627C06}.Release|ARM64.ActiveCfg = Release|Any CPU
		{AF9121C3-E4B7-464F-8EBB-96C9CF627C06}.Release|ARM64.Build.0 = Release|Any CPU
		{AF9121C3-E4B7-464F-8EBB-96C9CF627C06}.Release|x64.ActiveCfg = Release|x64
		{AF9121C3-E4B7-464F-8EBB-96C9CF627C06}.Release|x64.Build.0 = Release|x64
		{AF9121C3-E4B7-464F-8EBB-96C9CF627C06}.Release|x86.ActiveCfg = Release|x86
		{AF9121C3-E4B7-464F-8EBB-96C9CF627C06}.Release|x86.Build.0 = Release|x86
		{FBDC1032-9FD3-4BF0-81AC-7DF45920413A}.Debug|Any CPU.ActiveCfg = Debug|Any CPU
		{FBDC1032-9FD3-4BF0-81AC-7DF45920413A}.Debug|Any CPU.Build.0 = Debug|Any CPU
		{FBDC1032-9FD3-4BF0-81AC-7DF45920413A}.Debug|ARM.ActiveCfg = Debug|Any CPU
		{FBDC1032-9FD3-4BF0-81AC-7DF45920413A}.Debug|ARM.Build.0 = Debug|Any CPU
		{FBDC1032-9FD3-4BF0-81AC-7DF45920413A}.Debug|ARM64.ActiveCfg = Debug|Any CPU
		{FBDC1032-9FD3-4BF0-81AC-7DF45920413A}.Debug|ARM64.Build.0 = Debug|Any CPU
		{FBDC1032-9FD3-4BF0-81AC-7DF45920413A}.Debug|x64.ActiveCfg = Debug|x64
		{FBDC1032-9FD3-4BF0-81AC-7DF45920413A}.Debug|x64.Build.0 = Debug|x64
		{FBDC1032-9FD3-4BF0-81AC-7DF45920413A}.Debug|x86.ActiveCfg = Debug|x86
		{FBDC1032-9FD3-4BF0-81AC-7DF45920413A}.Debug|x86.Build.0 = Debug|x86
		{FBDC1032-9FD3-4BF0-81AC-7DF45920413A}.Release|Any CPU.ActiveCfg = Release|Any CPU
		{FBDC1032-9FD3-4BF0-81AC-7DF45920413A}.Release|Any CPU.Build.0 = Release|Any CPU
		{FBDC1032-9FD3-4BF0-81AC-7DF45920413A}.Release|ARM.ActiveCfg = Release|Any CPU
		{FBDC1032-9FD3-4BF0-81AC-7DF45920413A}.Release|ARM.Build.0 = Release|Any CPU
		{FBDC1032-9FD3-4BF0-81AC-7DF45920413A}.Release|ARM64.ActiveCfg = Release|Any CPU
		{FBDC1032-9FD3-4BF0-81AC-7DF45920413A}.Release|ARM64.Build.0 = Release|Any CPU
		{FBDC1032-9FD3-4BF0-81AC-7DF45920413A}.Release|x64.ActiveCfg = Release|x64
		{FBDC1032-9FD3-4BF0-81AC-7DF45920413A}.Release|x64.Build.0 = Release|x64
		{FBDC1032-9FD3-4BF0-81AC-7DF45920413A}.Release|x86.ActiveCfg = Release|x86
		{FBDC1032-9FD3-4BF0-81AC-7DF45920413A}.Release|x86.Build.0 = Release|x86
		{742050C1-7040-4065-BD7A-23DFCBECF2C9}.Debug|Any CPU.ActiveCfg = Debug|Any CPU
		{742050C1-7040-4065-BD7A-23DFCBECF2C9}.Debug|Any CPU.Build.0 = Debug|Any CPU
		{742050C1-7040-4065-BD7A-23DFCBECF2C9}.Debug|ARM.ActiveCfg = Debug|Any CPU
		{742050C1-7040-4065-BD7A-23DFCBECF2C9}.Debug|ARM.Build.0 = Debug|Any CPU
		{742050C1-7040-4065-BD7A-23DFCBECF2C9}.Debug|ARM64.ActiveCfg = Debug|Any CPU
		{742050C1-7040-4065-BD7A-23DFCBECF2C9}.Debug|ARM64.Build.0 = Debug|Any CPU
		{742050C1-7040-4065-BD7A-23DFCBECF2C9}.Debug|x64.ActiveCfg = Debug|x64
		{742050C1-7040-4065-BD7A-23DFCBECF2C9}.Debug|x64.Build.0 = Debug|x64
		{742050C1-7040-4065-BD7A-23DFCBECF2C9}.Debug|x86.ActiveCfg = Debug|x86
		{742050C1-7040-4065-BD7A-23DFCBECF2C9}.Debug|x86.Build.0 = Debug|x86
		{742050C1-7040-4065-BD7A-23DFCBECF2C9}.Release|Any CPU.ActiveCfg = Release|Any CPU
		{742050C1-7040-4065-BD7A-23DFCBECF2C9}.Release|Any CPU.Build.0 = Release|Any CPU
		{742050C1-7040-4065-BD7A-23DFCBECF2C9}.Release|ARM.ActiveCfg = Release|Any CPU
		{742050C1-7040-4065-BD7A-23DFCBECF2C9}.Release|ARM.Build.0 = Release|Any CPU
		{742050C1-7040-4065-BD7A-23DFCBECF2C9}.Release|ARM64.ActiveCfg = Release|Any CPU
		{742050C1-7040-4065-BD7A-23DFCBECF2C9}.Release|ARM64.Build.0 = Release|Any CPU
		{742050C1-7040-4065-BD7A-23DFCBECF2C9}.Release|x64.ActiveCfg = Release|x64
		{742050C1-7040-4065-BD7A-23DFCBECF2C9}.Release|x64.Build.0 = Release|x64
		{742050C1-7040-4065-BD7A-23DFCBECF2C9}.Release|x86.ActiveCfg = Release|x86
		{742050C1-7040-4065-BD7A-23DFCBECF2C9}.Release|x86.Build.0 = Release|x86
		{89066A48-4E50-46A3-84D5-AB99870F1912}.Debug|Any CPU.ActiveCfg = Debug|Any CPU
		{89066A48-4E50-46A3-84D5-AB99870F1912}.Debug|Any CPU.Build.0 = Debug|Any CPU
		{89066A48-4E50-46A3-84D5-AB99870F1912}.Debug|ARM.ActiveCfg = Debug|Any CPU
		{89066A48-4E50-46A3-84D5-AB99870F1912}.Debug|ARM.Build.0 = Debug|Any CPU
		{89066A48-4E50-46A3-84D5-AB99870F1912}.Debug|ARM64.ActiveCfg = Debug|Any CPU
		{89066A48-4E50-46A3-84D5-AB99870F1912}.Debug|ARM64.Build.0 = Debug|Any CPU
		{89066A48-4E50-46A3-84D5-AB99870F1912}.Debug|x64.ActiveCfg = Debug|x64
		{89066A48-4E50-46A3-84D5-AB99870F1912}.Debug|x64.Build.0 = Debug|x64
		{89066A48-4E50-46A3-84D5-AB99870F1912}.Debug|x86.ActiveCfg = Debug|x86
		{89066A48-4E50-46A3-84D5-AB99870F1912}.Debug|x86.Build.0 = Debug|x86
		{89066A48-4E50-46A3-84D5-AB99870F1912}.Release|Any CPU.ActiveCfg = Release|Any CPU
		{89066A48-4E50-46A3-84D5-AB99870F1912}.Release|Any CPU.Build.0 = Release|Any CPU
		{89066A48-4E50-46A3-84D5-AB99870F1912}.Release|ARM.ActiveCfg = Release|Any CPU
		{89066A48-4E50-46A3-84D5-AB99870F1912}.Release|ARM.Build.0 = Release|Any CPU
		{89066A48-4E50-46A3-84D5-AB99870F1912}.Release|ARM64.ActiveCfg = Release|Any CPU
		{89066A48-4E50-46A3-84D5-AB99870F1912}.Release|ARM64.Build.0 = Release|Any CPU
		{89066A48-4E50-46A3-84D5-AB99870F1912}.Release|x64.ActiveCfg = Release|x64
		{89066A48-4E50-46A3-84D5-AB99870F1912}.Release|x64.Build.0 = Release|x64
		{89066A48-4E50-46A3-84D5-AB99870F1912}.Release|x86.ActiveCfg = Release|x86
		{89066A48-4E50-46A3-84D5-AB99870F1912}.Release|x86.Build.0 = Release|x86
		{B3227B0D-2DA4-4102-82AF-C21842B3674B}.Debug|Any CPU.ActiveCfg = Debug|Any CPU
		{B3227B0D-2DA4-4102-82AF-C21842B3674B}.Debug|Any CPU.Build.0 = Debug|Any CPU
		{B3227B0D-2DA4-4102-82AF-C21842B3674B}.Debug|ARM.ActiveCfg = Debug|Any CPU
		{B3227B0D-2DA4-4102-82AF-C21842B3674B}.Debug|ARM.Build.0 = Debug|Any CPU
		{B3227B0D-2DA4-4102-82AF-C21842B3674B}.Debug|ARM64.ActiveCfg = Debug|Any CPU
		{B3227B0D-2DA4-4102-82AF-C21842B3674B}.Debug|ARM64.Build.0 = Debug|Any CPU
		{B3227B0D-2DA4-4102-82AF-C21842B3674B}.Debug|x64.ActiveCfg = Debug|Any CPU
		{B3227B0D-2DA4-4102-82AF-C21842B3674B}.Debug|x64.Build.0 = Debug|Any CPU
		{B3227B0D-2DA4-4102-82AF-C21842B3674B}.Debug|x86.ActiveCfg = Debug|Any CPU
		{B3227B0D-2DA4-4102-82AF-C21842B3674B}.Debug|x86.Build.0 = Debug|Any CPU
		{B3227B0D-2DA4-4102-82AF-C21842B3674B}.Release|Any CPU.ActiveCfg = Release|Any CPU
		{B3227B0D-2DA4-4102-82AF-C21842B3674B}.Release|Any CPU.Build.0 = Release|Any CPU
		{B3227B0D-2DA4-4102-82AF-C21842B3674B}.Release|ARM.ActiveCfg = Release|Any CPU
		{B3227B0D-2DA4-4102-82AF-C21842B3674B}.Release|ARM.Build.0 = Release|Any CPU
		{B3227B0D-2DA4-4102-82AF-C21842B3674B}.Release|ARM64.ActiveCfg = Release|Any CPU
		{B3227B0D-2DA4-4102-82AF-C21842B3674B}.Release|ARM64.Build.0 = Release|Any CPU
		{B3227B0D-2DA4-4102-82AF-C21842B3674B}.Release|x64.ActiveCfg = Release|Any CPU
		{B3227B0D-2DA4-4102-82AF-C21842B3674B}.Release|x64.Build.0 = Release|Any CPU
		{B3227B0D-2DA4-4102-82AF-C21842B3674B}.Release|x86.ActiveCfg = Release|Any CPU
		{B3227B0D-2DA4-4102-82AF-C21842B3674B}.Release|x86.Build.0 = Release|Any CPU
		{C5ED937C-9739-4991-9A12-F25BBA60F9CE}.Debug|Any CPU.ActiveCfg = Debug|Any CPU
		{C5ED937C-9739-4991-9A12-F25BBA60F9CE}.Debug|Any CPU.Build.0 = Debug|Any CPU
		{C5ED937C-9739-4991-9A12-F25BBA60F9CE}.Debug|ARM.ActiveCfg = Debug|Any CPU
		{C5ED937C-9739-4991-9A12-F25BBA60F9CE}.Debug|ARM.Build.0 = Debug|Any CPU
		{C5ED937C-9739-4991-9A12-F25BBA60F9CE}.Debug|ARM64.ActiveCfg = Debug|Any CPU
		{C5ED937C-9739-4991-9A12-F25BBA60F9CE}.Debug|ARM64.Build.0 = Debug|Any CPU
		{C5ED937C-9739-4991-9A12-F25BBA60F9CE}.Debug|x64.ActiveCfg = Debug|Any CPU
		{C5ED937C-9739-4991-9A12-F25BBA60F9CE}.Debug|x64.Build.0 = Debug|Any CPU
		{C5ED937C-9739-4991-9A12-F25BBA60F9CE}.Debug|x86.ActiveCfg = Debug|Any CPU
		{C5ED937C-9739-4991-9A12-F25BBA60F9CE}.Debug|x86.Build.0 = Debug|Any CPU
		{C5ED937C-9739-4991-9A12-F25BBA60F9CE}.Release|Any CPU.ActiveCfg = Release|Any CPU
		{C5ED937C-9739-4991-9A12-F25BBA60F9CE}.Release|Any CPU.Build.0 = Release|Any CPU
		{C5ED937C-9739-4991-9A12-F25BBA60F9CE}.Release|ARM.ActiveCfg = Release|Any CPU
		{C5ED937C-9739-4991-9A12-F25BBA60F9CE}.Release|ARM.Build.0 = Release|Any CPU
		{C5ED937C-9739-4991-9A12-F25BBA60F9CE}.Release|ARM64.ActiveCfg = Release|Any CPU
		{C5ED937C-9739-4991-9A12-F25BBA60F9CE}.Release|ARM64.Build.0 = Release|Any CPU
		{C5ED937C-9739-4991-9A12-F25BBA60F9CE}.Release|x64.ActiveCfg = Release|Any CPU
		{C5ED937C-9739-4991-9A12-F25BBA60F9CE}.Release|x64.Build.0 = Release|Any CPU
		{C5ED937C-9739-4991-9A12-F25BBA60F9CE}.Release|x86.ActiveCfg = Release|Any CPU
		{C5ED937C-9739-4991-9A12-F25BBA60F9CE}.Release|x86.Build.0 = Release|Any CPU
		{F999D14C-A1F2-4C95-912D-DDA2F1B28B9F}.Debug|Any CPU.ActiveCfg = Debug|Any CPU
		{F999D14C-A1F2-4C95-912D-DDA2F1B28B9F}.Debug|Any CPU.Build.0 = Debug|Any CPU
		{F999D14C-A1F2-4C95-912D-DDA2F1B28B9F}.Debug|ARM.ActiveCfg = Debug|Any CPU
		{F999D14C-A1F2-4C95-912D-DDA2F1B28B9F}.Debug|ARM.Build.0 = Debug|Any CPU
		{F999D14C-A1F2-4C95-912D-DDA2F1B28B9F}.Debug|ARM64.ActiveCfg = Debug|Any CPU
		{F999D14C-A1F2-4C95-912D-DDA2F1B28B9F}.Debug|ARM64.Build.0 = Debug|Any CPU
		{F999D14C-A1F2-4C95-912D-DDA2F1B28B9F}.Debug|x64.ActiveCfg = Debug|Any CPU
		{F999D14C-A1F2-4C95-912D-DDA2F1B28B9F}.Debug|x64.Build.0 = Debug|Any CPU
		{F999D14C-A1F2-4C95-912D-DDA2F1B28B9F}.Debug|x86.ActiveCfg = Debug|Any CPU
		{F999D14C-A1F2-4C95-912D-DDA2F1B28B9F}.Debug|x86.Build.0 = Debug|Any CPU
		{F999D14C-A1F2-4C95-912D-DDA2F1B28B9F}.Release|Any CPU.ActiveCfg = Release|Any CPU
		{F999D14C-A1F2-4C95-912D-DDA2F1B28B9F}.Release|Any CPU.Build.0 = Release|Any CPU
		{F999D14C-A1F2-4C95-912D-DDA2F1B28B9F}.Release|ARM.ActiveCfg = Release|Any CPU
		{F999D14C-A1F2-4C95-912D-DDA2F1B28B9F}.Release|ARM.Build.0 = Release|Any CPU
		{F999D14C-A1F2-4C95-912D-DDA2F1B28B9F}.Release|ARM64.ActiveCfg = Release|Any CPU
		{F999D14C-A1F2-4C95-912D-DDA2F1B28B9F}.Release|ARM64.Build.0 = Release|Any CPU
		{F999D14C-A1F2-4C95-912D-DDA2F1B28B9F}.Release|x64.ActiveCfg = Release|Any CPU
		{F999D14C-A1F2-4C95-912D-DDA2F1B28B9F}.Release|x64.Build.0 = Release|Any CPU
		{F999D14C-A1F2-4C95-912D-DDA2F1B28B9F}.Release|x86.ActiveCfg = Release|Any CPU
		{F999D14C-A1F2-4C95-912D-DDA2F1B28B9F}.Release|x86.Build.0 = Release|Any CPU
		{E1195625-FCE6-4073-9A87-76E17782AEF8}.Debug|Any CPU.ActiveCfg = Debug|Any CPU
		{E1195625-FCE6-4073-9A87-76E17782AEF8}.Debug|Any CPU.Build.0 = Debug|Any CPU
		{E1195625-FCE6-4073-9A87-76E17782AEF8}.Debug|ARM.ActiveCfg = Debug|Any CPU
		{E1195625-FCE6-4073-9A87-76E17782AEF8}.Debug|ARM.Build.0 = Debug|Any CPU
		{E1195625-FCE6-4073-9A87-76E17782AEF8}.Debug|ARM64.ActiveCfg = Debug|Any CPU
		{E1195625-FCE6-4073-9A87-76E17782AEF8}.Debug|ARM64.Build.0 = Debug|Any CPU
		{E1195625-FCE6-4073-9A87-76E17782AEF8}.Debug|x64.ActiveCfg = Debug|Any CPU
		{E1195625-FCE6-4073-9A87-76E17782AEF8}.Debug|x64.Build.0 = Debug|Any CPU
		{E1195625-FCE6-4073-9A87-76E17782AEF8}.Debug|x86.ActiveCfg = Debug|Any CPU
		{E1195625-FCE6-4073-9A87-76E17782AEF8}.Debug|x86.Build.0 = Debug|Any CPU
		{E1195625-FCE6-4073-9A87-76E17782AEF8}.Release|Any CPU.ActiveCfg = Release|Any CPU
		{E1195625-FCE6-4073-9A87-76E17782AEF8}.Release|Any CPU.Build.0 = Release|Any CPU
		{E1195625-FCE6-4073-9A87-76E17782AEF8}.Release|ARM.ActiveCfg = Release|Any CPU
		{E1195625-FCE6-4073-9A87-76E17782AEF8}.Release|ARM.Build.0 = Release|Any CPU
		{E1195625-FCE6-4073-9A87-76E17782AEF8}.Release|ARM64.ActiveCfg = Release|Any CPU
		{E1195625-FCE6-4073-9A87-76E17782AEF8}.Release|ARM64.Build.0 = Release|Any CPU
		{E1195625-FCE6-4073-9A87-76E17782AEF8}.Release|x64.ActiveCfg = Release|Any CPU
		{E1195625-FCE6-4073-9A87-76E17782AEF8}.Release|x64.Build.0 = Release|Any CPU
		{E1195625-FCE6-4073-9A87-76E17782AEF8}.Release|x86.ActiveCfg = Release|Any CPU
		{E1195625-FCE6-4073-9A87-76E17782AEF8}.Release|x86.Build.0 = Release|Any CPU
		{8D541A86-E1CF-4EF2-A817-D79B3F237D9B}.Debug|Any CPU.ActiveCfg = Debug|Any CPU
		{8D541A86-E1CF-4EF2-A817-D79B3F237D9B}.Debug|Any CPU.Build.0 = Debug|Any CPU
		{8D541A86-E1CF-4EF2-A817-D79B3F237D9B}.Debug|ARM.ActiveCfg = Debug|Any CPU
		{8D541A86-E1CF-4EF2-A817-D79B3F237D9B}.Debug|ARM.Build.0 = Debug|Any CPU
		{8D541A86-E1CF-4EF2-A817-D79B3F237D9B}.Debug|ARM64.ActiveCfg = Debug|Any CPU
		{8D541A86-E1CF-4EF2-A817-D79B3F237D9B}.Debug|ARM64.Build.0 = Debug|Any CPU
		{8D541A86-E1CF-4EF2-A817-D79B3F237D9B}.Debug|x64.ActiveCfg = Debug|Any CPU
		{8D541A86-E1CF-4EF2-A817-D79B3F237D9B}.Debug|x64.Build.0 = Debug|Any CPU
		{8D541A86-E1CF-4EF2-A817-D79B3F237D9B}.Debug|x86.ActiveCfg = Debug|Any CPU
		{8D541A86-E1CF-4EF2-A817-D79B3F237D9B}.Debug|x86.Build.0 = Debug|Any CPU
		{8D541A86-E1CF-4EF2-A817-D79B3F237D9B}.Release|Any CPU.ActiveCfg = Release|Any CPU
		{8D541A86-E1CF-4EF2-A817-D79B3F237D9B}.Release|Any CPU.Build.0 = Release|Any CPU
		{8D541A86-E1CF-4EF2-A817-D79B3F237D9B}.Release|ARM.ActiveCfg = Release|Any CPU
		{8D541A86-E1CF-4EF2-A817-D79B3F237D9B}.Release|ARM.Build.0 = Release|Any CPU
		{8D541A86-E1CF-4EF2-A817-D79B3F237D9B}.Release|ARM64.ActiveCfg = Release|Any CPU
		{8D541A86-E1CF-4EF2-A817-D79B3F237D9B}.Release|ARM64.Build.0 = Release|Any CPU
		{8D541A86-E1CF-4EF2-A817-D79B3F237D9B}.Release|x64.ActiveCfg = Release|Any CPU
		{8D541A86-E1CF-4EF2-A817-D79B3F237D9B}.Release|x64.Build.0 = Release|Any CPU
		{8D541A86-E1CF-4EF2-A817-D79B3F237D9B}.Release|x86.ActiveCfg = Release|Any CPU
		{8D541A86-E1CF-4EF2-A817-D79B3F237D9B}.Release|x86.Build.0 = Release|Any CPU
		{B9AB0B32-D315-4ED1-83F6-5DBB2F832070}.Debug|Any CPU.ActiveCfg = Debug|Any CPU
		{B9AB0B32-D315-4ED1-83F6-5DBB2F832070}.Debug|Any CPU.Build.0 = Debug|Any CPU
		{B9AB0B32-D315-4ED1-83F6-5DBB2F832070}.Debug|ARM.ActiveCfg = Debug|Any CPU
		{B9AB0B32-D315-4ED1-83F6-5DBB2F832070}.Debug|ARM.Build.0 = Debug|Any CPU
		{B9AB0B32-D315-4ED1-83F6-5DBB2F832070}.Debug|ARM64.ActiveCfg = Debug|Any CPU
		{B9AB0B32-D315-4ED1-83F6-5DBB2F832070}.Debug|ARM64.Build.0 = Debug|Any CPU
		{B9AB0B32-D315-4ED1-83F6-5DBB2F832070}.Debug|x64.ActiveCfg = Debug|x64
		{B9AB0B32-D315-4ED1-83F6-5DBB2F832070}.Debug|x64.Build.0 = Debug|x64
		{B9AB0B32-D315-4ED1-83F6-5DBB2F832070}.Debug|x86.ActiveCfg = Debug|x86
		{B9AB0B32-D315-4ED1-83F6-5DBB2F832070}.Debug|x86.Build.0 = Debug|x86
		{B9AB0B32-D315-4ED1-83F6-5DBB2F832070}.Release|Any CPU.ActiveCfg = Release|Any CPU
		{B9AB0B32-D315-4ED1-83F6-5DBB2F832070}.Release|Any CPU.Build.0 = Release|Any CPU
		{B9AB0B32-D315-4ED1-83F6-5DBB2F832070}.Release|ARM.ActiveCfg = Release|Any CPU
		{B9AB0B32-D315-4ED1-83F6-5DBB2F832070}.Release|ARM.Build.0 = Release|Any CPU
		{B9AB0B32-D315-4ED1-83F6-5DBB2F832070}.Release|ARM64.ActiveCfg = Release|Any CPU
		{B9AB0B32-D315-4ED1-83F6-5DBB2F832070}.Release|ARM64.Build.0 = Release|Any CPU
		{B9AB0B32-D315-4ED1-83F6-5DBB2F832070}.Release|x64.ActiveCfg = Release|x64
		{B9AB0B32-D315-4ED1-83F6-5DBB2F832070}.Release|x64.Build.0 = Release|x64
		{B9AB0B32-D315-4ED1-83F6-5DBB2F832070}.Release|x86.ActiveCfg = Release|x86
		{B9AB0B32-D315-4ED1-83F6-5DBB2F832070}.Release|x86.Build.0 = Release|x86
		{5767AA9A-B6F6-46F1-B3E6-4E76FA049263}.Debug|Any CPU.ActiveCfg = Debug|Any CPU
		{5767AA9A-B6F6-46F1-B3E6-4E76FA049263}.Debug|Any CPU.Build.0 = Debug|Any CPU
		{5767AA9A-B6F6-46F1-B3E6-4E76FA049263}.Debug|ARM.ActiveCfg = Debug|Any CPU
		{5767AA9A-B6F6-46F1-B3E6-4E76FA049263}.Debug|ARM.Build.0 = Debug|Any CPU
		{5767AA9A-B6F6-46F1-B3E6-4E76FA049263}.Debug|ARM64.ActiveCfg = Debug|Any CPU
		{5767AA9A-B6F6-46F1-B3E6-4E76FA049263}.Debug|ARM64.Build.0 = Debug|Any CPU
		{5767AA9A-B6F6-46F1-B3E6-4E76FA049263}.Debug|x64.ActiveCfg = Debug|x64
		{5767AA9A-B6F6-46F1-B3E6-4E76FA049263}.Debug|x64.Build.0 = Debug|x64
		{5767AA9A-B6F6-46F1-B3E6-4E76FA049263}.Debug|x86.ActiveCfg = Debug|x86
		{5767AA9A-B6F6-46F1-B3E6-4E76FA049263}.Debug|x86.Build.0 = Debug|x86
		{5767AA9A-B6F6-46F1-B3E6-4E76FA049263}.Release|Any CPU.ActiveCfg = Release|Any CPU
		{5767AA9A-B6F6-46F1-B3E6-4E76FA049263}.Release|Any CPU.Build.0 = Release|Any CPU
		{5767AA9A-B6F6-46F1-B3E6-4E76FA049263}.Release|ARM.ActiveCfg = Release|Any CPU
		{5767AA9A-B6F6-46F1-B3E6-4E76FA049263}.Release|ARM.Build.0 = Release|Any CPU
		{5767AA9A-B6F6-46F1-B3E6-4E76FA049263}.Release|ARM64.ActiveCfg = Release|Any CPU
		{5767AA9A-B6F6-46F1-B3E6-4E76FA049263}.Release|ARM64.Build.0 = Release|Any CPU
		{5767AA9A-B6F6-46F1-B3E6-4E76FA049263}.Release|x64.ActiveCfg = Release|x64
		{5767AA9A-B6F6-46F1-B3E6-4E76FA049263}.Release|x64.Build.0 = Release|x64
		{5767AA9A-B6F6-46F1-B3E6-4E76FA049263}.Release|x86.ActiveCfg = Release|x86
		{5767AA9A-B6F6-46F1-B3E6-4E76FA049263}.Release|x86.Build.0 = Release|x86
		{BA8FED53-458E-4CB3-8EB3-CBFCADD87E5D}.Debug|Any CPU.ActiveCfg = Debug|Any CPU
		{BA8FED53-458E-4CB3-8EB3-CBFCADD87E5D}.Debug|Any CPU.Build.0 = Debug|Any CPU
		{BA8FED53-458E-4CB3-8EB3-CBFCADD87E5D}.Debug|ARM.ActiveCfg = Debug|Any CPU
		{BA8FED53-458E-4CB3-8EB3-CBFCADD87E5D}.Debug|ARM.Build.0 = Debug|Any CPU
		{BA8FED53-458E-4CB3-8EB3-CBFCADD87E5D}.Debug|ARM64.ActiveCfg = Debug|Any CPU
		{BA8FED53-458E-4CB3-8EB3-CBFCADD87E5D}.Debug|ARM64.Build.0 = Debug|Any CPU
		{BA8FED53-458E-4CB3-8EB3-CBFCADD87E5D}.Debug|x64.ActiveCfg = Debug|x64
		{BA8FED53-458E-4CB3-8EB3-CBFCADD87E5D}.Debug|x64.Build.0 = Debug|x64
		{BA8FED53-458E-4CB3-8EB3-CBFCADD87E5D}.Debug|x86.ActiveCfg = Debug|x86
		{BA8FED53-458E-4CB3-8EB3-CBFCADD87E5D}.Debug|x86.Build.0 = Debug|x86
		{BA8FED53-458E-4CB3-8EB3-CBFCADD87E5D}.Release|Any CPU.ActiveCfg = Release|Any CPU
		{BA8FED53-458E-4CB3-8EB3-CBFCADD87E5D}.Release|Any CPU.Build.0 = Release|Any CPU
		{BA8FED53-458E-4CB3-8EB3-CBFCADD87E5D}.Release|ARM.ActiveCfg = Release|Any CPU
		{BA8FED53-458E-4CB3-8EB3-CBFCADD87E5D}.Release|ARM.Build.0 = Release|Any CPU
		{BA8FED53-458E-4CB3-8EB3-CBFCADD87E5D}.Release|ARM64.ActiveCfg = Release|Any CPU
		{BA8FED53-458E-4CB3-8EB3-CBFCADD87E5D}.Release|ARM64.Build.0 = Release|Any CPU
		{BA8FED53-458E-4CB3-8EB3-CBFCADD87E5D}.Release|x64.ActiveCfg = Release|x64
		{BA8FED53-458E-4CB3-8EB3-CBFCADD87E5D}.Release|x64.Build.0 = Release|x64
		{BA8FED53-458E-4CB3-8EB3-CBFCADD87E5D}.Release|x86.ActiveCfg = Release|x86
		{BA8FED53-458E-4CB3-8EB3-CBFCADD87E5D}.Release|x86.Build.0 = Release|x86
		{561233E4-4FB4-47CC-ADCD-F6A0E8D8AC87}.Debug|Any CPU.ActiveCfg = Debug|Any CPU
		{561233E4-4FB4-47CC-ADCD-F6A0E8D8AC87}.Debug|Any CPU.Build.0 = Debug|Any CPU
		{561233E4-4FB4-47CC-ADCD-F6A0E8D8AC87}.Debug|ARM.ActiveCfg = Debug|Any CPU
		{561233E4-4FB4-47CC-ADCD-F6A0E8D8AC87}.Debug|ARM.Build.0 = Debug|Any CPU
		{561233E4-4FB4-47CC-ADCD-F6A0E8D8AC87}.Debug|ARM64.ActiveCfg = Debug|Any CPU
		{561233E4-4FB4-47CC-ADCD-F6A0E8D8AC87}.Debug|ARM64.Build.0 = Debug|Any CPU
		{561233E4-4FB4-47CC-ADCD-F6A0E8D8AC87}.Debug|x64.ActiveCfg = Debug|x64
		{561233E4-4FB4-47CC-ADCD-F6A0E8D8AC87}.Debug|x64.Build.0 = Debug|x64
		{561233E4-4FB4-47CC-ADCD-F6A0E8D8AC87}.Debug|x86.ActiveCfg = Debug|x86
		{561233E4-4FB4-47CC-ADCD-F6A0E8D8AC87}.Debug|x86.Build.0 = Debug|x86
		{561233E4-4FB4-47CC-ADCD-F6A0E8D8AC87}.Release|Any CPU.ActiveCfg = Release|Any CPU
		{561233E4-4FB4-47CC-ADCD-F6A0E8D8AC87}.Release|Any CPU.Build.0 = Release|Any CPU
		{561233E4-4FB4-47CC-ADCD-F6A0E8D8AC87}.Release|ARM.ActiveCfg = Release|Any CPU
		{561233E4-4FB4-47CC-ADCD-F6A0E8D8AC87}.Release|ARM.Build.0 = Release|Any CPU
		{561233E4-4FB4-47CC-ADCD-F6A0E8D8AC87}.Release|ARM64.ActiveCfg = Release|Any CPU
		{561233E4-4FB4-47CC-ADCD-F6A0E8D8AC87}.Release|ARM64.Build.0 = Release|Any CPU
		{561233E4-4FB4-47CC-ADCD-F6A0E8D8AC87}.Release|x64.ActiveCfg = Release|x64
		{561233E4-4FB4-47CC-ADCD-F6A0E8D8AC87}.Release|x64.Build.0 = Release|x64
		{561233E4-4FB4-47CC-ADCD-F6A0E8D8AC87}.Release|x86.ActiveCfg = Release|x86
		{561233E4-4FB4-47CC-ADCD-F6A0E8D8AC87}.Release|x86.Build.0 = Release|x86
		{363CA13D-7AEE-4229-8279-FBF7754F4426}.Debug|Any CPU.ActiveCfg = Debug|Any CPU
		{363CA13D-7AEE-4229-8279-FBF7754F4426}.Debug|Any CPU.Build.0 = Debug|Any CPU
		{363CA13D-7AEE-4229-8279-FBF7754F4426}.Debug|ARM.ActiveCfg = Debug|Any CPU
		{363CA13D-7AEE-4229-8279-FBF7754F4426}.Debug|ARM.Build.0 = Debug|Any CPU
		{363CA13D-7AEE-4229-8279-FBF7754F4426}.Debug|ARM64.ActiveCfg = Debug|Any CPU
		{363CA13D-7AEE-4229-8279-FBF7754F4426}.Debug|ARM64.Build.0 = Debug|Any CPU
		{363CA13D-7AEE-4229-8279-FBF7754F4426}.Debug|x64.ActiveCfg = Debug|x64
		{363CA13D-7AEE-4229-8279-FBF7754F4426}.Debug|x64.Build.0 = Debug|x64
		{363CA13D-7AEE-4229-8279-FBF7754F4426}.Debug|x86.ActiveCfg = Debug|x86
		{363CA13D-7AEE-4229-8279-FBF7754F4426}.Debug|x86.Build.0 = Debug|x86
		{363CA13D-7AEE-4229-8279-FBF7754F4426}.Release|Any CPU.ActiveCfg = Release|Any CPU
		{363CA13D-7AEE-4229-8279-FBF7754F4426}.Release|Any CPU.Build.0 = Release|Any CPU
		{363CA13D-7AEE-4229-8279-FBF7754F4426}.Release|ARM.ActiveCfg = Release|Any CPU
		{363CA13D-7AEE-4229-8279-FBF7754F4426}.Release|ARM.Build.0 = Release|Any CPU
		{363CA13D-7AEE-4229-8279-FBF7754F4426}.Release|ARM64.ActiveCfg = Release|Any CPU
		{363CA13D-7AEE-4229-8279-FBF7754F4426}.Release|ARM64.Build.0 = Release|Any CPU
		{363CA13D-7AEE-4229-8279-FBF7754F4426}.Release|x64.ActiveCfg = Release|x64
		{363CA13D-7AEE-4229-8279-FBF7754F4426}.Release|x64.Build.0 = Release|x64
		{363CA13D-7AEE-4229-8279-FBF7754F4426}.Release|x86.ActiveCfg = Release|x86
		{363CA13D-7AEE-4229-8279-FBF7754F4426}.Release|x86.Build.0 = Release|x86
		{931CD0AA-49BF-4038-A1FA-E8EC6C4F59DE}.Debug|Any CPU.ActiveCfg = Debug|Any CPU
		{931CD0AA-49BF-4038-A1FA-E8EC6C4F59DE}.Debug|Any CPU.Build.0 = Debug|Any CPU
		{931CD0AA-49BF-4038-A1FA-E8EC6C4F59DE}.Debug|ARM.ActiveCfg = Debug|Any CPU
		{931CD0AA-49BF-4038-A1FA-E8EC6C4F59DE}.Debug|ARM.Build.0 = Debug|Any CPU
		{931CD0AA-49BF-4038-A1FA-E8EC6C4F59DE}.Debug|ARM64.ActiveCfg = Debug|Any CPU
		{931CD0AA-49BF-4038-A1FA-E8EC6C4F59DE}.Debug|ARM64.Build.0 = Debug|Any CPU
		{931CD0AA-49BF-4038-A1FA-E8EC6C4F59DE}.Debug|x64.ActiveCfg = Debug|Any CPU
		{931CD0AA-49BF-4038-A1FA-E8EC6C4F59DE}.Debug|x64.Build.0 = Debug|Any CPU
		{931CD0AA-49BF-4038-A1FA-E8EC6C4F59DE}.Debug|x86.ActiveCfg = Debug|Any CPU
		{931CD0AA-49BF-4038-A1FA-E8EC6C4F59DE}.Debug|x86.Build.0 = Debug|Any CPU
		{931CD0AA-49BF-4038-A1FA-E8EC6C4F59DE}.Release|Any CPU.ActiveCfg = Release|Any CPU
		{931CD0AA-49BF-4038-A1FA-E8EC6C4F59DE}.Release|Any CPU.Build.0 = Release|Any CPU
		{931CD0AA-49BF-4038-A1FA-E8EC6C4F59DE}.Release|ARM.ActiveCfg = Release|Any CPU
		{931CD0AA-49BF-4038-A1FA-E8EC6C4F59DE}.Release|ARM.Build.0 = Release|Any CPU
		{931CD0AA-49BF-4038-A1FA-E8EC6C4F59DE}.Release|ARM64.ActiveCfg = Release|Any CPU
		{931CD0AA-49BF-4038-A1FA-E8EC6C4F59DE}.Release|ARM64.Build.0 = Release|Any CPU
		{931CD0AA-49BF-4038-A1FA-E8EC6C4F59DE}.Release|x64.ActiveCfg = Release|Any CPU
		{931CD0AA-49BF-4038-A1FA-E8EC6C4F59DE}.Release|x64.Build.0 = Release|Any CPU
		{931CD0AA-49BF-4038-A1FA-E8EC6C4F59DE}.Release|x86.ActiveCfg = Release|Any CPU
		{931CD0AA-49BF-4038-A1FA-E8EC6C4F59DE}.Release|x86.Build.0 = Release|Any CPU
		{ABE9E888-50BB-4806-8345-D8D69A23F39A}.Debug|Any CPU.ActiveCfg = Debug|Any CPU
		{ABE9E888-50BB-4806-8345-D8D69A23F39A}.Debug|Any CPU.Build.0 = Debug|Any CPU
		{ABE9E888-50BB-4806-8345-D8D69A23F39A}.Debug|ARM.ActiveCfg = Debug|Any CPU
		{ABE9E888-50BB-4806-8345-D8D69A23F39A}.Debug|ARM.Build.0 = Debug|Any CPU
		{ABE9E888-50BB-4806-8345-D8D69A23F39A}.Debug|ARM64.ActiveCfg = Debug|Any CPU
		{ABE9E888-50BB-4806-8345-D8D69A23F39A}.Debug|ARM64.Build.0 = Debug|Any CPU
		{ABE9E888-50BB-4806-8345-D8D69A23F39A}.Debug|x64.ActiveCfg = Debug|x64
		{ABE9E888-50BB-4806-8345-D8D69A23F39A}.Debug|x64.Build.0 = Debug|x64
		{ABE9E888-50BB-4806-8345-D8D69A23F39A}.Debug|x86.ActiveCfg = Debug|x86
		{ABE9E888-50BB-4806-8345-D8D69A23F39A}.Debug|x86.Build.0 = Debug|x86
		{ABE9E888-50BB-4806-8345-D8D69A23F39A}.Release|Any CPU.ActiveCfg = Release|Any CPU
		{ABE9E888-50BB-4806-8345-D8D69A23F39A}.Release|Any CPU.Build.0 = Release|Any CPU
		{ABE9E888-50BB-4806-8345-D8D69A23F39A}.Release|ARM.ActiveCfg = Release|Any CPU
		{ABE9E888-50BB-4806-8345-D8D69A23F39A}.Release|ARM.Build.0 = Release|Any CPU
		{ABE9E888-50BB-4806-8345-D8D69A23F39A}.Release|ARM64.ActiveCfg = Release|Any CPU
		{ABE9E888-50BB-4806-8345-D8D69A23F39A}.Release|ARM64.Build.0 = Release|Any CPU
		{ABE9E888-50BB-4806-8345-D8D69A23F39A}.Release|x64.ActiveCfg = Release|x64
		{ABE9E888-50BB-4806-8345-D8D69A23F39A}.Release|x64.Build.0 = Release|x64
		{ABE9E888-50BB-4806-8345-D8D69A23F39A}.Release|x86.ActiveCfg = Release|x86
		{ABE9E888-50BB-4806-8345-D8D69A23F39A}.Release|x86.Build.0 = Release|x86
		{C662BBF3-97D2-4000-8304-B900F785D48F}.Debug|Any CPU.ActiveCfg = Debug|Any CPU
		{C662BBF3-97D2-4000-8304-B900F785D48F}.Debug|Any CPU.Build.0 = Debug|Any CPU
		{C662BBF3-97D2-4000-8304-B900F785D48F}.Debug|ARM.ActiveCfg = Debug|Any CPU
		{C662BBF3-97D2-4000-8304-B900F785D48F}.Debug|ARM.Build.0 = Debug|Any CPU
		{C662BBF3-97D2-4000-8304-B900F785D48F}.Debug|ARM64.ActiveCfg = Debug|Any CPU
		{C662BBF3-97D2-4000-8304-B900F785D48F}.Debug|ARM64.Build.0 = Debug|Any CPU
		{C662BBF3-97D2-4000-8304-B900F785D48F}.Debug|x64.ActiveCfg = Debug|x64
		{C662BBF3-97D2-4000-8304-B900F785D48F}.Debug|x64.Build.0 = Debug|x64
		{C662BBF3-97D2-4000-8304-B900F785D48F}.Debug|x86.ActiveCfg = Debug|x86
		{C662BBF3-97D2-4000-8304-B900F785D48F}.Debug|x86.Build.0 = Debug|x86
		{C662BBF3-97D2-4000-8304-B900F785D48F}.Release|Any CPU.ActiveCfg = Release|Any CPU
		{C662BBF3-97D2-4000-8304-B900F785D48F}.Release|Any CPU.Build.0 = Release|Any CPU
		{C662BBF3-97D2-4000-8304-B900F785D48F}.Release|ARM.ActiveCfg = Release|Any CPU
		{C662BBF3-97D2-4000-8304-B900F785D48F}.Release|ARM.Build.0 = Release|Any CPU
		{C662BBF3-97D2-4000-8304-B900F785D48F}.Release|ARM64.ActiveCfg = Release|Any CPU
		{C662BBF3-97D2-4000-8304-B900F785D48F}.Release|ARM64.Build.0 = Release|Any CPU
		{C662BBF3-97D2-4000-8304-B900F785D48F}.Release|x64.ActiveCfg = Release|x64
		{C662BBF3-97D2-4000-8304-B900F785D48F}.Release|x64.Build.0 = Release|x64
		{C662BBF3-97D2-4000-8304-B900F785D48F}.Release|x86.ActiveCfg = Release|x86
		{C662BBF3-97D2-4000-8304-B900F785D48F}.Release|x86.Build.0 = Release|x86
		{85248FB4-BB05-41D1-98B2-481752F0670A}.Debug|Any CPU.ActiveCfg = Debug|Any CPU
		{85248FB4-BB05-41D1-98B2-481752F0670A}.Debug|Any CPU.Build.0 = Debug|Any CPU
		{85248FB4-BB05-41D1-98B2-481752F0670A}.Debug|ARM.ActiveCfg = Debug|Any CPU
		{85248FB4-BB05-41D1-98B2-481752F0670A}.Debug|ARM.Build.0 = Debug|Any CPU
		{85248FB4-BB05-41D1-98B2-481752F0670A}.Debug|ARM64.ActiveCfg = Debug|Any CPU
		{85248FB4-BB05-41D1-98B2-481752F0670A}.Debug|ARM64.Build.0 = Debug|Any CPU
		{85248FB4-BB05-41D1-98B2-481752F0670A}.Debug|x64.ActiveCfg = Debug|Any CPU
		{85248FB4-BB05-41D1-98B2-481752F0670A}.Debug|x64.Build.0 = Debug|Any CPU
		{85248FB4-BB05-41D1-98B2-481752F0670A}.Debug|x86.ActiveCfg = Debug|Any CPU
		{85248FB4-BB05-41D1-98B2-481752F0670A}.Debug|x86.Build.0 = Debug|Any CPU
		{85248FB4-BB05-41D1-98B2-481752F0670A}.Release|Any CPU.ActiveCfg = Release|Any CPU
		{85248FB4-BB05-41D1-98B2-481752F0670A}.Release|Any CPU.Build.0 = Release|Any CPU
		{85248FB4-BB05-41D1-98B2-481752F0670A}.Release|ARM.ActiveCfg = Release|Any CPU
		{85248FB4-BB05-41D1-98B2-481752F0670A}.Release|ARM.Build.0 = Release|Any CPU
		{85248FB4-BB05-41D1-98B2-481752F0670A}.Release|ARM64.ActiveCfg = Release|Any CPU
		{85248FB4-BB05-41D1-98B2-481752F0670A}.Release|ARM64.Build.0 = Release|Any CPU
		{85248FB4-BB05-41D1-98B2-481752F0670A}.Release|x64.ActiveCfg = Release|Any CPU
		{85248FB4-BB05-41D1-98B2-481752F0670A}.Release|x64.Build.0 = Release|Any CPU
		{85248FB4-BB05-41D1-98B2-481752F0670A}.Release|x86.ActiveCfg = Release|Any CPU
		{85248FB4-BB05-41D1-98B2-481752F0670A}.Release|x86.Build.0 = Release|Any CPU
		{158AAAF4-939F-419A-B3EA-2871D167BB1A}.Debug|Any CPU.ActiveCfg = Debug|Any CPU
		{158AAAF4-939F-419A-B3EA-2871D167BB1A}.Debug|Any CPU.Build.0 = Debug|Any CPU
		{158AAAF4-939F-419A-B3EA-2871D167BB1A}.Debug|ARM.ActiveCfg = Debug|Any CPU
		{158AAAF4-939F-419A-B3EA-2871D167BB1A}.Debug|ARM.Build.0 = Debug|Any CPU
		{158AAAF4-939F-419A-B3EA-2871D167BB1A}.Debug|ARM64.ActiveCfg = Debug|Any CPU
		{158AAAF4-939F-419A-B3EA-2871D167BB1A}.Debug|ARM64.Build.0 = Debug|Any CPU
		{158AAAF4-939F-419A-B3EA-2871D167BB1A}.Debug|x64.ActiveCfg = Debug|Any CPU
		{158AAAF4-939F-419A-B3EA-2871D167BB1A}.Debug|x64.Build.0 = Debug|Any CPU
		{158AAAF4-939F-419A-B3EA-2871D167BB1A}.Debug|x86.ActiveCfg = Debug|Any CPU
		{158AAAF4-939F-419A-B3EA-2871D167BB1A}.Debug|x86.Build.0 = Debug|Any CPU
		{158AAAF4-939F-419A-B3EA-2871D167BB1A}.Release|Any CPU.ActiveCfg = Release|Any CPU
		{158AAAF4-939F-419A-B3EA-2871D167BB1A}.Release|Any CPU.Build.0 = Release|Any CPU
		{158AAAF4-939F-419A-B3EA-2871D167BB1A}.Release|ARM.ActiveCfg = Release|Any CPU
		{158AAAF4-939F-419A-B3EA-2871D167BB1A}.Release|ARM.Build.0 = Release|Any CPU
		{158AAAF4-939F-419A-B3EA-2871D167BB1A}.Release|ARM64.ActiveCfg = Release|Any CPU
		{158AAAF4-939F-419A-B3EA-2871D167BB1A}.Release|ARM64.Build.0 = Release|Any CPU
		{158AAAF4-939F-419A-B3EA-2871D167BB1A}.Release|x64.ActiveCfg = Release|Any CPU
		{158AAAF4-939F-419A-B3EA-2871D167BB1A}.Release|x64.Build.0 = Release|Any CPU
		{158AAAF4-939F-419A-B3EA-2871D167BB1A}.Release|x86.ActiveCfg = Release|Any CPU
		{158AAAF4-939F-419A-B3EA-2871D167BB1A}.Release|x86.Build.0 = Release|Any CPU
		{26B3B8C1-2AA8-48D3-9DA2-AC2D6AA34C33}.Debug|Any CPU.ActiveCfg = Debug|Any CPU
		{26B3B8C1-2AA8-48D3-9DA2-AC2D6AA34C33}.Debug|Any CPU.Build.0 = Debug|Any CPU
		{26B3B8C1-2AA8-48D3-9DA2-AC2D6AA34C33}.Debug|ARM.ActiveCfg = Debug|Any CPU
		{26B3B8C1-2AA8-48D3-9DA2-AC2D6AA34C33}.Debug|ARM.Build.0 = Debug|Any CPU
		{26B3B8C1-2AA8-48D3-9DA2-AC2D6AA34C33}.Debug|ARM64.ActiveCfg = Debug|Any CPU
		{26B3B8C1-2AA8-48D3-9DA2-AC2D6AA34C33}.Debug|ARM64.Build.0 = Debug|Any CPU
		{26B3B8C1-2AA8-48D3-9DA2-AC2D6AA34C33}.Debug|x64.ActiveCfg = Debug|Any CPU
		{26B3B8C1-2AA8-48D3-9DA2-AC2D6AA34C33}.Debug|x64.Build.0 = Debug|Any CPU
		{26B3B8C1-2AA8-48D3-9DA2-AC2D6AA34C33}.Debug|x86.ActiveCfg = Debug|Any CPU
		{26B3B8C1-2AA8-48D3-9DA2-AC2D6AA34C33}.Debug|x86.Build.0 = Debug|Any CPU
		{26B3B8C1-2AA8-48D3-9DA2-AC2D6AA34C33}.Release|Any CPU.ActiveCfg = Release|Any CPU
		{26B3B8C1-2AA8-48D3-9DA2-AC2D6AA34C33}.Release|Any CPU.Build.0 = Release|Any CPU
		{26B3B8C1-2AA8-48D3-9DA2-AC2D6AA34C33}.Release|ARM.ActiveCfg = Release|Any CPU
		{26B3B8C1-2AA8-48D3-9DA2-AC2D6AA34C33}.Release|ARM.Build.0 = Release|Any CPU
		{26B3B8C1-2AA8-48D3-9DA2-AC2D6AA34C33}.Release|ARM64.ActiveCfg = Release|Any CPU
		{26B3B8C1-2AA8-48D3-9DA2-AC2D6AA34C33}.Release|ARM64.Build.0 = Release|Any CPU
		{26B3B8C1-2AA8-48D3-9DA2-AC2D6AA34C33}.Release|x64.ActiveCfg = Release|Any CPU
		{26B3B8C1-2AA8-48D3-9DA2-AC2D6AA34C33}.Release|x64.Build.0 = Release|Any CPU
		{26B3B8C1-2AA8-48D3-9DA2-AC2D6AA34C33}.Release|x86.ActiveCfg = Release|Any CPU
		{26B3B8C1-2AA8-48D3-9DA2-AC2D6AA34C33}.Release|x86.Build.0 = Release|Any CPU
		{543B61A8-A0A4-4C9E-93AB-79559A59EAEA}.Debug|Any CPU.ActiveCfg = Debug|Any CPU
		{543B61A8-A0A4-4C9E-93AB-79559A59EAEA}.Debug|Any CPU.Build.0 = Debug|Any CPU
		{543B61A8-A0A4-4C9E-93AB-79559A59EAEA}.Debug|ARM.ActiveCfg = Debug|Any CPU
		{543B61A8-A0A4-4C9E-93AB-79559A59EAEA}.Debug|ARM.Build.0 = Debug|Any CPU
		{543B61A8-A0A4-4C9E-93AB-79559A59EAEA}.Debug|ARM64.ActiveCfg = Debug|Any CPU
		{543B61A8-A0A4-4C9E-93AB-79559A59EAEA}.Debug|ARM64.Build.0 = Debug|Any CPU
		{543B61A8-A0A4-4C9E-93AB-79559A59EAEA}.Debug|x64.ActiveCfg = Debug|Any CPU
		{543B61A8-A0A4-4C9E-93AB-79559A59EAEA}.Debug|x64.Build.0 = Debug|Any CPU
		{543B61A8-A0A4-4C9E-93AB-79559A59EAEA}.Debug|x86.ActiveCfg = Debug|Any CPU
		{543B61A8-A0A4-4C9E-93AB-79559A59EAEA}.Debug|x86.Build.0 = Debug|Any CPU
		{543B61A8-A0A4-4C9E-93AB-79559A59EAEA}.Release|Any CPU.ActiveCfg = Release|Any CPU
		{543B61A8-A0A4-4C9E-93AB-79559A59EAEA}.Release|Any CPU.Build.0 = Release|Any CPU
		{543B61A8-A0A4-4C9E-93AB-79559A59EAEA}.Release|ARM.ActiveCfg = Release|Any CPU
		{543B61A8-A0A4-4C9E-93AB-79559A59EAEA}.Release|ARM.Build.0 = Release|Any CPU
		{543B61A8-A0A4-4C9E-93AB-79559A59EAEA}.Release|ARM64.ActiveCfg = Release|Any CPU
		{543B61A8-A0A4-4C9E-93AB-79559A59EAEA}.Release|ARM64.Build.0 = Release|Any CPU
		{543B61A8-A0A4-4C9E-93AB-79559A59EAEA}.Release|x64.ActiveCfg = Release|Any CPU
		{543B61A8-A0A4-4C9E-93AB-79559A59EAEA}.Release|x64.Build.0 = Release|Any CPU
		{543B61A8-A0A4-4C9E-93AB-79559A59EAEA}.Release|x86.ActiveCfg = Release|Any CPU
		{543B61A8-A0A4-4C9E-93AB-79559A59EAEA}.Release|x86.Build.0 = Release|Any CPU
		{6827BA1E-0922-4223-8A5A-3E2194E229D2}.Debug|Any CPU.ActiveCfg = Debug|Any CPU
		{6827BA1E-0922-4223-8A5A-3E2194E229D2}.Debug|Any CPU.Build.0 = Debug|Any CPU
		{6827BA1E-0922-4223-8A5A-3E2194E229D2}.Debug|ARM.ActiveCfg = Debug|Any CPU
		{6827BA1E-0922-4223-8A5A-3E2194E229D2}.Debug|ARM.Build.0 = Debug|Any CPU
		{6827BA1E-0922-4223-8A5A-3E2194E229D2}.Debug|ARM64.ActiveCfg = Debug|Any CPU
		{6827BA1E-0922-4223-8A5A-3E2194E229D2}.Debug|ARM64.Build.0 = Debug|Any CPU
		{6827BA1E-0922-4223-8A5A-3E2194E229D2}.Debug|x64.ActiveCfg = Debug|Any CPU
		{6827BA1E-0922-4223-8A5A-3E2194E229D2}.Debug|x64.Build.0 = Debug|Any CPU
		{6827BA1E-0922-4223-8A5A-3E2194E229D2}.Debug|x86.ActiveCfg = Debug|Any CPU
		{6827BA1E-0922-4223-8A5A-3E2194E229D2}.Debug|x86.Build.0 = Debug|Any CPU
		{6827BA1E-0922-4223-8A5A-3E2194E229D2}.Release|Any CPU.ActiveCfg = Release|Any CPU
		{6827BA1E-0922-4223-8A5A-3E2194E229D2}.Release|Any CPU.Build.0 = Release|Any CPU
		{6827BA1E-0922-4223-8A5A-3E2194E229D2}.Release|ARM.ActiveCfg = Release|Any CPU
		{6827BA1E-0922-4223-8A5A-3E2194E229D2}.Release|ARM.Build.0 = Release|Any CPU
		{6827BA1E-0922-4223-8A5A-3E2194E229D2}.Release|ARM64.ActiveCfg = Release|Any CPU
		{6827BA1E-0922-4223-8A5A-3E2194E229D2}.Release|ARM64.Build.0 = Release|Any CPU
		{6827BA1E-0922-4223-8A5A-3E2194E229D2}.Release|x64.ActiveCfg = Release|Any CPU
		{6827BA1E-0922-4223-8A5A-3E2194E229D2}.Release|x64.Build.0 = Release|Any CPU
		{6827BA1E-0922-4223-8A5A-3E2194E229D2}.Release|x86.ActiveCfg = Release|Any CPU
		{6827BA1E-0922-4223-8A5A-3E2194E229D2}.Release|x86.Build.0 = Release|Any CPU
		{725CD2CB-CF37-414E-A5A6-F1D87D4D6EDE}.Debug|Any CPU.ActiveCfg = Debug|Any CPU
		{725CD2CB-CF37-414E-A5A6-F1D87D4D6EDE}.Debug|Any CPU.Build.0 = Debug|Any CPU
		{725CD2CB-CF37-414E-A5A6-F1D87D4D6EDE}.Debug|ARM.ActiveCfg = Debug|Any CPU
		{725CD2CB-CF37-414E-A5A6-F1D87D4D6EDE}.Debug|ARM.Build.0 = Debug|Any CPU
		{725CD2CB-CF37-414E-A5A6-F1D87D4D6EDE}.Debug|ARM64.ActiveCfg = Debug|Any CPU
		{725CD2CB-CF37-414E-A5A6-F1D87D4D6EDE}.Debug|ARM64.Build.0 = Debug|Any CPU
		{725CD2CB-CF37-414E-A5A6-F1D87D4D6EDE}.Debug|x64.ActiveCfg = Debug|Any CPU
		{725CD2CB-CF37-414E-A5A6-F1D87D4D6EDE}.Debug|x64.Build.0 = Debug|Any CPU
		{725CD2CB-CF37-414E-A5A6-F1D87D4D6EDE}.Debug|x86.ActiveCfg = Debug|Any CPU
		{725CD2CB-CF37-414E-A5A6-F1D87D4D6EDE}.Debug|x86.Build.0 = Debug|Any CPU
		{725CD2CB-CF37-414E-A5A6-F1D87D4D6EDE}.Release|Any CPU.ActiveCfg = Release|Any CPU
		{725CD2CB-CF37-414E-A5A6-F1D87D4D6EDE}.Release|Any CPU.Build.0 = Release|Any CPU
		{725CD2CB-CF37-414E-A5A6-F1D87D4D6EDE}.Release|ARM.ActiveCfg = Release|Any CPU
		{725CD2CB-CF37-414E-A5A6-F1D87D4D6EDE}.Release|ARM.Build.0 = Release|Any CPU
		{725CD2CB-CF37-414E-A5A6-F1D87D4D6EDE}.Release|ARM64.ActiveCfg = Release|Any CPU
		{725CD2CB-CF37-414E-A5A6-F1D87D4D6EDE}.Release|ARM64.Build.0 = Release|Any CPU
		{725CD2CB-CF37-414E-A5A6-F1D87D4D6EDE}.Release|x64.ActiveCfg = Release|Any CPU
		{725CD2CB-CF37-414E-A5A6-F1D87D4D6EDE}.Release|x64.Build.0 = Release|Any CPU
		{725CD2CB-CF37-414E-A5A6-F1D87D4D6EDE}.Release|x86.ActiveCfg = Release|Any CPU
		{725CD2CB-CF37-414E-A5A6-F1D87D4D6EDE}.Release|x86.Build.0 = Release|Any CPU
		{FCE1D24E-CC6B-47BC-9CE4-427E5D56B71E}.Debug|Any CPU.ActiveCfg = Debug|Any CPU
		{FCE1D24E-CC6B-47BC-9CE4-427E5D56B71E}.Debug|Any CPU.Build.0 = Debug|Any CPU
		{FCE1D24E-CC6B-47BC-9CE4-427E5D56B71E}.Debug|ARM.ActiveCfg = Debug|Any CPU
		{FCE1D24E-CC6B-47BC-9CE4-427E5D56B71E}.Debug|ARM.Build.0 = Debug|Any CPU
		{FCE1D24E-CC6B-47BC-9CE4-427E5D56B71E}.Debug|ARM64.ActiveCfg = Debug|Any CPU
		{FCE1D24E-CC6B-47BC-9CE4-427E5D56B71E}.Debug|ARM64.Build.0 = Debug|Any CPU
		{FCE1D24E-CC6B-47BC-9CE4-427E5D56B71E}.Debug|x64.ActiveCfg = Debug|Any CPU
		{FCE1D24E-CC6B-47BC-9CE4-427E5D56B71E}.Debug|x64.Build.0 = Debug|Any CPU
		{FCE1D24E-CC6B-47BC-9CE4-427E5D56B71E}.Debug|x86.ActiveCfg = Debug|Any CPU
		{FCE1D24E-CC6B-47BC-9CE4-427E5D56B71E}.Debug|x86.Build.0 = Debug|Any CPU
		{FCE1D24E-CC6B-47BC-9CE4-427E5D56B71E}.Release|Any CPU.ActiveCfg = Release|Any CPU
		{FCE1D24E-CC6B-47BC-9CE4-427E5D56B71E}.Release|Any CPU.Build.0 = Release|Any CPU
		{FCE1D24E-CC6B-47BC-9CE4-427E5D56B71E}.Release|ARM.ActiveCfg = Release|Any CPU
		{FCE1D24E-CC6B-47BC-9CE4-427E5D56B71E}.Release|ARM.Build.0 = Release|Any CPU
		{FCE1D24E-CC6B-47BC-9CE4-427E5D56B71E}.Release|ARM64.ActiveCfg = Release|Any CPU
		{FCE1D24E-CC6B-47BC-9CE4-427E5D56B71E}.Release|ARM64.Build.0 = Release|Any CPU
		{FCE1D24E-CC6B-47BC-9CE4-427E5D56B71E}.Release|x64.ActiveCfg = Release|Any CPU
		{FCE1D24E-CC6B-47BC-9CE4-427E5D56B71E}.Release|x64.Build.0 = Release|Any CPU
		{FCE1D24E-CC6B-47BC-9CE4-427E5D56B71E}.Release|x86.ActiveCfg = Release|Any CPU
		{FCE1D24E-CC6B-47BC-9CE4-427E5D56B71E}.Release|x86.Build.0 = Release|Any CPU
		{7362DB4B-615A-4BA9-9AD6-257E9BFD1C0F}.Debug|Any CPU.ActiveCfg = Debug|Any CPU
		{7362DB4B-615A-4BA9-9AD6-257E9BFD1C0F}.Debug|Any CPU.Build.0 = Debug|Any CPU
		{7362DB4B-615A-4BA9-9AD6-257E9BFD1C0F}.Debug|ARM.ActiveCfg = Debug|ARM
		{7362DB4B-615A-4BA9-9AD6-257E9BFD1C0F}.Debug|ARM.Build.0 = Debug|ARM
		{7362DB4B-615A-4BA9-9AD6-257E9BFD1C0F}.Debug|ARM64.ActiveCfg = Debug|ARM64
		{7362DB4B-615A-4BA9-9AD6-257E9BFD1C0F}.Debug|ARM64.Build.0 = Debug|ARM64
		{7362DB4B-615A-4BA9-9AD6-257E9BFD1C0F}.Debug|x64.ActiveCfg = Debug|x64
		{7362DB4B-615A-4BA9-9AD6-257E9BFD1C0F}.Debug|x64.Build.0 = Debug|x64
		{7362DB4B-615A-4BA9-9AD6-257E9BFD1C0F}.Debug|x86.ActiveCfg = Debug|x86
		{7362DB4B-615A-4BA9-9AD6-257E9BFD1C0F}.Debug|x86.Build.0 = Debug|x86
		{7362DB4B-615A-4BA9-9AD6-257E9BFD1C0F}.Release|Any CPU.ActiveCfg = Release|Any CPU
		{7362DB4B-615A-4BA9-9AD6-257E9BFD1C0F}.Release|Any CPU.Build.0 = Release|Any CPU
		{7362DB4B-615A-4BA9-9AD6-257E9BFD1C0F}.Release|ARM.ActiveCfg = Release|ARM
		{7362DB4B-615A-4BA9-9AD6-257E9BFD1C0F}.Release|ARM.Build.0 = Release|ARM
		{7362DB4B-615A-4BA9-9AD6-257E9BFD1C0F}.Release|ARM64.ActiveCfg = Release|ARM64
		{7362DB4B-615A-4BA9-9AD6-257E9BFD1C0F}.Release|ARM64.Build.0 = Release|ARM64
		{7362DB4B-615A-4BA9-9AD6-257E9BFD1C0F}.Release|x64.ActiveCfg = Release|x64
		{7362DB4B-615A-4BA9-9AD6-257E9BFD1C0F}.Release|x64.Build.0 = Release|x64
		{7362DB4B-615A-4BA9-9AD6-257E9BFD1C0F}.Release|x86.ActiveCfg = Release|x86
		{7362DB4B-615A-4BA9-9AD6-257E9BFD1C0F}.Release|x86.Build.0 = Release|x86
		{0744500E-DBF3-435B-B7D9-085868B8C7A9}.Debug|Any CPU.ActiveCfg = Debug|Any CPU
		{0744500E-DBF3-435B-B7D9-085868B8C7A9}.Debug|Any CPU.Build.0 = Debug|Any CPU
		{0744500E-DBF3-435B-B7D9-085868B8C7A9}.Debug|ARM.ActiveCfg = Debug|Any CPU
		{0744500E-DBF3-435B-B7D9-085868B8C7A9}.Debug|ARM.Build.0 = Debug|Any CPU
		{0744500E-DBF3-435B-B7D9-085868B8C7A9}.Debug|ARM64.ActiveCfg = Debug|Any CPU
		{0744500E-DBF3-435B-B7D9-085868B8C7A9}.Debug|ARM64.Build.0 = Debug|Any CPU
		{0744500E-DBF3-435B-B7D9-085868B8C7A9}.Debug|x64.ActiveCfg = Debug|Any CPU
		{0744500E-DBF3-435B-B7D9-085868B8C7A9}.Debug|x64.Build.0 = Debug|Any CPU
		{0744500E-DBF3-435B-B7D9-085868B8C7A9}.Debug|x86.ActiveCfg = Debug|Any CPU
		{0744500E-DBF3-435B-B7D9-085868B8C7A9}.Debug|x86.Build.0 = Debug|Any CPU
		{0744500E-DBF3-435B-B7D9-085868B8C7A9}.Release|Any CPU.ActiveCfg = Release|Any CPU
		{0744500E-DBF3-435B-B7D9-085868B8C7A9}.Release|Any CPU.Build.0 = Release|Any CPU
		{0744500E-DBF3-435B-B7D9-085868B8C7A9}.Release|ARM.ActiveCfg = Release|Any CPU
		{0744500E-DBF3-435B-B7D9-085868B8C7A9}.Release|ARM.Build.0 = Release|Any CPU
		{0744500E-DBF3-435B-B7D9-085868B8C7A9}.Release|ARM64.ActiveCfg = Release|Any CPU
		{0744500E-DBF3-435B-B7D9-085868B8C7A9}.Release|ARM64.Build.0 = Release|Any CPU
		{0744500E-DBF3-435B-B7D9-085868B8C7A9}.Release|x64.ActiveCfg = Release|Any CPU
		{0744500E-DBF3-435B-B7D9-085868B8C7A9}.Release|x64.Build.0 = Release|Any CPU
		{0744500E-DBF3-435B-B7D9-085868B8C7A9}.Release|x86.ActiveCfg = Release|Any CPU
		{0744500E-DBF3-435B-B7D9-085868B8C7A9}.Release|x86.Build.0 = Release|Any CPU
		{EF5CF15E-5645-433B-8A23-AF93E3F2682F}.Debug|Any CPU.ActiveCfg = Debug|Any CPU
		{EF5CF15E-5645-433B-8A23-AF93E3F2682F}.Debug|Any CPU.Build.0 = Debug|Any CPU
		{EF5CF15E-5645-433B-8A23-AF93E3F2682F}.Debug|ARM.ActiveCfg = Debug|Any CPU
		{EF5CF15E-5645-433B-8A23-AF93E3F2682F}.Debug|ARM.Build.0 = Debug|Any CPU
		{EF5CF15E-5645-433B-8A23-AF93E3F2682F}.Debug|ARM64.ActiveCfg = Debug|Any CPU
		{EF5CF15E-5645-433B-8A23-AF93E3F2682F}.Debug|ARM64.Build.0 = Debug|Any CPU
		{EF5CF15E-5645-433B-8A23-AF93E3F2682F}.Debug|x64.ActiveCfg = Debug|Any CPU
		{EF5CF15E-5645-433B-8A23-AF93E3F2682F}.Debug|x64.Build.0 = Debug|Any CPU
		{EF5CF15E-5645-433B-8A23-AF93E3F2682F}.Debug|x86.ActiveCfg = Debug|Any CPU
		{EF5CF15E-5645-433B-8A23-AF93E3F2682F}.Debug|x86.Build.0 = Debug|Any CPU
		{EF5CF15E-5645-433B-8A23-AF93E3F2682F}.Release|Any CPU.ActiveCfg = Release|Any CPU
		{EF5CF15E-5645-433B-8A23-AF93E3F2682F}.Release|Any CPU.Build.0 = Release|Any CPU
		{EF5CF15E-5645-433B-8A23-AF93E3F2682F}.Release|ARM.ActiveCfg = Release|Any CPU
		{EF5CF15E-5645-433B-8A23-AF93E3F2682F}.Release|ARM.Build.0 = Release|Any CPU
		{EF5CF15E-5645-433B-8A23-AF93E3F2682F}.Release|ARM64.ActiveCfg = Release|Any CPU
		{EF5CF15E-5645-433B-8A23-AF93E3F2682F}.Release|ARM64.Build.0 = Release|Any CPU
		{EF5CF15E-5645-433B-8A23-AF93E3F2682F}.Release|x64.ActiveCfg = Release|Any CPU
		{EF5CF15E-5645-433B-8A23-AF93E3F2682F}.Release|x64.Build.0 = Release|Any CPU
		{EF5CF15E-5645-433B-8A23-AF93E3F2682F}.Release|x86.ActiveCfg = Release|Any CPU
		{EF5CF15E-5645-433B-8A23-AF93E3F2682F}.Release|x86.Build.0 = Release|Any CPU
		{DFBC9330-4DC8-432E-9CD3-4E6F41FED110}.Debug|Any CPU.ActiveCfg = Debug|Any CPU
		{DFBC9330-4DC8-432E-9CD3-4E6F41FED110}.Debug|Any CPU.Build.0 = Debug|Any CPU
		{DFBC9330-4DC8-432E-9CD3-4E6F41FED110}.Debug|ARM.ActiveCfg = Debug|Any CPU
		{DFBC9330-4DC8-432E-9CD3-4E6F41FED110}.Debug|ARM.Build.0 = Debug|Any CPU
		{DFBC9330-4DC8-432E-9CD3-4E6F41FED110}.Debug|ARM64.ActiveCfg = Debug|Any CPU
		{DFBC9330-4DC8-432E-9CD3-4E6F41FED110}.Debug|ARM64.Build.0 = Debug|Any CPU
		{DFBC9330-4DC8-432E-9CD3-4E6F41FED110}.Debug|x64.ActiveCfg = Debug|Any CPU
		{DFBC9330-4DC8-432E-9CD3-4E6F41FED110}.Debug|x64.Build.0 = Debug|Any CPU
		{DFBC9330-4DC8-432E-9CD3-4E6F41FED110}.Debug|x86.ActiveCfg = Debug|Any CPU
		{DFBC9330-4DC8-432E-9CD3-4E6F41FED110}.Debug|x86.Build.0 = Debug|Any CPU
		{DFBC9330-4DC8-432E-9CD3-4E6F41FED110}.Release|Any CPU.ActiveCfg = Release|Any CPU
		{DFBC9330-4DC8-432E-9CD3-4E6F41FED110}.Release|Any CPU.Build.0 = Release|Any CPU
		{DFBC9330-4DC8-432E-9CD3-4E6F41FED110}.Release|ARM.ActiveCfg = Release|Any CPU
		{DFBC9330-4DC8-432E-9CD3-4E6F41FED110}.Release|ARM.Build.0 = Release|Any CPU
		{DFBC9330-4DC8-432E-9CD3-4E6F41FED110}.Release|ARM64.ActiveCfg = Release|Any CPU
		{DFBC9330-4DC8-432E-9CD3-4E6F41FED110}.Release|ARM64.Build.0 = Release|Any CPU
		{DFBC9330-4DC8-432E-9CD3-4E6F41FED110}.Release|x64.ActiveCfg = Release|Any CPU
		{DFBC9330-4DC8-432E-9CD3-4E6F41FED110}.Release|x64.Build.0 = Release|Any CPU
		{DFBC9330-4DC8-432E-9CD3-4E6F41FED110}.Release|x86.ActiveCfg = Release|Any CPU
		{DFBC9330-4DC8-432E-9CD3-4E6F41FED110}.Release|x86.Build.0 = Release|Any CPU
		{16704F7F-3492-40D3-8BC2-E6717CA01A2F}.Debug|Any CPU.ActiveCfg = Debug|Any CPU
		{16704F7F-3492-40D3-8BC2-E6717CA01A2F}.Debug|Any CPU.Build.0 = Debug|Any CPU
		{16704F7F-3492-40D3-8BC2-E6717CA01A2F}.Debug|ARM.ActiveCfg = Debug|Any CPU
		{16704F7F-3492-40D3-8BC2-E6717CA01A2F}.Debug|ARM.Build.0 = Debug|Any CPU
		{16704F7F-3492-40D3-8BC2-E6717CA01A2F}.Debug|ARM64.ActiveCfg = Debug|Any CPU
		{16704F7F-3492-40D3-8BC2-E6717CA01A2F}.Debug|ARM64.Build.0 = Debug|Any CPU
		{16704F7F-3492-40D3-8BC2-E6717CA01A2F}.Debug|x64.ActiveCfg = Debug|Any CPU
		{16704F7F-3492-40D3-8BC2-E6717CA01A2F}.Debug|x64.Build.0 = Debug|Any CPU
		{16704F7F-3492-40D3-8BC2-E6717CA01A2F}.Debug|x86.ActiveCfg = Debug|Any CPU
		{16704F7F-3492-40D3-8BC2-E6717CA01A2F}.Debug|x86.Build.0 = Debug|Any CPU
		{16704F7F-3492-40D3-8BC2-E6717CA01A2F}.Release|Any CPU.ActiveCfg = Release|Any CPU
		{16704F7F-3492-40D3-8BC2-E6717CA01A2F}.Release|Any CPU.Build.0 = Release|Any CPU
		{16704F7F-3492-40D3-8BC2-E6717CA01A2F}.Release|ARM.ActiveCfg = Release|Any CPU
		{16704F7F-3492-40D3-8BC2-E6717CA01A2F}.Release|ARM.Build.0 = Release|Any CPU
		{16704F7F-3492-40D3-8BC2-E6717CA01A2F}.Release|ARM64.ActiveCfg = Release|Any CPU
		{16704F7F-3492-40D3-8BC2-E6717CA01A2F}.Release|ARM64.Build.0 = Release|Any CPU
		{16704F7F-3492-40D3-8BC2-E6717CA01A2F}.Release|x64.ActiveCfg = Release|Any CPU
		{16704F7F-3492-40D3-8BC2-E6717CA01A2F}.Release|x64.Build.0 = Release|Any CPU
		{16704F7F-3492-40D3-8BC2-E6717CA01A2F}.Release|x86.ActiveCfg = Release|Any CPU
		{16704F7F-3492-40D3-8BC2-E6717CA01A2F}.Release|x86.Build.0 = Release|Any CPU
		{1E85BCE2-6C50-4148-B4AE-B873BFDE77CE}.Debug|Any CPU.ActiveCfg = Debug|Any CPU
		{1E85BCE2-6C50-4148-B4AE-B873BFDE77CE}.Debug|Any CPU.Build.0 = Debug|Any CPU
		{1E85BCE2-6C50-4148-B4AE-B873BFDE77CE}.Debug|ARM.ActiveCfg = Debug|Any CPU
		{1E85BCE2-6C50-4148-B4AE-B873BFDE77CE}.Debug|ARM.Build.0 = Debug|Any CPU
		{1E85BCE2-6C50-4148-B4AE-B873BFDE77CE}.Debug|ARM64.ActiveCfg = Debug|Any CPU
		{1E85BCE2-6C50-4148-B4AE-B873BFDE77CE}.Debug|ARM64.Build.0 = Debug|Any CPU
		{1E85BCE2-6C50-4148-B4AE-B873BFDE77CE}.Debug|x64.ActiveCfg = Debug|x64
		{1E85BCE2-6C50-4148-B4AE-B873BFDE77CE}.Debug|x64.Build.0 = Debug|x64
		{1E85BCE2-6C50-4148-B4AE-B873BFDE77CE}.Debug|x86.ActiveCfg = Debug|x86
		{1E85BCE2-6C50-4148-B4AE-B873BFDE77CE}.Debug|x86.Build.0 = Debug|x86
		{1E85BCE2-6C50-4148-B4AE-B873BFDE77CE}.Release|Any CPU.ActiveCfg = Release|Any CPU
		{1E85BCE2-6C50-4148-B4AE-B873BFDE77CE}.Release|Any CPU.Build.0 = Release|Any CPU
		{1E85BCE2-6C50-4148-B4AE-B873BFDE77CE}.Release|ARM.ActiveCfg = Release|Any CPU
		{1E85BCE2-6C50-4148-B4AE-B873BFDE77CE}.Release|ARM.Build.0 = Release|Any CPU
		{1E85BCE2-6C50-4148-B4AE-B873BFDE77CE}.Release|ARM64.ActiveCfg = Release|Any CPU
		{1E85BCE2-6C50-4148-B4AE-B873BFDE77CE}.Release|ARM64.Build.0 = Release|Any CPU
		{1E85BCE2-6C50-4148-B4AE-B873BFDE77CE}.Release|x64.ActiveCfg = Release|x64
		{1E85BCE2-6C50-4148-B4AE-B873BFDE77CE}.Release|x64.Build.0 = Release|x64
		{1E85BCE2-6C50-4148-B4AE-B873BFDE77CE}.Release|x86.ActiveCfg = Release|x86
		{1E85BCE2-6C50-4148-B4AE-B873BFDE77CE}.Release|x86.Build.0 = Release|x86
		{02053710-70B8-4CEB-80DB-DC55BEDAA2C0}.Debug|Any CPU.ActiveCfg = Debug|Any CPU
		{02053710-70B8-4CEB-80DB-DC55BEDAA2C0}.Debug|Any CPU.Build.0 = Debug|Any CPU
		{02053710-70B8-4CEB-80DB-DC55BEDAA2C0}.Debug|ARM.ActiveCfg = Debug|Any CPU
		{02053710-70B8-4CEB-80DB-DC55BEDAA2C0}.Debug|ARM.Build.0 = Debug|Any CPU
		{02053710-70B8-4CEB-80DB-DC55BEDAA2C0}.Debug|ARM64.ActiveCfg = Debug|Any CPU
		{02053710-70B8-4CEB-80DB-DC55BEDAA2C0}.Debug|ARM64.Build.0 = Debug|Any CPU
		{02053710-70B8-4CEB-80DB-DC55BEDAA2C0}.Debug|x64.ActiveCfg = Debug|Any CPU
		{02053710-70B8-4CEB-80DB-DC55BEDAA2C0}.Debug|x64.Build.0 = Debug|Any CPU
		{02053710-70B8-4CEB-80DB-DC55BEDAA2C0}.Debug|x86.ActiveCfg = Debug|Any CPU
		{02053710-70B8-4CEB-80DB-DC55BEDAA2C0}.Debug|x86.Build.0 = Debug|Any CPU
		{02053710-70B8-4CEB-80DB-DC55BEDAA2C0}.Release|Any CPU.ActiveCfg = Release|Any CPU
		{02053710-70B8-4CEB-80DB-DC55BEDAA2C0}.Release|Any CPU.Build.0 = Release|Any CPU
		{02053710-70B8-4CEB-80DB-DC55BEDAA2C0}.Release|ARM.ActiveCfg = Release|Any CPU
		{02053710-70B8-4CEB-80DB-DC55BEDAA2C0}.Release|ARM.Build.0 = Release|Any CPU
		{02053710-70B8-4CEB-80DB-DC55BEDAA2C0}.Release|ARM64.ActiveCfg = Release|Any CPU
		{02053710-70B8-4CEB-80DB-DC55BEDAA2C0}.Release|ARM64.Build.0 = Release|Any CPU
		{02053710-70B8-4CEB-80DB-DC55BEDAA2C0}.Release|x64.ActiveCfg = Release|Any CPU
		{02053710-70B8-4CEB-80DB-DC55BEDAA2C0}.Release|x64.Build.0 = Release|Any CPU
		{02053710-70B8-4CEB-80DB-DC55BEDAA2C0}.Release|x86.ActiveCfg = Release|Any CPU
		{02053710-70B8-4CEB-80DB-DC55BEDAA2C0}.Release|x86.Build.0 = Release|Any CPU
		{AA8D2135-1BD2-47DD-9DC9-2FC266711536}.Debug|Any CPU.ActiveCfg = Debug|Any CPU
		{AA8D2135-1BD2-47DD-9DC9-2FC266711536}.Debug|Any CPU.Build.0 = Debug|Any CPU
		{AA8D2135-1BD2-47DD-9DC9-2FC266711536}.Debug|ARM.ActiveCfg = Debug|Any CPU
		{AA8D2135-1BD2-47DD-9DC9-2FC266711536}.Debug|ARM.Build.0 = Debug|Any CPU
		{AA8D2135-1BD2-47DD-9DC9-2FC266711536}.Debug|ARM64.ActiveCfg = Debug|Any CPU
		{AA8D2135-1BD2-47DD-9DC9-2FC266711536}.Debug|ARM64.Build.0 = Debug|Any CPU
		{AA8D2135-1BD2-47DD-9DC9-2FC266711536}.Debug|x64.ActiveCfg = Debug|Any CPU
		{AA8D2135-1BD2-47DD-9DC9-2FC266711536}.Debug|x64.Build.0 = Debug|Any CPU
		{AA8D2135-1BD2-47DD-9DC9-2FC266711536}.Debug|x86.ActiveCfg = Debug|Any CPU
		{AA8D2135-1BD2-47DD-9DC9-2FC266711536}.Debug|x86.Build.0 = Debug|Any CPU
		{AA8D2135-1BD2-47DD-9DC9-2FC266711536}.Release|Any CPU.ActiveCfg = Release|Any CPU
		{AA8D2135-1BD2-47DD-9DC9-2FC266711536}.Release|Any CPU.Build.0 = Release|Any CPU
		{AA8D2135-1BD2-47DD-9DC9-2FC266711536}.Release|ARM.ActiveCfg = Release|Any CPU
		{AA8D2135-1BD2-47DD-9DC9-2FC266711536}.Release|ARM.Build.0 = Release|Any CPU
		{AA8D2135-1BD2-47DD-9DC9-2FC266711536}.Release|ARM64.ActiveCfg = Release|Any CPU
		{AA8D2135-1BD2-47DD-9DC9-2FC266711536}.Release|ARM64.Build.0 = Release|Any CPU
		{AA8D2135-1BD2-47DD-9DC9-2FC266711536}.Release|x64.ActiveCfg = Release|Any CPU
		{AA8D2135-1BD2-47DD-9DC9-2FC266711536}.Release|x64.Build.0 = Release|Any CPU
		{AA8D2135-1BD2-47DD-9DC9-2FC266711536}.Release|x86.ActiveCfg = Release|Any CPU
		{AA8D2135-1BD2-47DD-9DC9-2FC266711536}.Release|x86.Build.0 = Release|Any CPU
	EndGlobalSection
	GlobalSection(SolutionProperties) = preSolution
		HideSolutionNode = FALSE
	EndGlobalSection
	GlobalSection(NestedProjects) = preSolution
		{5BAFC4E1-9F39-4D4A-92A3-D2FFE9F52E07} = {CAAD5476-353C-41F5-A6E7-88BA0C97C2C9}
		{2E68A550-16EC-4E12-B4FA-0AF8789D8731} = {CAAD5476-353C-41F5-A6E7-88BA0C97C2C9}
		{A6D1F09A-3DB0-4CB2-A7F0-422BF1AFE222} = {B93737FE-D87D-4D95-A631-45E50FDEF19C}
		{63EB7360-5A2B-479D-B1E9-D5D0E8C49D2B} = {CAAD5476-353C-41F5-A6E7-88BA0C97C2C9}
		{5BA112F2-350D-463E-9059-9CBFCEBE92A4} = {CAAD5476-353C-41F5-A6E7-88BA0C97C2C9}
		{2E492C28-479A-46C3-BEB4-6D745D2D30DC} = {CAAD5476-353C-41F5-A6E7-88BA0C97C2C9}
		{E09ABA0A-DF98-4BDF-961B-7A03CBD1BD40} = {CAAD5476-353C-41F5-A6E7-88BA0C97C2C9}
		{76C7B926-D1C1-405F-AB40-41914FEC3E89} = {CAAD5476-353C-41F5-A6E7-88BA0C97C2C9}
		{2A784E8E-0778-49A9-9D33-32F7C4EFB2CC} = {B93737FE-D87D-4D95-A631-45E50FDEF19C}
		{18D464C1-1F40-4A32-8E3B-89E19DCE590D} = {CAAD5476-353C-41F5-A6E7-88BA0C97C2C9}
		{F2B48220-24E6-4E5C-B526-976F1541884D} = {CAAD5476-353C-41F5-A6E7-88BA0C97C2C9}
		{AF9121C3-E4B7-464F-8EBB-96C9CF627C06} = {B93737FE-D87D-4D95-A631-45E50FDEF19C}
		{FBDC1032-9FD3-4BF0-81AC-7DF45920413A} = {B93737FE-D87D-4D95-A631-45E50FDEF19C}
		{742050C1-7040-4065-BD7A-23DFCBECF2C9} = {B93737FE-D87D-4D95-A631-45E50FDEF19C}
		{89066A48-4E50-46A3-84D5-AB99870F1912} = {B93737FE-D87D-4D95-A631-45E50FDEF19C}
		{B3227B0D-2DA4-4102-82AF-C21842B3674B} = {CAAD5476-353C-41F5-A6E7-88BA0C97C2C9}
		{C5ED937C-9739-4991-9A12-F25BBA60F9CE} = {CAAD5476-353C-41F5-A6E7-88BA0C97C2C9}
		{F999D14C-A1F2-4C95-912D-DDA2F1B28B9F} = {CAAD5476-353C-41F5-A6E7-88BA0C97C2C9}
		{E1195625-FCE6-4073-9A87-76E17782AEF8} = {CAAD5476-353C-41F5-A6E7-88BA0C97C2C9}
		{8D541A86-E1CF-4EF2-A817-D79B3F237D9B} = {CAAD5476-353C-41F5-A6E7-88BA0C97C2C9}
		{B9AB0B32-D315-4ED1-83F6-5DBB2F832070} = {9E51C177-3DF6-474E-AC7A-ED036ED32F05}
		{5767AA9A-B6F6-46F1-B3E6-4E76FA049263} = {9E51C177-3DF6-474E-AC7A-ED036ED32F05}
		{BA8FED53-458E-4CB3-8EB3-CBFCADD87E5D} = {9E51C177-3DF6-474E-AC7A-ED036ED32F05}
		{561233E4-4FB4-47CC-ADCD-F6A0E8D8AC87} = {9E51C177-3DF6-474E-AC7A-ED036ED32F05}
		{363CA13D-7AEE-4229-8279-FBF7754F4426} = {9E51C177-3DF6-474E-AC7A-ED036ED32F05}
		{931CD0AA-49BF-4038-A1FA-E8EC6C4F59DE} = {CAAD5476-353C-41F5-A6E7-88BA0C97C2C9}
		{ABE9E888-50BB-4806-8345-D8D69A23F39A} = {9E51C177-3DF6-474E-AC7A-ED036ED32F05}
		{C662BBF3-97D2-4000-8304-B900F785D48F} = {B93737FE-D87D-4D95-A631-45E50FDEF19C}
		{85248FB4-BB05-41D1-98B2-481752F0670A} = {CAAD5476-353C-41F5-A6E7-88BA0C97C2C9}
		{158AAAF4-939F-419A-B3EA-2871D167BB1A} = {CAAD5476-353C-41F5-A6E7-88BA0C97C2C9}
		{26B3B8C1-2AA8-48D3-9DA2-AC2D6AA34C33} = {CAAD5476-353C-41F5-A6E7-88BA0C97C2C9}
		{543B61A8-A0A4-4C9E-93AB-79559A59EAEA} = {CAAD5476-353C-41F5-A6E7-88BA0C97C2C9}
		{6827BA1E-0922-4223-8A5A-3E2194E229D2} = {CAAD5476-353C-41F5-A6E7-88BA0C97C2C9}
		{725CD2CB-CF37-414E-A5A6-F1D87D4D6EDE} = {9E51C177-3DF6-474E-AC7A-ED036ED32F05}
		{FCE1D24E-CC6B-47BC-9CE4-427E5D56B71E} = {9E51C177-3DF6-474E-AC7A-ED036ED32F05}
		{7362DB4B-615A-4BA9-9AD6-257E9BFD1C0F} = {9E51C177-3DF6-474E-AC7A-ED036ED32F05}
		{0744500E-DBF3-435B-B7D9-085868B8C7A9} = {CAAD5476-353C-41F5-A6E7-88BA0C97C2C9}
		{EF5CF15E-5645-433B-8A23-AF93E3F2682F} = {9E51C177-3DF6-474E-AC7A-ED036ED32F05}
		{DFBC9330-4DC8-432E-9CD3-4E6F41FED110} = {CAAD5476-353C-41F5-A6E7-88BA0C97C2C9}
		{16704F7F-3492-40D3-8BC2-E6717CA01A2F} = {CAAD5476-353C-41F5-A6E7-88BA0C97C2C9}
		{1E85BCE2-6C50-4148-B4AE-B873BFDE77CE} = {9E51C177-3DF6-474E-AC7A-ED036ED32F05}
		{02053710-70B8-4CEB-80DB-DC55BEDAA2C0} = {CAAD5476-353C-41F5-A6E7-88BA0C97C2C9}
		{AA8D2135-1BD2-47DD-9DC9-2FC266711536} = {CAAD5476-353C-41F5-A6E7-88BA0C97C2C9}
	EndGlobalSection
	GlobalSection(ExtensibilityGlobals) = postSolution
		SolutionGuid = {0D81D757-911D-4F8B-A4B3-4C4F1CBD5B60}
	EndGlobalSection
EndGlobal
