Microsoft Visual Studio Solution File, Format Version 12.00
# Visual Studio 14
VisualStudioVersion = 14.0.23107.0
MinimumVisualStudioVersion = 10.0.40219.1
Project("{FAE04EC0-301F-11D3-BF4B-00C04F79EFBC}") = "Msagl", "MSAGL\Msagl.csproj", "{415D3E3F-7105-46C1-84D2-7ECB34213D92}"
EndProject
Project("{FAE04EC0-301F-11D3-BF4B-00C04F79EFBC}") = "drawing", "Drawing\drawing.csproj", "{B76F8F71-4B00-4242-BE36-C9F0732511F7}"
EndProject
Project("{FAE04EC0-301F-11D3-BF4B-00C04F79EFBC}") = "EdgeRoutingSample", "Samples\EdgeRoutingSample\EdgeRoutingSample.csproj", "{5BAFC4E1-9F39-4D4A-92A3-D2FFE9F52E07}"
EndProject
Project("{FAE04EC0-301F-11D3-BF4B-00C04F79EFBC}") = "Editing", "Samples\Editing\Editing.csproj", "{2E68A550-16EC-4E12-B4FA-0AF8789D8731}"
EndProject
Project("{FAE04EC0-301F-11D3-BF4B-00C04F79EFBC}") = "GraphViewerGDI", "tools\GraphViewerGDI\GraphViewerGDI.csproj", "{725CD2CB-CF37-414E-A5A6-F1D87D4D6EDE}"
EndProject
Project("{FAE04EC0-301F-11D3-BF4B-00C04F79EFBC}") = "MSAGLTests", "Test\MSAGLTests\MSAGLTests.csproj", "{A6D1F09A-3DB0-4CB2-A7F0-422BF1AFE222}"
EndProject
Project("{FAE04EC0-301F-11D3-BF4B-00C04F79EFBC}") = "NodesWithImages", "Samples\NodesWithImages\NodesWithImages.csproj", "{63EB7360-5A2B-479D-B1E9-D5D0E8C49D2B}"
EndProject
Project("{FAE04EC0-301F-11D3-BF4B-00C04F79EFBC}") = "PhyloTreeSampleOverGDI", "Samples\PhyloTreeSampleOverGDI\PhyloTreeSampleOverGDI.csproj", "{5BA112F2-350D-463E-9059-9CBFCEBE92A4}"
EndProject
Project("{FAE04EC0-301F-11D3-BF4B-00C04F79EFBC}") = "WindowsApplicationSample", "Samples\WindowsApplicationSample\WindowsApplicationSample.csproj", "{2E492C28-479A-46C3-BEB4-6D745D2D30DC}"
EndProject
Project("{FAE04EC0-301F-11D3-BF4B-00C04F79EFBC}") = "UsingMDSLayoutSample", "Samples\UsingMDSLayoutSample\UsingMDSLayoutSample.csproj", "{E09ABA0A-DF98-4BDF-961B-7A03CBD1BD40}"
EndProject
Project("{FAE04EC0-301F-11D3-BF4B-00C04F79EFBC}") = "DrawingFromGeometryGraphSample", "Samples\DrawingFromGeometryGraphSample\DrawingFromGeometryGraphSample.csproj", "{76C7B926-D1C1-405F-AB40-41914FEC3E89}"
EndProject
Project("{FAE04EC0-301F-11D3-BF4B-00C04F79EFBC}") = "TestForGDI", "Test\TestForGDI\TestForGDI.csproj", "{2A784E8E-0778-49A9-9D33-32F7C4EFB2CC}"
EndProject
Project("{FAE04EC0-301F-11D3-BF4B-00C04F79EFBC}") = "SettingGraphBoundsSample", "Samples\AspectRatioSample\SettingGraphBoundsSample.csproj", "{18D464C1-1F40-4A32-8E3B-89E19DCE590D}"
EndProject
Project("{2150E333-8FDC-42A3-9474-1A3956D46DE8}") = "Samples", "Samples", "{CAAD5476-353C-41F5-A6E7-88BA0C97C2C9}"
EndProject
Project("{2150E333-8FDC-42A3-9474-1A3956D46DE8}") = "Test", "Test", "{B93737FE-D87D-4D95-A631-45E50FDEF19C}"
EndProject
Project("{2150E333-8FDC-42A3-9474-1A3956D46DE8}") = "Tools", "Tools", "{9E51C177-3DF6-474E-AC7A-ED036ED32F05}"
EndProject
Project("{FAE04EC0-301F-11D3-BF4B-00C04F79EFBC}") = "TestConstraints", "Test\TestConstraints\TestConstraints.csproj", "{E4DBA222-4285-433F-8F6C-CFA8EE611506}"
EndProject
Project("{FAE04EC0-301F-11D3-BF4B-00C04F79EFBC}") = "LayoutOfADisconnectedGraphWithSugiyama", "Samples\LayoutOfADisconnectedGraphWithSugiyama\LayoutOfADisconnectedGraphWithSugiyama.csproj", "{F2B48220-24E6-4E5C-B526-976F1541884D}"
EndProject
Project("{FAE04EC0-301F-11D3-BF4B-00C04F79EFBC}") = "TestFormForGViewer", "Test\TestFormForGViewer\TestFormForGViewer.csproj", "{AF9121C3-E4B7-464F-8EBB-96C9CF627C06}"
EndProject
Project("{FAE04EC0-301F-11D3-BF4B-00C04F79EFBC}") = "Test01", "Test\Test01\Test01.csproj", "{FBDC1032-9FD3-4BF0-81AC-7DF45920413A}"
EndProject
Project("{FAE04EC0-301F-11D3-BF4B-00C04F79EFBC}") = "VoronoiDiagramTest", "Test\VoronoiDiagramTest\VoronoiDiagramTest.csproj", "{742050C1-7040-4065-BD7A-23DFCBECF2C9}"
EndProject
Project("{FAE04EC0-301F-11D3-BF4B-00C04F79EFBC}") = "TestWpfViewer", "Test\TestWpfViewer\TestWpfViewer.csproj", "{89066A48-4E50-46A3-84D5-AB99870F1912}"
EndProject
Project("{FAE04EC0-301F-11D3-BF4B-00C04F79EFBC}") = "WpfApplicationSample", "Samples\WpfApplicationSample\WpfApplicationSample.csproj", "{B3227B0D-2DA4-4102-82AF-C21842B3674B}"
EndProject
Project("{FAE04EC0-301F-11D3-BF4B-00C04F79EFBC}") = "GeometryRoutinesSample", "Samples\GeometryRoutinesSample\GeometryRoutinesSample.csproj", "{C5ED937C-9739-4991-9A12-F25BBA60F9CE}"
EndProject
Project("{FAE04EC0-301F-11D3-BF4B-00C04F79EFBC}") = "FindOverlapSample", "Samples\FindOverlapSample\FindOverlapSample.csproj", "{CBFA3F16-B154-4127-8419-BEB716F791DF}"
EndProject
Project("{FAE04EC0-301F-11D3-BF4B-00C04F79EFBC}") = "FastIncrementalLayoutWithGdi", "Samples\FastIncrementalLayoutWithGdi\FastIncrementalLayoutWithGdi.csproj", "{F999D14C-A1F2-4C95-912D-DDA2F1B28B9F}"
EndProject
Project("{FAE04EC0-301F-11D3-BF4B-00C04F79EFBC}") = "FindEmptySpotSample", "Samples\FindEmptySpotSample\FindEmptySpotSample.csproj", "{E1195625-FCE6-4073-9A87-76E17782AEF8}"
EndProject
Project("{FAE04EC0-301F-11D3-BF4B-00C04F79EFBC}") = "LocationLabeler", "Samples\LocationLabeling\LocationLabeler.csproj", "{8D541A86-E1CF-4EF2-A817-D79B3F237D9B}"
EndProject
Project("{FAE04EC0-301F-11D3-BF4B-00C04F79EFBC}") = "ArgsParser", "tools\ArgsParser\ArgsParser.csproj", "{B9AB0B32-D315-4ED1-83F6-5DBB2F832070}"
EndProject
Project("{FAE04EC0-301F-11D3-BF4B-00C04F79EFBC}") = "DebugCurveViewer", "tools\DebugCurveViewer\DebugCurveViewer.csproj", "{5767AA9A-B6F6-46F1-B3E6-4E76FA049263}"
EndProject
Project("{FAE04EC0-301F-11D3-BF4B-00C04F79EFBC}") = "Dot2Graph", "tools\Dot2Graph\Dot2Graph.csproj", "{BA8FED53-458E-4CB3-8EB3-CBFCADD87E5D}"
EndProject
Project("{FAE04EC0-301F-11D3-BF4B-00C04F79EFBC}") = "WpfGraphControl", "tools\WpfGraphControl\WpfGraphControl.csproj", "{FCE1D24E-CC6B-47BC-9CE4-427E5D56B71E}"
EndProject
Project("{FAE04EC0-301F-11D3-BF4B-00C04F79EFBC}") = "DgmlParser", "tools\DgmlParser\DgmlParser.csproj", "{561233E4-4FB4-47CC-ADCD-F6A0E8D8AC87}"
EndProject
Project("{FAE04EC0-301F-11D3-BF4B-00C04F79EFBC}") = "Dot2Svg", "tools\Dot2Svg\Dot2Svg.csproj", "{363CA13D-7AEE-4229-8279-FBF7754F4426}"
EndProject
Project("{FAE04EC0-301F-11D3-BF4B-00C04F79EFBC}") = "LoadingDgmlGraph", "Samples\LoadingDgmlGraph\LoadingDgmlGraph.csproj", "{931CD0AA-49BF-4038-A1FA-E8EC6C4F59DE}"
EndProject
Project("{FAE04EC0-301F-11D3-BF4B-00C04F79EFBC}") = "GraphmapsWpfControl", "tools\GraphmapsWpfControl\GraphmapsWpfControl.csproj", "{ABE9E888-50BB-4806-8345-D8D69A23F39A}"
EndProject
Project("{FAE04EC0-301F-11D3-BF4B-00C04F79EFBC}") = "TestGraphmaps", "Test\TestGraphmaps\TestGraphmaps.csproj", "{C662BBF3-97D2-4000-8304-B900F785D48F}"
EndProject
Project("{FAE04EC0-301F-11D3-BF4B-00C04F79EFBC}") = "SameLayerSample", "Samples\SameLayerSample\SameLayerSample.csproj", "{85248FB4-BB05-41D1-98B2-481752F0670A}"
EndProject
Global
	GlobalSection(SolutionConfigurationPlatforms) = preSolution
		Debug|Any CPU = Debug|Any CPU
		Debug|Itanium = Debug|Itanium
		Debug|Mixed Platforms = Debug|Mixed Platforms
		Debug|x64 = Debug|x64
		Debug|x86 = Debug|x86
		DebugDevTrace|Any CPU = DebugDevTrace|Any CPU
		DebugDevTrace|Itanium = DebugDevTrace|Itanium
		DebugDevTrace|Mixed Platforms = DebugDevTrace|Mixed Platforms
		DebugDevTrace|x64 = DebugDevTrace|x64
		DebugDevTrace|x86 = DebugDevTrace|x86
		Release|Any CPU = Release|Any CPU
		Release|Itanium = Release|Itanium
		Release|Mixed Platforms = Release|Mixed Platforms
		Release|x64 = Release|x64
		Release|x86 = Release|x86
	EndGlobalSection
	GlobalSection(ProjectConfigurationPlatforms) = postSolution
		{415D3E3F-7105-46C1-84D2-7ECB34213D92}.Debug|Any CPU.ActiveCfg = Debug|Any CPU
		{415D3E3F-7105-46C1-84D2-7ECB34213D92}.Debug|Any CPU.Build.0 = Debug|Any CPU
		{415D3E3F-7105-46C1-84D2-7ECB34213D92}.Debug|Itanium.ActiveCfg = Debug|x86
		{415D3E3F-7105-46C1-84D2-7ECB34213D92}.Debug|Mixed Platforms.ActiveCfg = Debug|Any CPU
		{415D3E3F-7105-46C1-84D2-7ECB34213D92}.Debug|Mixed Platforms.Build.0 = Debug|Any CPU
		{415D3E3F-7105-46C1-84D2-7ECB34213D92}.Debug|x64.ActiveCfg = Debug|x64
		{415D3E3F-7105-46C1-84D2-7ECB34213D92}.Debug|x64.Build.0 = Debug|x64
		{415D3E3F-7105-46C1-84D2-7ECB34213D92}.Debug|x86.ActiveCfg = Debug|x86
		{415D3E3F-7105-46C1-84D2-7ECB34213D92}.Debug|x86.Build.0 = Debug|x86
		{415D3E3F-7105-46C1-84D2-7ECB34213D92}.DebugDevTrace|Any CPU.ActiveCfg = DebugDevTrace|Any CPU
		{415D3E3F-7105-46C1-84D2-7ECB34213D92}.DebugDevTrace|Any CPU.Build.0 = DebugDevTrace|Any CPU
		{415D3E3F-7105-46C1-84D2-7ECB34213D92}.DebugDevTrace|Itanium.ActiveCfg = DebugDevTrace|x86
		{415D3E3F-7105-46C1-84D2-7ECB34213D92}.DebugDevTrace|Mixed Platforms.ActiveCfg = DebugDevTrace|Any CPU
		{415D3E3F-7105-46C1-84D2-7ECB34213D92}.DebugDevTrace|Mixed Platforms.Build.0 = DebugDevTrace|Any CPU
		{415D3E3F-7105-46C1-84D2-7ECB34213D92}.DebugDevTrace|x64.ActiveCfg = DebugDevTrace|x64
		{415D3E3F-7105-46C1-84D2-7ECB34213D92}.DebugDevTrace|x64.Build.0 = DebugDevTrace|x64
		{415D3E3F-7105-46C1-84D2-7ECB34213D92}.DebugDevTrace|x86.ActiveCfg = DebugDevTrace|x86
		{415D3E3F-7105-46C1-84D2-7ECB34213D92}.DebugDevTrace|x86.Build.0 = DebugDevTrace|x86
		{415D3E3F-7105-46C1-84D2-7ECB34213D92}.Release|Any CPU.ActiveCfg = Release|Any CPU
		{415D3E3F-7105-46C1-84D2-7ECB34213D92}.Release|Any CPU.Build.0 = Release|Any CPU
		{415D3E3F-7105-46C1-84D2-7ECB34213D92}.Release|Itanium.ActiveCfg = Release|x86
		{415D3E3F-7105-46C1-84D2-7ECB34213D92}.Release|Mixed Platforms.ActiveCfg = Release|Any CPU
		{415D3E3F-7105-46C1-84D2-7ECB34213D92}.Release|Mixed Platforms.Build.0 = Release|Any CPU
		{415D3E3F-7105-46C1-84D2-7ECB34213D92}.Release|x64.ActiveCfg = Release|x64
		{415D3E3F-7105-46C1-84D2-7ECB34213D92}.Release|x64.Build.0 = Release|x64
		{415D3E3F-7105-46C1-84D2-7ECB34213D92}.Release|x86.ActiveCfg = Release|x86
		{415D3E3F-7105-46C1-84D2-7ECB34213D92}.Release|x86.Build.0 = Release|x86
		{B76F8F71-4B00-4242-BE36-C9F0732511F7}.Debug|Any CPU.ActiveCfg = Debug|Any CPU
		{B76F8F71-4B00-4242-BE36-C9F0732511F7}.Debug|Any CPU.Build.0 = Debug|Any CPU
		{B76F8F71-4B00-4242-BE36-C9F0732511F7}.Debug|Itanium.ActiveCfg = Debug|x86
		{B76F8F71-4B00-4242-BE36-C9F0732511F7}.Debug|Mixed Platforms.ActiveCfg = Debug|Any CPU
		{B76F8F71-4B00-4242-BE36-C9F0732511F7}.Debug|Mixed Platforms.Build.0 = Debug|Any CPU
		{B76F8F71-4B00-4242-BE36-C9F0732511F7}.Debug|x64.ActiveCfg = Debug|x64
		{B76F8F71-4B00-4242-BE36-C9F0732511F7}.Debug|x64.Build.0 = Debug|x64
		{B76F8F71-4B00-4242-BE36-C9F0732511F7}.Debug|x86.ActiveCfg = Debug|x86
		{B76F8F71-4B00-4242-BE36-C9F0732511F7}.Debug|x86.Build.0 = Debug|x86
		{B76F8F71-4B00-4242-BE36-C9F0732511F7}.DebugDevTrace|Any CPU.ActiveCfg = DebugDevTrace|Any CPU
		{B76F8F71-4B00-4242-BE36-C9F0732511F7}.DebugDevTrace|Any CPU.Build.0 = DebugDevTrace|Any CPU
		{B76F8F71-4B00-4242-BE36-C9F0732511F7}.DebugDevTrace|Itanium.ActiveCfg = DebugDevTrace|x86
		{B76F8F71-4B00-4242-BE36-C9F0732511F7}.DebugDevTrace|Mixed Platforms.ActiveCfg = DebugDevTrace|Any CPU
		{B76F8F71-4B00-4242-BE36-C9F0732511F7}.DebugDevTrace|Mixed Platforms.Build.0 = DebugDevTrace|Any CPU
		{B76F8F71-4B00-4242-BE36-C9F0732511F7}.DebugDevTrace|x64.ActiveCfg = DebugDevTrace|x64
		{B76F8F71-4B00-4242-BE36-C9F0732511F7}.DebugDevTrace|x64.Build.0 = DebugDevTrace|x64
		{B76F8F71-4B00-4242-BE36-C9F0732511F7}.DebugDevTrace|x86.ActiveCfg = DebugDevTrace|x86
		{B76F8F71-4B00-4242-BE36-C9F0732511F7}.DebugDevTrace|x86.Build.0 = DebugDevTrace|x86
		{B76F8F71-4B00-4242-BE36-C9F0732511F7}.Release|Any CPU.ActiveCfg = Release|Any CPU
		{B76F8F71-4B00-4242-BE36-C9F0732511F7}.Release|Any CPU.Build.0 = Release|Any CPU
		{B76F8F71-4B00-4242-BE36-C9F0732511F7}.Release|Itanium.ActiveCfg = Release|x86
		{B76F8F71-4B00-4242-BE36-C9F0732511F7}.Release|Mixed Platforms.ActiveCfg = Release|Any CPU
		{B76F8F71-4B00-4242-BE36-C9F0732511F7}.Release|Mixed Platforms.Build.0 = Release|Any CPU
		{B76F8F71-4B00-4242-BE36-C9F0732511F7}.Release|x64.ActiveCfg = Release|x64
		{B76F8F71-4B00-4242-BE36-C9F0732511F7}.Release|x64.Build.0 = Release|x64
		{B76F8F71-4B00-4242-BE36-C9F0732511F7}.Release|x86.ActiveCfg = Release|x86
		{B76F8F71-4B00-4242-BE36-C9F0732511F7}.Release|x86.Build.0 = Release|x86
		{5BAFC4E1-9F39-4D4A-92A3-D2FFE9F52E07}.Debug|Any CPU.ActiveCfg = Debug|Any CPU
		{5BAFC4E1-9F39-4D4A-92A3-D2FFE9F52E07}.Debug|Any CPU.Build.0 = Debug|Any CPU
		{5BAFC4E1-9F39-4D4A-92A3-D2FFE9F52E07}.Debug|Itanium.ActiveCfg = Debug|x86
		{5BAFC4E1-9F39-4D4A-92A3-D2FFE9F52E07}.Debug|Mixed Platforms.ActiveCfg = Debug|Any CPU
		{5BAFC4E1-9F39-4D4A-92A3-D2FFE9F52E07}.Debug|Mixed Platforms.Build.0 = Debug|Any CPU
		{5BAFC4E1-9F39-4D4A-92A3-D2FFE9F52E07}.Debug|x64.ActiveCfg = Debug|x64
		{5BAFC4E1-9F39-4D4A-92A3-D2FFE9F52E07}.Debug|x64.Build.0 = Debug|x64
		{5BAFC4E1-9F39-4D4A-92A3-D2FFE9F52E07}.Debug|x86.ActiveCfg = Debug|x86
		{5BAFC4E1-9F39-4D4A-92A3-D2FFE9F52E07}.Debug|x86.Build.0 = Debug|x86
		{5BAFC4E1-9F39-4D4A-92A3-D2FFE9F52E07}.DebugDevTrace|Any CPU.ActiveCfg = DebugDevTrace|Any CPU
		{5BAFC4E1-9F39-4D4A-92A3-D2FFE9F52E07}.DebugDevTrace|Itanium.ActiveCfg = DebugDevTrace|x86
		{5BAFC4E1-9F39-4D4A-92A3-D2FFE9F52E07}.DebugDevTrace|Mixed Platforms.ActiveCfg = DebugDevTrace|Any CPU
		{5BAFC4E1-9F39-4D4A-92A3-D2FFE9F52E07}.DebugDevTrace|Mixed Platforms.Build.0 = DebugDevTrace|Any CPU
		{5BAFC4E1-9F39-4D4A-92A3-D2FFE9F52E07}.DebugDevTrace|x64.ActiveCfg = DebugDevTrace|Any CPU
		{5BAFC4E1-9F39-4D4A-92A3-D2FFE9F52E07}.DebugDevTrace|x86.ActiveCfg = DebugDevTrace|x86
		{5BAFC4E1-9F39-4D4A-92A3-D2FFE9F52E07}.DebugDevTrace|x86.Build.0 = DebugDevTrace|x86
		{5BAFC4E1-9F39-4D4A-92A3-D2FFE9F52E07}.Release|Any CPU.ActiveCfg = Release|Any CPU
		{5BAFC4E1-9F39-4D4A-92A3-D2FFE9F52E07}.Release|Any CPU.Build.0 = Release|Any CPU
		{5BAFC4E1-9F39-4D4A-92A3-D2FFE9F52E07}.Release|Itanium.ActiveCfg = Release|x86
		{5BAFC4E1-9F39-4D4A-92A3-D2FFE9F52E07}.Release|Mixed Platforms.ActiveCfg = Release|Any CPU
		{5BAFC4E1-9F39-4D4A-92A3-D2FFE9F52E07}.Release|Mixed Platforms.Build.0 = Release|Any CPU
		{5BAFC4E1-9F39-4D4A-92A3-D2FFE9F52E07}.Release|x64.ActiveCfg = Release|x64
		{5BAFC4E1-9F39-4D4A-92A3-D2FFE9F52E07}.Release|x64.Build.0 = Release|x64
		{5BAFC4E1-9F39-4D4A-92A3-D2FFE9F52E07}.Release|x86.ActiveCfg = Release|x86
		{5BAFC4E1-9F39-4D4A-92A3-D2FFE9F52E07}.Release|x86.Build.0 = Release|x86
		{2E68A550-16EC-4E12-B4FA-0AF8789D8731}.Debug|Any CPU.ActiveCfg = Debug|Any CPU
		{2E68A550-16EC-4E12-B4FA-0AF8789D8731}.Debug|Any CPU.Build.0 = Debug|Any CPU
		{2E68A550-16EC-4E12-B4FA-0AF8789D8731}.Debug|Itanium.ActiveCfg = Debug|x86
		{2E68A550-16EC-4E12-B4FA-0AF8789D8731}.Debug|Mixed Platforms.ActiveCfg = Debug|Any CPU
		{2E68A550-16EC-4E12-B4FA-0AF8789D8731}.Debug|Mixed Platforms.Build.0 = Debug|Any CPU
		{2E68A550-16EC-4E12-B4FA-0AF8789D8731}.Debug|x64.ActiveCfg = Debug|x64
		{2E68A550-16EC-4E12-B4FA-0AF8789D8731}.Debug|x64.Build.0 = Debug|x64
		{2E68A550-16EC-4E12-B4FA-0AF8789D8731}.Debug|x86.ActiveCfg = Debug|x86
		{2E68A550-16EC-4E12-B4FA-0AF8789D8731}.Debug|x86.Build.0 = Debug|x86
		{2E68A550-16EC-4E12-B4FA-0AF8789D8731}.DebugDevTrace|Any CPU.ActiveCfg = DebugDevTrace|Any CPU
		{2E68A550-16EC-4E12-B4FA-0AF8789D8731}.DebugDevTrace|Itanium.ActiveCfg = DebugDevTrace|x86
		{2E68A550-16EC-4E12-B4FA-0AF8789D8731}.DebugDevTrace|Mixed Platforms.ActiveCfg = DebugDevTrace|Any CPU
		{2E68A550-16EC-4E12-B4FA-0AF8789D8731}.DebugDevTrace|x64.ActiveCfg = DebugDevTrace|Any CPU
		{2E68A550-16EC-4E12-B4FA-0AF8789D8731}.DebugDevTrace|x86.ActiveCfg = DebugDevTrace|x86
		{2E68A550-16EC-4E12-B4FA-0AF8789D8731}.DebugDevTrace|x86.Build.0 = DebugDevTrace|x86
		{2E68A550-16EC-4E12-B4FA-0AF8789D8731}.Release|Any CPU.ActiveCfg = Release|Any CPU
		{2E68A550-16EC-4E12-B4FA-0AF8789D8731}.Release|Any CPU.Build.0 = Release|Any CPU
		{2E68A550-16EC-4E12-B4FA-0AF8789D8731}.Release|Itanium.ActiveCfg = Release|x86
		{2E68A550-16EC-4E12-B4FA-0AF8789D8731}.Release|Mixed Platforms.ActiveCfg = Release|Any CPU
		{2E68A550-16EC-4E12-B4FA-0AF8789D8731}.Release|Mixed Platforms.Build.0 = Release|Any CPU
		{2E68A550-16EC-4E12-B4FA-0AF8789D8731}.Release|x64.ActiveCfg = Release|x64
		{2E68A550-16EC-4E12-B4FA-0AF8789D8731}.Release|x64.Build.0 = Release|x64
		{2E68A550-16EC-4E12-B4FA-0AF8789D8731}.Release|x86.ActiveCfg = Release|x86
		{2E68A550-16EC-4E12-B4FA-0AF8789D8731}.Release|x86.Build.0 = Release|x86
		{725CD2CB-CF37-414E-A5A6-F1D87D4D6EDE}.Debug|Any CPU.ActiveCfg = Debug|Any CPU
		{725CD2CB-CF37-414E-A5A6-F1D87D4D6EDE}.Debug|Any CPU.Build.0 = Debug|Any CPU
		{725CD2CB-CF37-414E-A5A6-F1D87D4D6EDE}.Debug|Itanium.ActiveCfg = Debug|x86
		{725CD2CB-CF37-414E-A5A6-F1D87D4D6EDE}.Debug|Mixed Platforms.ActiveCfg = Debug|Any CPU
		{725CD2CB-CF37-414E-A5A6-F1D87D4D6EDE}.Debug|Mixed Platforms.Build.0 = Debug|Any CPU
		{725CD2CB-CF37-414E-A5A6-F1D87D4D6EDE}.Debug|x64.ActiveCfg = Debug|x64
		{725CD2CB-CF37-414E-A5A6-F1D87D4D6EDE}.Debug|x64.Build.0 = Debug|x64
		{725CD2CB-CF37-414E-A5A6-F1D87D4D6EDE}.Debug|x86.ActiveCfg = Debug|x86
		{725CD2CB-CF37-414E-A5A6-F1D87D4D6EDE}.Debug|x86.Build.0 = Debug|x86
		{725CD2CB-CF37-414E-A5A6-F1D87D4D6EDE}.DebugDevTrace|Any CPU.ActiveCfg = DebugDevTrace|Any CPU
		{725CD2CB-CF37-414E-A5A6-F1D87D4D6EDE}.DebugDevTrace|Any CPU.Build.0 = DebugDevTrace|Any CPU
		{725CD2CB-CF37-414E-A5A6-F1D87D4D6EDE}.DebugDevTrace|Itanium.ActiveCfg = DebugDevTrace|x86
		{725CD2CB-CF37-414E-A5A6-F1D87D4D6EDE}.DebugDevTrace|Mixed Platforms.ActiveCfg = DebugDevTrace|Any CPU
		{725CD2CB-CF37-414E-A5A6-F1D87D4D6EDE}.DebugDevTrace|Mixed Platforms.Build.0 = DebugDevTrace|Any CPU
		{725CD2CB-CF37-414E-A5A6-F1D87D4D6EDE}.DebugDevTrace|x64.ActiveCfg = DebugDevTrace|x64
		{725CD2CB-CF37-414E-A5A6-F1D87D4D6EDE}.DebugDevTrace|x64.Build.0 = DebugDevTrace|x64
		{725CD2CB-CF37-414E-A5A6-F1D87D4D6EDE}.DebugDevTrace|x86.ActiveCfg = DebugDevTrace|x86
		{725CD2CB-CF37-414E-A5A6-F1D87D4D6EDE}.DebugDevTrace|x86.Build.0 = DebugDevTrace|x86
		{725CD2CB-CF37-414E-A5A6-F1D87D4D6EDE}.Release|Any CPU.ActiveCfg = Release|Any CPU
		{725CD2CB-CF37-414E-A5A6-F1D87D4D6EDE}.Release|Any CPU.Build.0 = Release|Any CPU
		{725CD2CB-CF37-414E-A5A6-F1D87D4D6EDE}.Release|Itanium.ActiveCfg = Release|x86
		{725CD2CB-CF37-414E-A5A6-F1D87D4D6EDE}.Release|Mixed Platforms.ActiveCfg = Release|Any CPU
		{725CD2CB-CF37-414E-A5A6-F1D87D4D6EDE}.Release|Mixed Platforms.Build.0 = Release|Any CPU
		{725CD2CB-CF37-414E-A5A6-F1D87D4D6EDE}.Release|x64.ActiveCfg = Release|x64
		{725CD2CB-CF37-414E-A5A6-F1D87D4D6EDE}.Release|x64.Build.0 = Release|x64
		{725CD2CB-CF37-414E-A5A6-F1D87D4D6EDE}.Release|x86.ActiveCfg = Release|x86
		{725CD2CB-CF37-414E-A5A6-F1D87D4D6EDE}.Release|x86.Build.0 = Release|x86
		{A6D1F09A-3DB0-4CB2-A7F0-422BF1AFE222}.Debug|Any CPU.ActiveCfg = Debug|Any CPU
		{A6D1F09A-3DB0-4CB2-A7F0-422BF1AFE222}.Debug|Any CPU.Build.0 = Debug|Any CPU
		{A6D1F09A-3DB0-4CB2-A7F0-422BF1AFE222}.Debug|Itanium.ActiveCfg = Debug|x86
		{A6D1F09A-3DB0-4CB2-A7F0-422BF1AFE222}.Debug|Mixed Platforms.ActiveCfg = Debug|Any CPU
		{A6D1F09A-3DB0-4CB2-A7F0-422BF1AFE222}.Debug|Mixed Platforms.Build.0 = Debug|Any CPU
		{A6D1F09A-3DB0-4CB2-A7F0-422BF1AFE222}.Debug|x64.ActiveCfg = Debug|x64
		{A6D1F09A-3DB0-4CB2-A7F0-422BF1AFE222}.Debug|x64.Build.0 = Debug|x64
		{A6D1F09A-3DB0-4CB2-A7F0-422BF1AFE222}.Debug|x86.ActiveCfg = Debug|x86
		{A6D1F09A-3DB0-4CB2-A7F0-422BF1AFE222}.Debug|x86.Build.0 = Debug|x86
		{A6D1F09A-3DB0-4CB2-A7F0-422BF1AFE222}.DebugDevTrace|Any CPU.ActiveCfg = DebugDevTrace|Any CPU
		{A6D1F09A-3DB0-4CB2-A7F0-422BF1AFE222}.DebugDevTrace|Any CPU.Build.0 = DebugDevTrace|Any CPU
		{A6D1F09A-3DB0-4CB2-A7F0-422BF1AFE222}.DebugDevTrace|Itanium.ActiveCfg = DebugDevTrace|x86
		{A6D1F09A-3DB0-4CB2-A7F0-422BF1AFE222}.DebugDevTrace|Mixed Platforms.ActiveCfg = DebugDevTrace|Any CPU
		{A6D1F09A-3DB0-4CB2-A7F0-422BF1AFE222}.DebugDevTrace|Mixed Platforms.Build.0 = DebugDevTrace|Any CPU
		{A6D1F09A-3DB0-4CB2-A7F0-422BF1AFE222}.DebugDevTrace|x64.ActiveCfg = DebugDevTrace|Any CPU
		{A6D1F09A-3DB0-4CB2-A7F0-422BF1AFE222}.DebugDevTrace|x86.ActiveCfg = DebugDevTrace|x86
		{A6D1F09A-3DB0-4CB2-A7F0-422BF1AFE222}.DebugDevTrace|x86.Build.0 = DebugDevTrace|x86
		{A6D1F09A-3DB0-4CB2-A7F0-422BF1AFE222}.Release|Any CPU.ActiveCfg = Release|Any CPU
		{A6D1F09A-3DB0-4CB2-A7F0-422BF1AFE222}.Release|Any CPU.Build.0 = Release|Any CPU
		{A6D1F09A-3DB0-4CB2-A7F0-422BF1AFE222}.Release|Itanium.ActiveCfg = Release|x86
		{A6D1F09A-3DB0-4CB2-A7F0-422BF1AFE222}.Release|Mixed Platforms.ActiveCfg = Release|Any CPU
		{A6D1F09A-3DB0-4CB2-A7F0-422BF1AFE222}.Release|Mixed Platforms.Build.0 = Release|Any CPU
		{A6D1F09A-3DB0-4CB2-A7F0-422BF1AFE222}.Release|x64.ActiveCfg = Release|x64
		{A6D1F09A-3DB0-4CB2-A7F0-422BF1AFE222}.Release|x64.Build.0 = Release|x64
		{A6D1F09A-3DB0-4CB2-A7F0-422BF1AFE222}.Release|x86.ActiveCfg = Release|x86
		{A6D1F09A-3DB0-4CB2-A7F0-422BF1AFE222}.Release|x86.Build.0 = Release|x86
		{63EB7360-5A2B-479D-B1E9-D5D0E8C49D2B}.Debug|Any CPU.ActiveCfg = Debug|Any CPU
		{63EB7360-5A2B-479D-B1E9-D5D0E8C49D2B}.Debug|Any CPU.Build.0 = Debug|Any CPU
		{63EB7360-5A2B-479D-B1E9-D5D0E8C49D2B}.Debug|Itanium.ActiveCfg = Debug|x86
		{63EB7360-5A2B-479D-B1E9-D5D0E8C49D2B}.Debug|Mixed Platforms.ActiveCfg = Debug|Any CPU
		{63EB7360-5A2B-479D-B1E9-D5D0E8C49D2B}.Debug|Mixed Platforms.Build.0 = Debug|Any CPU
		{63EB7360-5A2B-479D-B1E9-D5D0E8C49D2B}.Debug|x64.ActiveCfg = Debug|x64
		{63EB7360-5A2B-479D-B1E9-D5D0E8C49D2B}.Debug|x64.Build.0 = Debug|x64
		{63EB7360-5A2B-479D-B1E9-D5D0E8C49D2B}.Debug|x86.ActiveCfg = Debug|x86
		{63EB7360-5A2B-479D-B1E9-D5D0E8C49D2B}.Debug|x86.Build.0 = Debug|x86
		{63EB7360-5A2B-479D-B1E9-D5D0E8C49D2B}.DebugDevTrace|Any CPU.ActiveCfg = DebugDevTrace|Any CPU
		{63EB7360-5A2B-479D-B1E9-D5D0E8C49D2B}.DebugDevTrace|Itanium.ActiveCfg = DebugDevTrace|x86
		{63EB7360-5A2B-479D-B1E9-D5D0E8C49D2B}.DebugDevTrace|Mixed Platforms.ActiveCfg = DebugDevTrace|Any CPU
		{63EB7360-5A2B-479D-B1E9-D5D0E8C49D2B}.DebugDevTrace|x64.ActiveCfg = DebugDevTrace|Any CPU
		{63EB7360-5A2B-479D-B1E9-D5D0E8C49D2B}.DebugDevTrace|x86.ActiveCfg = DebugDevTrace|x86
		{63EB7360-5A2B-479D-B1E9-D5D0E8C49D2B}.DebugDevTrace|x86.Build.0 = DebugDevTrace|x86
		{63EB7360-5A2B-479D-B1E9-D5D0E8C49D2B}.Release|Any CPU.ActiveCfg = Release|Any CPU
		{63EB7360-5A2B-479D-B1E9-D5D0E8C49D2B}.Release|Any CPU.Build.0 = Release|Any CPU
		{63EB7360-5A2B-479D-B1E9-D5D0E8C49D2B}.Release|Itanium.ActiveCfg = Release|x86
		{63EB7360-5A2B-479D-B1E9-D5D0E8C49D2B}.Release|Mixed Platforms.ActiveCfg = Release|Any CPU
		{63EB7360-5A2B-479D-B1E9-D5D0E8C49D2B}.Release|Mixed Platforms.Build.0 = Release|Any CPU
		{63EB7360-5A2B-479D-B1E9-D5D0E8C49D2B}.Release|x64.ActiveCfg = Release|x64
		{63EB7360-5A2B-479D-B1E9-D5D0E8C49D2B}.Release|x64.Build.0 = Release|x64
		{63EB7360-5A2B-479D-B1E9-D5D0E8C49D2B}.Release|x86.ActiveCfg = Release|x86
		{63EB7360-5A2B-479D-B1E9-D5D0E8C49D2B}.Release|x86.Build.0 = Release|x86
		{5BA112F2-350D-463E-9059-9CBFCEBE92A4}.Debug|Any CPU.ActiveCfg = Debug|Any CPU
		{5BA112F2-350D-463E-9059-9CBFCEBE92A4}.Debug|Any CPU.Build.0 = Debug|Any CPU
		{5BA112F2-350D-463E-9059-9CBFCEBE92A4}.Debug|Itanium.ActiveCfg = Debug|x86
		{5BA112F2-350D-463E-9059-9CBFCEBE92A4}.Debug|Mixed Platforms.ActiveCfg = Debug|Any CPU
		{5BA112F2-350D-463E-9059-9CBFCEBE92A4}.Debug|Mixed Platforms.Build.0 = Debug|Any CPU
		{5BA112F2-350D-463E-9059-9CBFCEBE92A4}.Debug|x64.ActiveCfg = Debug|x64
		{5BA112F2-350D-463E-9059-9CBFCEBE92A4}.Debug|x64.Build.0 = Debug|x64
		{5BA112F2-350D-463E-9059-9CBFCEBE92A4}.Debug|x86.ActiveCfg = Debug|x86
		{5BA112F2-350D-463E-9059-9CBFCEBE92A4}.Debug|x86.Build.0 = Debug|x86
		{5BA112F2-350D-463E-9059-9CBFCEBE92A4}.DebugDevTrace|Any CPU.ActiveCfg = DebugDevTrace|Any CPU
		{5BA112F2-350D-463E-9059-9CBFCEBE92A4}.DebugDevTrace|Itanium.ActiveCfg = DebugDevTrace|x86
		{5BA112F2-350D-463E-9059-9CBFCEBE92A4}.DebugDevTrace|Mixed Platforms.ActiveCfg = DebugDevTrace|Any CPU
		{5BA112F2-350D-463E-9059-9CBFCEBE92A4}.DebugDevTrace|x64.ActiveCfg = DebugDevTrace|Any CPU
		{5BA112F2-350D-463E-9059-9CBFCEBE92A4}.DebugDevTrace|x86.ActiveCfg = DebugDevTrace|x86
		{5BA112F2-350D-463E-9059-9CBFCEBE92A4}.DebugDevTrace|x86.Build.0 = DebugDevTrace|x86
		{5BA112F2-350D-463E-9059-9CBFCEBE92A4}.Release|Any CPU.ActiveCfg = Release|Any CPU
		{5BA112F2-350D-463E-9059-9CBFCEBE92A4}.Release|Any CPU.Build.0 = Release|Any CPU
		{5BA112F2-350D-463E-9059-9CBFCEBE92A4}.Release|Itanium.ActiveCfg = Release|x86
		{5BA112F2-350D-463E-9059-9CBFCEBE92A4}.Release|Mixed Platforms.ActiveCfg = Release|Any CPU
		{5BA112F2-350D-463E-9059-9CBFCEBE92A4}.Release|Mixed Platforms.Build.0 = Release|Any CPU
		{5BA112F2-350D-463E-9059-9CBFCEBE92A4}.Release|x64.ActiveCfg = Release|x64
		{5BA112F2-350D-463E-9059-9CBFCEBE92A4}.Release|x64.Build.0 = Release|x64
		{5BA112F2-350D-463E-9059-9CBFCEBE92A4}.Release|x86.ActiveCfg = Release|x86
		{5BA112F2-350D-463E-9059-9CBFCEBE92A4}.Release|x86.Build.0 = Release|x86
		{2E492C28-479A-46C3-BEB4-6D745D2D30DC}.Debug|Any CPU.ActiveCfg = Debug|Any CPU
		{2E492C28-479A-46C3-BEB4-6D745D2D30DC}.Debug|Any CPU.Build.0 = Debug|Any CPU
		{2E492C28-479A-46C3-BEB4-6D745D2D30DC}.Debug|Itanium.ActiveCfg = Debug|x86
		{2E492C28-479A-46C3-BEB4-6D745D2D30DC}.Debug|Mixed Platforms.ActiveCfg = Debug|Any CPU
		{2E492C28-479A-46C3-BEB4-6D745D2D30DC}.Debug|Mixed Platforms.Build.0 = Debug|Any CPU
		{2E492C28-479A-46C3-BEB4-6D745D2D30DC}.Debug|x64.ActiveCfg = Debug|x64
		{2E492C28-479A-46C3-BEB4-6D745D2D30DC}.Debug|x64.Build.0 = Debug|x64
		{2E492C28-479A-46C3-BEB4-6D745D2D30DC}.Debug|x86.ActiveCfg = Debug|x86
		{2E492C28-479A-46C3-BEB4-6D745D2D30DC}.Debug|x86.Build.0 = Debug|x86
		{2E492C28-479A-46C3-BEB4-6D745D2D30DC}.DebugDevTrace|Any CPU.ActiveCfg = DebugDevTrace|Any CPU
		{2E492C28-479A-46C3-BEB4-6D745D2D30DC}.DebugDevTrace|Any CPU.Build.0 = DebugDevTrace|Any CPU
		{2E492C28-479A-46C3-BEB4-6D745D2D30DC}.DebugDevTrace|Itanium.ActiveCfg = DebugDevTrace|x86
		{2E492C28-479A-46C3-BEB4-6D745D2D30DC}.DebugDevTrace|Mixed Platforms.ActiveCfg = DebugDevTrace|Any CPU
		{2E492C28-479A-46C3-BEB4-6D745D2D30DC}.DebugDevTrace|Mixed Platforms.Build.0 = DebugDevTrace|Any CPU
		{2E492C28-479A-46C3-BEB4-6D745D2D30DC}.DebugDevTrace|x64.ActiveCfg = DebugDevTrace|Any CPU
		{2E492C28-479A-46C3-BEB4-6D745D2D30DC}.DebugDevTrace|x86.ActiveCfg = DebugDevTrace|x86
		{2E492C28-479A-46C3-BEB4-6D745D2D30DC}.DebugDevTrace|x86.Build.0 = DebugDevTrace|x86
		{2E492C28-479A-46C3-BEB4-6D745D2D30DC}.Release|Any CPU.ActiveCfg = Release|Any CPU
		{2E492C28-479A-46C3-BEB4-6D745D2D30DC}.Release|Any CPU.Build.0 = Release|Any CPU
		{2E492C28-479A-46C3-BEB4-6D745D2D30DC}.Release|Itanium.ActiveCfg = Release|x86
		{2E492C28-479A-46C3-BEB4-6D745D2D30DC}.Release|Mixed Platforms.ActiveCfg = Release|Any CPU
		{2E492C28-479A-46C3-BEB4-6D745D2D30DC}.Release|Mixed Platforms.Build.0 = Release|Any CPU
		{2E492C28-479A-46C3-BEB4-6D745D2D30DC}.Release|x64.ActiveCfg = Release|x64
		{2E492C28-479A-46C3-BEB4-6D745D2D30DC}.Release|x64.Build.0 = Release|x64
		{2E492C28-479A-46C3-BEB4-6D745D2D30DC}.Release|x86.ActiveCfg = Release|x86
		{2E492C28-479A-46C3-BEB4-6D745D2D30DC}.Release|x86.Build.0 = Release|x86
		{E09ABA0A-DF98-4BDF-961B-7A03CBD1BD40}.Debug|Any CPU.ActiveCfg = Debug|Any CPU
		{E09ABA0A-DF98-4BDF-961B-7A03CBD1BD40}.Debug|Any CPU.Build.0 = Debug|Any CPU
		{E09ABA0A-DF98-4BDF-961B-7A03CBD1BD40}.Debug|Itanium.ActiveCfg = Debug|x86
		{E09ABA0A-DF98-4BDF-961B-7A03CBD1BD40}.Debug|Mixed Platforms.ActiveCfg = Debug|Any CPU
		{E09ABA0A-DF98-4BDF-961B-7A03CBD1BD40}.Debug|Mixed Platforms.Build.0 = Debug|Any CPU
		{E09ABA0A-DF98-4BDF-961B-7A03CBD1BD40}.Debug|x64.ActiveCfg = Debug|x64
		{E09ABA0A-DF98-4BDF-961B-7A03CBD1BD40}.Debug|x64.Build.0 = Debug|x64
		{E09ABA0A-DF98-4BDF-961B-7A03CBD1BD40}.Debug|x86.ActiveCfg = Debug|x86
		{E09ABA0A-DF98-4BDF-961B-7A03CBD1BD40}.Debug|x86.Build.0 = Debug|x86
		{E09ABA0A-DF98-4BDF-961B-7A03CBD1BD40}.DebugDevTrace|Any CPU.ActiveCfg = DebugDevTrace|Any CPU
		{E09ABA0A-DF98-4BDF-961B-7A03CBD1BD40}.DebugDevTrace|Itanium.ActiveCfg = DebugDevTrace|x86
		{E09ABA0A-DF98-4BDF-961B-7A03CBD1BD40}.DebugDevTrace|Mixed Platforms.ActiveCfg = DebugDevTrace|Any CPU
		{E09ABA0A-DF98-4BDF-961B-7A03CBD1BD40}.DebugDevTrace|x64.ActiveCfg = DebugDevTrace|Any CPU
		{E09ABA0A-DF98-4BDF-961B-7A03CBD1BD40}.DebugDevTrace|x86.ActiveCfg = DebugDevTrace|x86
		{E09ABA0A-DF98-4BDF-961B-7A03CBD1BD40}.DebugDevTrace|x86.Build.0 = DebugDevTrace|x86
		{E09ABA0A-DF98-4BDF-961B-7A03CBD1BD40}.Release|Any CPU.ActiveCfg = Release|Any CPU
		{E09ABA0A-DF98-4BDF-961B-7A03CBD1BD40}.Release|Any CPU.Build.0 = Release|Any CPU
		{E09ABA0A-DF98-4BDF-961B-7A03CBD1BD40}.Release|Itanium.ActiveCfg = Release|x86
		{E09ABA0A-DF98-4BDF-961B-7A03CBD1BD40}.Release|Mixed Platforms.ActiveCfg = Release|Any CPU
		{E09ABA0A-DF98-4BDF-961B-7A03CBD1BD40}.Release|Mixed Platforms.Build.0 = Release|Any CPU
		{E09ABA0A-DF98-4BDF-961B-7A03CBD1BD40}.Release|x64.ActiveCfg = Release|x64
		{E09ABA0A-DF98-4BDF-961B-7A03CBD1BD40}.Release|x64.Build.0 = Release|x64
		{E09ABA0A-DF98-4BDF-961B-7A03CBD1BD40}.Release|x86.ActiveCfg = Release|x86
		{E09ABA0A-DF98-4BDF-961B-7A03CBD1BD40}.Release|x86.Build.0 = Release|x86
		{76C7B926-D1C1-405F-AB40-41914FEC3E89}.Debug|Any CPU.ActiveCfg = Debug|Any CPU
		{76C7B926-D1C1-405F-AB40-41914FEC3E89}.Debug|Any CPU.Build.0 = Debug|Any CPU
		{76C7B926-D1C1-405F-AB40-41914FEC3E89}.Debug|Itanium.ActiveCfg = Debug|x86
		{76C7B926-D1C1-405F-AB40-41914FEC3E89}.Debug|Mixed Platforms.ActiveCfg = Debug|Any CPU
		{76C7B926-D1C1-405F-AB40-41914FEC3E89}.Debug|Mixed Platforms.Build.0 = Debug|Any CPU
		{76C7B926-D1C1-405F-AB40-41914FEC3E89}.Debug|x64.ActiveCfg = Debug|x64
		{76C7B926-D1C1-405F-AB40-41914FEC3E89}.Debug|x64.Build.0 = Debug|x64
		{76C7B926-D1C1-405F-AB40-41914FEC3E89}.Debug|x86.ActiveCfg = Debug|x86
		{76C7B926-D1C1-405F-AB40-41914FEC3E89}.Debug|x86.Build.0 = Debug|x86
		{76C7B926-D1C1-405F-AB40-41914FEC3E89}.DebugDevTrace|Any CPU.ActiveCfg = DebugDevTrace|Any CPU
		{76C7B926-D1C1-405F-AB40-41914FEC3E89}.DebugDevTrace|Itanium.ActiveCfg = DebugDevTrace|x86
		{76C7B926-D1C1-405F-AB40-41914FEC3E89}.DebugDevTrace|Mixed Platforms.ActiveCfg = DebugDevTrace|Any CPU
		{76C7B926-D1C1-405F-AB40-41914FEC3E89}.DebugDevTrace|x64.ActiveCfg = DebugDevTrace|Any CPU
		{76C7B926-D1C1-405F-AB40-41914FEC3E89}.DebugDevTrace|x86.ActiveCfg = DebugDevTrace|x86
		{76C7B926-D1C1-405F-AB40-41914FEC3E89}.DebugDevTrace|x86.Build.0 = DebugDevTrace|x86
		{76C7B926-D1C1-405F-AB40-41914FEC3E89}.Release|Any CPU.ActiveCfg = Release|Any CPU
		{76C7B926-D1C1-405F-AB40-41914FEC3E89}.Release|Any CPU.Build.0 = Release|Any CPU
		{76C7B926-D1C1-405F-AB40-41914FEC3E89}.Release|Itanium.ActiveCfg = Release|x86
		{76C7B926-D1C1-405F-AB40-41914FEC3E89}.Release|Mixed Platforms.ActiveCfg = Release|Any CPU
		{76C7B926-D1C1-405F-AB40-41914FEC3E89}.Release|Mixed Platforms.Build.0 = Release|Any CPU
		{76C7B926-D1C1-405F-AB40-41914FEC3E89}.Release|x64.ActiveCfg = Release|x64
		{76C7B926-D1C1-405F-AB40-41914FEC3E89}.Release|x64.Build.0 = Release|x64
		{76C7B926-D1C1-405F-AB40-41914FEC3E89}.Release|x86.ActiveCfg = Release|x86
		{76C7B926-D1C1-405F-AB40-41914FEC3E89}.Release|x86.Build.0 = Release|x86
		{2A784E8E-0778-49A9-9D33-32F7C4EFB2CC}.Debug|Any CPU.ActiveCfg = Debug|Any CPU
		{2A784E8E-0778-49A9-9D33-32F7C4EFB2CC}.Debug|Any CPU.Build.0 = Debug|Any CPU
		{2A784E8E-0778-49A9-9D33-32F7C4EFB2CC}.Debug|Itanium.ActiveCfg = Debug|x86
		{2A784E8E-0778-49A9-9D33-32F7C4EFB2CC}.Debug|Mixed Platforms.ActiveCfg = Debug|Any CPU
		{2A784E8E-0778-49A9-9D33-32F7C4EFB2CC}.Debug|Mixed Platforms.Build.0 = Debug|Any CPU
		{2A784E8E-0778-49A9-9D33-32F7C4EFB2CC}.Debug|x64.ActiveCfg = Debug|x64
		{2A784E8E-0778-49A9-9D33-32F7C4EFB2CC}.Debug|x64.Build.0 = Debug|x64
		{2A784E8E-0778-49A9-9D33-32F7C4EFB2CC}.Debug|x86.ActiveCfg = Debug|x86
		{2A784E8E-0778-49A9-9D33-32F7C4EFB2CC}.Debug|x86.Build.0 = Debug|x86
		{2A784E8E-0778-49A9-9D33-32F7C4EFB2CC}.DebugDevTrace|Any CPU.ActiveCfg = DebugDevTrace|Any CPU
		{2A784E8E-0778-49A9-9D33-32F7C4EFB2CC}.DebugDevTrace|Any CPU.Build.0 = DebugDevTrace|Any CPU
		{2A784E8E-0778-49A9-9D33-32F7C4EFB2CC}.DebugDevTrace|Itanium.ActiveCfg = DebugDevTrace|x86
		{2A784E8E-0778-49A9-9D33-32F7C4EFB2CC}.DebugDevTrace|Mixed Platforms.ActiveCfg = DebugDevTrace|Any CPU
		{2A784E8E-0778-49A9-9D33-32F7C4EFB2CC}.DebugDevTrace|Mixed Platforms.Build.0 = DebugDevTrace|Any CPU
		{2A784E8E-0778-49A9-9D33-32F7C4EFB2CC}.DebugDevTrace|x64.ActiveCfg = DebugDevTrace|Any CPU
		{2A784E8E-0778-49A9-9D33-32F7C4EFB2CC}.DebugDevTrace|x86.ActiveCfg = DebugDevTrace|x86
		{2A784E8E-0778-49A9-9D33-32F7C4EFB2CC}.DebugDevTrace|x86.Build.0 = DebugDevTrace|x86
		{2A784E8E-0778-49A9-9D33-32F7C4EFB2CC}.Release|Any CPU.ActiveCfg = Release|Any CPU
		{2A784E8E-0778-49A9-9D33-32F7C4EFB2CC}.Release|Any CPU.Build.0 = Release|Any CPU
		{2A784E8E-0778-49A9-9D33-32F7C4EFB2CC}.Release|Itanium.ActiveCfg = Release|x86
		{2A784E8E-0778-49A9-9D33-32F7C4EFB2CC}.Release|Mixed Platforms.ActiveCfg = Release|Any CPU
		{2A784E8E-0778-49A9-9D33-32F7C4EFB2CC}.Release|Mixed Platforms.Build.0 = Release|Any CPU
		{2A784E8E-0778-49A9-9D33-32F7C4EFB2CC}.Release|x64.ActiveCfg = Release|x64
		{2A784E8E-0778-49A9-9D33-32F7C4EFB2CC}.Release|x64.Build.0 = Release|x64
		{2A784E8E-0778-49A9-9D33-32F7C4EFB2CC}.Release|x86.ActiveCfg = Release|x86
		{2A784E8E-0778-49A9-9D33-32F7C4EFB2CC}.Release|x86.Build.0 = Release|x86
		{18D464C1-1F40-4A32-8E3B-89E19DCE590D}.Debug|Any CPU.ActiveCfg = Debug|Any CPU
		{18D464C1-1F40-4A32-8E3B-89E19DCE590D}.Debug|Any CPU.Build.0 = Debug|Any CPU
		{18D464C1-1F40-4A32-8E3B-89E19DCE590D}.Debug|Itanium.ActiveCfg = Debug|x86
		{18D464C1-1F40-4A32-8E3B-89E19DCE590D}.Debug|Mixed Platforms.ActiveCfg = Debug|Any CPU
		{18D464C1-1F40-4A32-8E3B-89E19DCE590D}.Debug|Mixed Platforms.Build.0 = Debug|Any CPU
		{18D464C1-1F40-4A32-8E3B-89E19DCE590D}.Debug|x64.ActiveCfg = Debug|x64
		{18D464C1-1F40-4A32-8E3B-89E19DCE590D}.Debug|x64.Build.0 = Debug|x64
		{18D464C1-1F40-4A32-8E3B-89E19DCE590D}.Debug|x86.ActiveCfg = Debug|x86
		{18D464C1-1F40-4A32-8E3B-89E19DCE590D}.Debug|x86.Build.0 = Debug|x86
		{18D464C1-1F40-4A32-8E3B-89E19DCE590D}.DebugDevTrace|Any CPU.ActiveCfg = DebugDevTrace|Any CPU
		{18D464C1-1F40-4A32-8E3B-89E19DCE590D}.DebugDevTrace|Itanium.ActiveCfg = DebugDevTrace|x86
		{18D464C1-1F40-4A32-8E3B-89E19DCE590D}.DebugDevTrace|Mixed Platforms.ActiveCfg = DebugDevTrace|Any CPU
		{18D464C1-1F40-4A32-8E3B-89E19DCE590D}.DebugDevTrace|x64.ActiveCfg = DebugDevTrace|Any CPU
		{18D464C1-1F40-4A32-8E3B-89E19DCE590D}.DebugDevTrace|x86.ActiveCfg = DebugDevTrace|x86
		{18D464C1-1F40-4A32-8E3B-89E19DCE590D}.DebugDevTrace|x86.Build.0 = DebugDevTrace|x86
		{18D464C1-1F40-4A32-8E3B-89E19DCE590D}.Release|Any CPU.ActiveCfg = Release|Any CPU
		{18D464C1-1F40-4A32-8E3B-89E19DCE590D}.Release|Any CPU.Build.0 = Release|Any CPU
		{18D464C1-1F40-4A32-8E3B-89E19DCE590D}.Release|Itanium.ActiveCfg = Release|x86
		{18D464C1-1F40-4A32-8E3B-89E19DCE590D}.Release|Mixed Platforms.ActiveCfg = Release|Any CPU
		{18D464C1-1F40-4A32-8E3B-89E19DCE590D}.Release|Mixed Platforms.Build.0 = Release|Any CPU
		{18D464C1-1F40-4A32-8E3B-89E19DCE590D}.Release|x64.ActiveCfg = Release|x64
		{18D464C1-1F40-4A32-8E3B-89E19DCE590D}.Release|x64.Build.0 = Release|x64
		{18D464C1-1F40-4A32-8E3B-89E19DCE590D}.Release|x86.ActiveCfg = Release|x86
		{18D464C1-1F40-4A32-8E3B-89E19DCE590D}.Release|x86.Build.0 = Release|x86
		{E4DBA222-4285-433F-8F6C-CFA8EE611506}.Debug|Any CPU.ActiveCfg = Debug|Any CPU
		{E4DBA222-4285-433F-8F6C-CFA8EE611506}.Debug|Any CPU.Build.0 = Debug|Any CPU
		{E4DBA222-4285-433F-8F6C-CFA8EE611506}.Debug|Itanium.ActiveCfg = Debug|x86
		{E4DBA222-4285-433F-8F6C-CFA8EE611506}.Debug|Mixed Platforms.ActiveCfg = Debug|Any CPU
		{E4DBA222-4285-433F-8F6C-CFA8EE611506}.Debug|Mixed Platforms.Build.0 = Debug|Any CPU
		{E4DBA222-4285-433F-8F6C-CFA8EE611506}.Debug|x64.ActiveCfg = Debug|x64
		{E4DBA222-4285-433F-8F6C-CFA8EE611506}.Debug|x64.Build.0 = Debug|x64
		{E4DBA222-4285-433F-8F6C-CFA8EE611506}.Debug|x86.ActiveCfg = Debug|x86
		{E4DBA222-4285-433F-8F6C-CFA8EE611506}.Debug|x86.Build.0 = Debug|x86
		{E4DBA222-4285-433F-8F6C-CFA8EE611506}.DebugDevTrace|Any CPU.ActiveCfg = DebugDevTrace|Any CPU
		{E4DBA222-4285-433F-8F6C-CFA8EE611506}.DebugDevTrace|Any CPU.Build.0 = DebugDevTrace|Any CPU
		{E4DBA222-4285-433F-8F6C-CFA8EE611506}.DebugDevTrace|Itanium.ActiveCfg = DebugDevTrace|x86
		{E4DBA222-4285-433F-8F6C-CFA8EE611506}.DebugDevTrace|Mixed Platforms.ActiveCfg = DebugDevTrace|Any CPU
		{E4DBA222-4285-433F-8F6C-CFA8EE611506}.DebugDevTrace|Mixed Platforms.Build.0 = DebugDevTrace|Any CPU
		{E4DBA222-4285-433F-8F6C-CFA8EE611506}.DebugDevTrace|x64.ActiveCfg = DebugDevTrace|Any CPU
		{E4DBA222-4285-433F-8F6C-CFA8EE611506}.DebugDevTrace|x86.ActiveCfg = DebugDevTrace|x86
		{E4DBA222-4285-433F-8F6C-CFA8EE611506}.DebugDevTrace|x86.Build.0 = DebugDevTrace|x86
		{E4DBA222-4285-433F-8F6C-CFA8EE611506}.Release|Any CPU.ActiveCfg = Release|Any CPU
		{E4DBA222-4285-433F-8F6C-CFA8EE611506}.Release|Any CPU.Build.0 = Release|Any CPU
		{E4DBA222-4285-433F-8F6C-CFA8EE611506}.Release|Itanium.ActiveCfg = Release|x86
		{E4DBA222-4285-433F-8F6C-CFA8EE611506}.Release|Mixed Platforms.ActiveCfg = Release|Any CPU
		{E4DBA222-4285-433F-8F6C-CFA8EE611506}.Release|Mixed Platforms.Build.0 = Release|Any CPU
		{E4DBA222-4285-433F-8F6C-CFA8EE611506}.Release|x64.ActiveCfg = Release|x64
		{E4DBA222-4285-433F-8F6C-CFA8EE611506}.Release|x64.Build.0 = Release|x64
		{E4DBA222-4285-433F-8F6C-CFA8EE611506}.Release|x86.ActiveCfg = Release|x86
		{E4DBA222-4285-433F-8F6C-CFA8EE611506}.Release|x86.Build.0 = Release|x86
		{F2B48220-24E6-4E5C-B526-976F1541884D}.Debug|Any CPU.ActiveCfg = Debug|Any CPU
		{F2B48220-24E6-4E5C-B526-976F1541884D}.Debug|Any CPU.Build.0 = Debug|Any CPU
		{F2B48220-24E6-4E5C-B526-976F1541884D}.Debug|Itanium.ActiveCfg = Debug|Any CPU
		{F2B48220-24E6-4E5C-B526-976F1541884D}.Debug|Mixed Platforms.ActiveCfg = Debug|Any CPU
		{F2B48220-24E6-4E5C-B526-976F1541884D}.Debug|Mixed Platforms.Build.0 = Debug|Any CPU
		{F2B48220-24E6-4E5C-B526-976F1541884D}.Debug|x64.ActiveCfg = Debug|x64
		{F2B48220-24E6-4E5C-B526-976F1541884D}.Debug|x64.Build.0 = Debug|x64
		{F2B48220-24E6-4E5C-B526-976F1541884D}.Debug|x86.ActiveCfg = Debug|x86
		{F2B48220-24E6-4E5C-B526-976F1541884D}.Debug|x86.Build.0 = Debug|x86
		{F2B48220-24E6-4E5C-B526-976F1541884D}.DebugDevTrace|Any CPU.ActiveCfg = Debug|x86
		{F2B48220-24E6-4E5C-B526-976F1541884D}.DebugDevTrace|Itanium.ActiveCfg = Debug|Any CPU
		{F2B48220-24E6-4E5C-B526-976F1541884D}.DebugDevTrace|Mixed Platforms.ActiveCfg = Debug|x86
		{F2B48220-24E6-4E5C-B526-976F1541884D}.DebugDevTrace|Mixed Platforms.Build.0 = Debug|x86
		{F2B48220-24E6-4E5C-B526-976F1541884D}.DebugDevTrace|x64.ActiveCfg = Debug|Any CPU
		{F2B48220-24E6-4E5C-B526-976F1541884D}.DebugDevTrace|x86.ActiveCfg = Debug|Any CPU
		{F2B48220-24E6-4E5C-B526-976F1541884D}.Release|Any CPU.ActiveCfg = Release|Any CPU
		{F2B48220-24E6-4E5C-B526-976F1541884D}.Release|Any CPU.Build.0 = Release|Any CPU
		{F2B48220-24E6-4E5C-B526-976F1541884D}.Release|Itanium.ActiveCfg = Release|Any CPU
		{F2B48220-24E6-4E5C-B526-976F1541884D}.Release|Mixed Platforms.ActiveCfg = Release|Any CPU
		{F2B48220-24E6-4E5C-B526-976F1541884D}.Release|Mixed Platforms.Build.0 = Release|Any CPU
		{F2B48220-24E6-4E5C-B526-976F1541884D}.Release|x64.ActiveCfg = Release|x64
		{F2B48220-24E6-4E5C-B526-976F1541884D}.Release|x64.Build.0 = Release|x64
		{F2B48220-24E6-4E5C-B526-976F1541884D}.Release|x86.ActiveCfg = Release|x86
		{F2B48220-24E6-4E5C-B526-976F1541884D}.Release|x86.Build.0 = Release|x86
		{AF9121C3-E4B7-464F-8EBB-96C9CF627C06}.Debug|Any CPU.ActiveCfg = Debug|Any CPU
		{AF9121C3-E4B7-464F-8EBB-96C9CF627C06}.Debug|Any CPU.Build.0 = Debug|Any CPU
		{AF9121C3-E4B7-464F-8EBB-96C9CF627C06}.Debug|Itanium.ActiveCfg = Debug|x86
		{AF9121C3-E4B7-464F-8EBB-96C9CF627C06}.Debug|Mixed Platforms.ActiveCfg = Debug|Any CPU
		{AF9121C3-E4B7-464F-8EBB-96C9CF627C06}.Debug|Mixed Platforms.Build.0 = Debug|Any CPU
		{AF9121C3-E4B7-464F-8EBB-96C9CF627C06}.Debug|x64.ActiveCfg = Debug|x64
		{AF9121C3-E4B7-464F-8EBB-96C9CF627C06}.Debug|x64.Build.0 = Debug|x64
		{AF9121C3-E4B7-464F-8EBB-96C9CF627C06}.Debug|x86.ActiveCfg = Debug|x86
		{AF9121C3-E4B7-464F-8EBB-96C9CF627C06}.Debug|x86.Build.0 = Debug|x86
		{AF9121C3-E4B7-464F-8EBB-96C9CF627C06}.DebugDevTrace|Any CPU.ActiveCfg = Debug|Any CPU
		{AF9121C3-E4B7-464F-8EBB-96C9CF627C06}.DebugDevTrace|Any CPU.Build.0 = Debug|Any CPU
		{AF9121C3-E4B7-464F-8EBB-96C9CF627C06}.DebugDevTrace|Itanium.ActiveCfg = Debug|x86
		{AF9121C3-E4B7-464F-8EBB-96C9CF627C06}.DebugDevTrace|Mixed Platforms.ActiveCfg = Debug|Any CPU
		{AF9121C3-E4B7-464F-8EBB-96C9CF627C06}.DebugDevTrace|Mixed Platforms.Build.0 = Debug|Any CPU
		{AF9121C3-E4B7-464F-8EBB-96C9CF627C06}.DebugDevTrace|x64.ActiveCfg = Debug|Any CPU
		{AF9121C3-E4B7-464F-8EBB-96C9CF627C06}.DebugDevTrace|x86.ActiveCfg = Debug|x86
		{AF9121C3-E4B7-464F-8EBB-96C9CF627C06}.DebugDevTrace|x86.Build.0 = Debug|x86
		{AF9121C3-E4B7-464F-8EBB-96C9CF627C06}.Release|Any CPU.ActiveCfg = Release|Any CPU
		{AF9121C3-E4B7-464F-8EBB-96C9CF627C06}.Release|Any CPU.Build.0 = Release|Any CPU
		{AF9121C3-E4B7-464F-8EBB-96C9CF627C06}.Release|Itanium.ActiveCfg = Release|x86
		{AF9121C3-E4B7-464F-8EBB-96C9CF627C06}.Release|Mixed Platforms.ActiveCfg = Release|Any CPU
		{AF9121C3-E4B7-464F-8EBB-96C9CF627C06}.Release|Mixed Platforms.Build.0 = Release|Any CPU
		{AF9121C3-E4B7-464F-8EBB-96C9CF627C06}.Release|x64.ActiveCfg = Release|x64
		{AF9121C3-E4B7-464F-8EBB-96C9CF627C06}.Release|x64.Build.0 = Release|x64
		{AF9121C3-E4B7-464F-8EBB-96C9CF627C06}.Release|x86.ActiveCfg = Release|x86
		{AF9121C3-E4B7-464F-8EBB-96C9CF627C06}.Release|x86.Build.0 = Release|x86
		{FBDC1032-9FD3-4BF0-81AC-7DF45920413A}.Debug|Any CPU.ActiveCfg = Debug|Any CPU
		{FBDC1032-9FD3-4BF0-81AC-7DF45920413A}.Debug|Any CPU.Build.0 = Debug|Any CPU
		{FBDC1032-9FD3-4BF0-81AC-7DF45920413A}.Debug|Itanium.ActiveCfg = Debug|Any CPU
		{FBDC1032-9FD3-4BF0-81AC-7DF45920413A}.Debug|Mixed Platforms.ActiveCfg = Debug|Any CPU
		{FBDC1032-9FD3-4BF0-81AC-7DF45920413A}.Debug|Mixed Platforms.Build.0 = Debug|Any CPU
		{FBDC1032-9FD3-4BF0-81AC-7DF45920413A}.Debug|x64.ActiveCfg = Debug|x64
		{FBDC1032-9FD3-4BF0-81AC-7DF45920413A}.Debug|x64.Build.0 = Debug|x64
		{FBDC1032-9FD3-4BF0-81AC-7DF45920413A}.Debug|x86.ActiveCfg = Debug|x86
		{FBDC1032-9FD3-4BF0-81AC-7DF45920413A}.Debug|x86.Build.0 = Debug|x86
		{FBDC1032-9FD3-4BF0-81AC-7DF45920413A}.DebugDevTrace|Any CPU.ActiveCfg = Debug|x86
		{FBDC1032-9FD3-4BF0-81AC-7DF45920413A}.DebugDevTrace|Itanium.ActiveCfg = Debug|Any CPU
		{FBDC1032-9FD3-4BF0-81AC-7DF45920413A}.DebugDevTrace|Mixed Platforms.ActiveCfg = Debug|x86
		{FBDC1032-9FD3-4BF0-81AC-7DF45920413A}.DebugDevTrace|Mixed Platforms.Build.0 = Debug|x86
		{FBDC1032-9FD3-4BF0-81AC-7DF45920413A}.DebugDevTrace|x64.ActiveCfg = Debug|Any CPU
		{FBDC1032-9FD3-4BF0-81AC-7DF45920413A}.DebugDevTrace|x86.ActiveCfg = Debug|Any CPU
		{FBDC1032-9FD3-4BF0-81AC-7DF45920413A}.Release|Any CPU.ActiveCfg = Release|Any CPU
		{FBDC1032-9FD3-4BF0-81AC-7DF45920413A}.Release|Any CPU.Build.0 = Release|Any CPU
		{FBDC1032-9FD3-4BF0-81AC-7DF45920413A}.Release|Itanium.ActiveCfg = Release|Any CPU
		{FBDC1032-9FD3-4BF0-81AC-7DF45920413A}.Release|Mixed Platforms.ActiveCfg = Release|Any CPU
		{FBDC1032-9FD3-4BF0-81AC-7DF45920413A}.Release|Mixed Platforms.Build.0 = Release|Any CPU
		{FBDC1032-9FD3-4BF0-81AC-7DF45920413A}.Release|x64.ActiveCfg = Release|x64
		{FBDC1032-9FD3-4BF0-81AC-7DF45920413A}.Release|x64.Build.0 = Release|x64
		{FBDC1032-9FD3-4BF0-81AC-7DF45920413A}.Release|x86.ActiveCfg = Release|x86
		{FBDC1032-9FD3-4BF0-81AC-7DF45920413A}.Release|x86.Build.0 = Release|x86
		{742050C1-7040-4065-BD7A-23DFCBECF2C9}.Debug|Any CPU.ActiveCfg = Debug|Any CPU
		{742050C1-7040-4065-BD7A-23DFCBECF2C9}.Debug|Any CPU.Build.0 = Debug|Any CPU
		{742050C1-7040-4065-BD7A-23DFCBECF2C9}.Debug|Itanium.ActiveCfg = Debug|Any CPU
		{742050C1-7040-4065-BD7A-23DFCBECF2C9}.Debug|Mixed Platforms.ActiveCfg = Debug|Any CPU
		{742050C1-7040-4065-BD7A-23DFCBECF2C9}.Debug|Mixed Platforms.Build.0 = Debug|Any CPU
		{742050C1-7040-4065-BD7A-23DFCBECF2C9}.Debug|x64.ActiveCfg = Debug|x64
		{742050C1-7040-4065-BD7A-23DFCBECF2C9}.Debug|x64.Build.0 = Debug|x64
		{742050C1-7040-4065-BD7A-23DFCBECF2C9}.Debug|x86.ActiveCfg = Debug|x86
		{742050C1-7040-4065-BD7A-23DFCBECF2C9}.Debug|x86.Build.0 = Debug|x86
		{742050C1-7040-4065-BD7A-23DFCBECF2C9}.DebugDevTrace|Any CPU.ActiveCfg = Debug|Any CPU
		{742050C1-7040-4065-BD7A-23DFCBECF2C9}.DebugDevTrace|Any CPU.Build.0 = Debug|Any CPU
		{742050C1-7040-4065-BD7A-23DFCBECF2C9}.DebugDevTrace|Itanium.ActiveCfg = Debug|Any CPU
		{742050C1-7040-4065-BD7A-23DFCBECF2C9}.DebugDevTrace|Mixed Platforms.ActiveCfg = Debug|Any CPU
		{742050C1-7040-4065-BD7A-23DFCBECF2C9}.DebugDevTrace|Mixed Platforms.Build.0 = Debug|Any CPU
		{742050C1-7040-4065-BD7A-23DFCBECF2C9}.DebugDevTrace|x64.ActiveCfg = Debug|Any CPU
		{742050C1-7040-4065-BD7A-23DFCBECF2C9}.DebugDevTrace|x86.ActiveCfg = Debug|Any CPU
		{742050C1-7040-4065-BD7A-23DFCBECF2C9}.Release|Any CPU.ActiveCfg = Release|Any CPU
		{742050C1-7040-4065-BD7A-23DFCBECF2C9}.Release|Any CPU.Build.0 = Release|Any CPU
		{742050C1-7040-4065-BD7A-23DFCBECF2C9}.Release|Itanium.ActiveCfg = Release|Any CPU
		{742050C1-7040-4065-BD7A-23DFCBECF2C9}.Release|Mixed Platforms.ActiveCfg = Release|Any CPU
		{742050C1-7040-4065-BD7A-23DFCBECF2C9}.Release|Mixed Platforms.Build.0 = Release|Any CPU
		{742050C1-7040-4065-BD7A-23DFCBECF2C9}.Release|x64.ActiveCfg = Release|x64
		{742050C1-7040-4065-BD7A-23DFCBECF2C9}.Release|x64.Build.0 = Release|x64
		{742050C1-7040-4065-BD7A-23DFCBECF2C9}.Release|x86.ActiveCfg = Release|x86
		{742050C1-7040-4065-BD7A-23DFCBECF2C9}.Release|x86.Build.0 = Release|x86
		{89066A48-4E50-46A3-84D5-AB99870F1912}.Debug|Any CPU.ActiveCfg = Debug|Any CPU
		{89066A48-4E50-46A3-84D5-AB99870F1912}.Debug|Any CPU.Build.0 = Debug|Any CPU
		{89066A48-4E50-46A3-84D5-AB99870F1912}.Debug|Itanium.ActiveCfg = Debug|Any CPU
		{89066A48-4E50-46A3-84D5-AB99870F1912}.Debug|Mixed Platforms.ActiveCfg = Debug|Any CPU
		{89066A48-4E50-46A3-84D5-AB99870F1912}.Debug|Mixed Platforms.Build.0 = Debug|Any CPU
		{89066A48-4E50-46A3-84D5-AB99870F1912}.Debug|x64.ActiveCfg = Debug|x64
		{89066A48-4E50-46A3-84D5-AB99870F1912}.Debug|x64.Build.0 = Debug|x64
		{89066A48-4E50-46A3-84D5-AB99870F1912}.Debug|x86.ActiveCfg = Debug|x86
		{89066A48-4E50-46A3-84D5-AB99870F1912}.Debug|x86.Build.0 = Debug|x86
		{89066A48-4E50-46A3-84D5-AB99870F1912}.DebugDevTrace|Any CPU.ActiveCfg = Debug|Any CPU
		{89066A48-4E50-46A3-84D5-AB99870F1912}.DebugDevTrace|Any CPU.Build.0 = Debug|Any CPU
		{89066A48-4E50-46A3-84D5-AB99870F1912}.DebugDevTrace|Itanium.ActiveCfg = Debug|Any CPU
		{89066A48-4E50-46A3-84D5-AB99870F1912}.DebugDevTrace|Mixed Platforms.ActiveCfg = Debug|Any CPU
		{89066A48-4E50-46A3-84D5-AB99870F1912}.DebugDevTrace|Mixed Platforms.Build.0 = Debug|Any CPU
		{89066A48-4E50-46A3-84D5-AB99870F1912}.DebugDevTrace|x64.ActiveCfg = Debug|x64
		{89066A48-4E50-46A3-84D5-AB99870F1912}.DebugDevTrace|x64.Build.0 = Debug|x64
		{89066A48-4E50-46A3-84D5-AB99870F1912}.DebugDevTrace|x86.ActiveCfg = Debug|Any CPU
		{89066A48-4E50-46A3-84D5-AB99870F1912}.Release|Any CPU.ActiveCfg = Release|Any CPU
		{89066A48-4E50-46A3-84D5-AB99870F1912}.Release|Any CPU.Build.0 = Release|Any CPU
		{89066A48-4E50-46A3-84D5-AB99870F1912}.Release|Itanium.ActiveCfg = Release|Any CPU
		{89066A48-4E50-46A3-84D5-AB99870F1912}.Release|Mixed Platforms.ActiveCfg = Release|Any CPU
		{89066A48-4E50-46A3-84D5-AB99870F1912}.Release|Mixed Platforms.Build.0 = Release|Any CPU
		{89066A48-4E50-46A3-84D5-AB99870F1912}.Release|x64.ActiveCfg = Release|x64
		{89066A48-4E50-46A3-84D5-AB99870F1912}.Release|x64.Build.0 = Release|x64
		{89066A48-4E50-46A3-84D5-AB99870F1912}.Release|x86.ActiveCfg = Release|x86
		{89066A48-4E50-46A3-84D5-AB99870F1912}.Release|x86.Build.0 = Release|x86
		{B3227B0D-2DA4-4102-82AF-C21842B3674B}.Debug|Any CPU.ActiveCfg = Debug|Any CPU
		{B3227B0D-2DA4-4102-82AF-C21842B3674B}.Debug|Any CPU.Build.0 = Debug|Any CPU
		{B3227B0D-2DA4-4102-82AF-C21842B3674B}.Debug|Itanium.ActiveCfg = Debug|Any CPU
		{B3227B0D-2DA4-4102-82AF-C21842B3674B}.Debug|Mixed Platforms.ActiveCfg = Debug|Any CPU
		{B3227B0D-2DA4-4102-82AF-C21842B3674B}.Debug|Mixed Platforms.Build.0 = Debug|Any CPU
		{B3227B0D-2DA4-4102-82AF-C21842B3674B}.Debug|x64.ActiveCfg = Debug|x64
		{B3227B0D-2DA4-4102-82AF-C21842B3674B}.Debug|x64.Build.0 = Debug|x64
		{B3227B0D-2DA4-4102-82AF-C21842B3674B}.Debug|x86.ActiveCfg = Debug|x86
		{B3227B0D-2DA4-4102-82AF-C21842B3674B}.Debug|x86.Build.0 = Debug|x86
		{B3227B0D-2DA4-4102-82AF-C21842B3674B}.DebugDevTrace|Any CPU.ActiveCfg = Debug|Any CPU
		{B3227B0D-2DA4-4102-82AF-C21842B3674B}.DebugDevTrace|Any CPU.Build.0 = Debug|Any CPU
		{B3227B0D-2DA4-4102-82AF-C21842B3674B}.DebugDevTrace|Itanium.ActiveCfg = Debug|Any CPU
		{B3227B0D-2DA4-4102-82AF-C21842B3674B}.DebugDevTrace|Mixed Platforms.ActiveCfg = Debug|x86
		{B3227B0D-2DA4-4102-82AF-C21842B3674B}.DebugDevTrace|Mixed Platforms.Build.0 = Debug|x86
		{B3227B0D-2DA4-4102-82AF-C21842B3674B}.DebugDevTrace|x64.ActiveCfg = Debug|x64
		{B3227B0D-2DA4-4102-82AF-C21842B3674B}.DebugDevTrace|x64.Build.0 = Debug|x64
		{B3227B0D-2DA4-4102-82AF-C21842B3674B}.DebugDevTrace|x86.ActiveCfg = Debug|x86
		{B3227B0D-2DA4-4102-82AF-C21842B3674B}.DebugDevTrace|x86.Build.0 = Debug|x86
		{B3227B0D-2DA4-4102-82AF-C21842B3674B}.Release|Any CPU.ActiveCfg = Release|Any CPU
		{B3227B0D-2DA4-4102-82AF-C21842B3674B}.Release|Any CPU.Build.0 = Release|Any CPU
		{B3227B0D-2DA4-4102-82AF-C21842B3674B}.Release|Itanium.ActiveCfg = Release|Any CPU
		{B3227B0D-2DA4-4102-82AF-C21842B3674B}.Release|Mixed Platforms.ActiveCfg = Release|Any CPU
		{B3227B0D-2DA4-4102-82AF-C21842B3674B}.Release|Mixed Platforms.Build.0 = Release|Any CPU
		{B3227B0D-2DA4-4102-82AF-C21842B3674B}.Release|x64.ActiveCfg = Release|x64
		{B3227B0D-2DA4-4102-82AF-C21842B3674B}.Release|x64.Build.0 = Release|x64
		{B3227B0D-2DA4-4102-82AF-C21842B3674B}.Release|x86.ActiveCfg = Release|x86
		{B3227B0D-2DA4-4102-82AF-C21842B3674B}.Release|x86.Build.0 = Release|x86
		{C5ED937C-9739-4991-9A12-F25BBA60F9CE}.Debug|Any CPU.ActiveCfg = Debug|Any CPU
		{C5ED937C-9739-4991-9A12-F25BBA60F9CE}.Debug|Any CPU.Build.0 = Debug|Any CPU
		{C5ED937C-9739-4991-9A12-F25BBA60F9CE}.Debug|Itanium.ActiveCfg = Debug|Any CPU
		{C5ED937C-9739-4991-9A12-F25BBA60F9CE}.Debug|Mixed Platforms.ActiveCfg = Debug|Any CPU
		{C5ED937C-9739-4991-9A12-F25BBA60F9CE}.Debug|Mixed Platforms.Build.0 = Debug|Any CPU
		{C5ED937C-9739-4991-9A12-F25BBA60F9CE}.Debug|x64.ActiveCfg = Debug|x64
		{C5ED937C-9739-4991-9A12-F25BBA60F9CE}.Debug|x64.Build.0 = Debug|x64
		{C5ED937C-9739-4991-9A12-F25BBA60F9CE}.Debug|x86.ActiveCfg = Debug|x86
		{C5ED937C-9739-4991-9A12-F25BBA60F9CE}.Debug|x86.Build.0 = Debug|x86
		{C5ED937C-9739-4991-9A12-F25BBA60F9CE}.DebugDevTrace|Any CPU.ActiveCfg = DebugDevTrace|Any CPU
		{C5ED937C-9739-4991-9A12-F25BBA60F9CE}.DebugDevTrace|Any CPU.Build.0 = DebugDevTrace|Any CPU
		{C5ED937C-9739-4991-9A12-F25BBA60F9CE}.DebugDevTrace|Itanium.ActiveCfg = DebugDevTrace|Any CPU
		{C5ED937C-9739-4991-9A12-F25BBA60F9CE}.DebugDevTrace|Mixed Platforms.ActiveCfg = DebugDevTrace|x86
		{C5ED937C-9739-4991-9A12-F25BBA60F9CE}.DebugDevTrace|Mixed Platforms.Build.0 = DebugDevTrace|x86
		{C5ED937C-9739-4991-9A12-F25BBA60F9CE}.DebugDevTrace|x64.ActiveCfg = DebugDevTrace|x64
		{C5ED937C-9739-4991-9A12-F25BBA60F9CE}.DebugDevTrace|x64.Build.0 = DebugDevTrace|x64
		{C5ED937C-9739-4991-9A12-F25BBA60F9CE}.DebugDevTrace|x86.ActiveCfg = DebugDevTrace|x86
		{C5ED937C-9739-4991-9A12-F25BBA60F9CE}.DebugDevTrace|x86.Build.0 = DebugDevTrace|x86
		{C5ED937C-9739-4991-9A12-F25BBA60F9CE}.Release|Any CPU.ActiveCfg = Release|Any CPU
		{C5ED937C-9739-4991-9A12-F25BBA60F9CE}.Release|Any CPU.Build.0 = Release|Any CPU
		{C5ED937C-9739-4991-9A12-F25BBA60F9CE}.Release|Itanium.ActiveCfg = Release|Any CPU
		{C5ED937C-9739-4991-9A12-F25BBA60F9CE}.Release|Mixed Platforms.ActiveCfg = Release|Any CPU
		{C5ED937C-9739-4991-9A12-F25BBA60F9CE}.Release|Mixed Platforms.Build.0 = Release|Any CPU
		{C5ED937C-9739-4991-9A12-F25BBA60F9CE}.Release|x64.ActiveCfg = Release|x64
		{C5ED937C-9739-4991-9A12-F25BBA60F9CE}.Release|x64.Build.0 = Release|x64
		{C5ED937C-9739-4991-9A12-F25BBA60F9CE}.Release|x86.ActiveCfg = Release|x86
		{C5ED937C-9739-4991-9A12-F25BBA60F9CE}.Release|x86.Build.0 = Release|x86
		{CBFA3F16-B154-4127-8419-BEB716F791DF}.Debug|Any CPU.ActiveCfg = Debug|Any CPU
		{CBFA3F16-B154-4127-8419-BEB716F791DF}.Debug|Any CPU.Build.0 = Debug|Any CPU
		{CBFA3F16-B154-4127-8419-BEB716F791DF}.Debug|Itanium.ActiveCfg = Debug|Any CPU
		{CBFA3F16-B154-4127-8419-BEB716F791DF}.Debug|Mixed Platforms.ActiveCfg = Debug|Any CPU
		{CBFA3F16-B154-4127-8419-BEB716F791DF}.Debug|Mixed Platforms.Build.0 = Debug|Any CPU
		{CBFA3F16-B154-4127-8419-BEB716F791DF}.Debug|x64.ActiveCfg = Debug|x64
		{CBFA3F16-B154-4127-8419-BEB716F791DF}.Debug|x64.Build.0 = Debug|x64
		{CBFA3F16-B154-4127-8419-BEB716F791DF}.Debug|x86.ActiveCfg = Debug|x86
		{CBFA3F16-B154-4127-8419-BEB716F791DF}.Debug|x86.Build.0 = Debug|x86
		{CBFA3F16-B154-4127-8419-BEB716F791DF}.DebugDevTrace|Any CPU.ActiveCfg = Debug|Any CPU
		{CBFA3F16-B154-4127-8419-BEB716F791DF}.DebugDevTrace|Any CPU.Build.0 = Debug|Any CPU
		{CBFA3F16-B154-4127-8419-BEB716F791DF}.DebugDevTrace|Itanium.ActiveCfg = Debug|Any CPU
		{CBFA3F16-B154-4127-8419-BEB716F791DF}.DebugDevTrace|Mixed Platforms.ActiveCfg = Debug|x86
		{CBFA3F16-B154-4127-8419-BEB716F791DF}.DebugDevTrace|Mixed Platforms.Build.0 = Debug|x86
		{CBFA3F16-B154-4127-8419-BEB716F791DF}.DebugDevTrace|x64.ActiveCfg = Debug|x64
		{CBFA3F16-B154-4127-8419-BEB716F791DF}.DebugDevTrace|x64.Build.0 = Debug|x64
		{CBFA3F16-B154-4127-8419-BEB716F791DF}.DebugDevTrace|x86.ActiveCfg = Debug|x86
		{CBFA3F16-B154-4127-8419-BEB716F791DF}.DebugDevTrace|x86.Build.0 = Debug|x86
		{CBFA3F16-B154-4127-8419-BEB716F791DF}.Release|Any CPU.ActiveCfg = Release|Any CPU
		{CBFA3F16-B154-4127-8419-BEB716F791DF}.Release|Any CPU.Build.0 = Release|Any CPU
		{CBFA3F16-B154-4127-8419-BEB716F791DF}.Release|Itanium.ActiveCfg = Release|Any CPU
		{CBFA3F16-B154-4127-8419-BEB716F791DF}.Release|Mixed Platforms.ActiveCfg = Release|Any CPU
		{CBFA3F16-B154-4127-8419-BEB716F791DF}.Release|Mixed Platforms.Build.0 = Release|Any CPU
		{CBFA3F16-B154-4127-8419-BEB716F791DF}.Release|x64.ActiveCfg = Release|x64
		{CBFA3F16-B154-4127-8419-BEB716F791DF}.Release|x64.Build.0 = Release|x64
		{CBFA3F16-B154-4127-8419-BEB716F791DF}.Release|x86.ActiveCfg = Release|x86
		{CBFA3F16-B154-4127-8419-BEB716F791DF}.Release|x86.Build.0 = Release|x86
		{F999D14C-A1F2-4C95-912D-DDA2F1B28B9F}.Debug|Any CPU.ActiveCfg = Debug|Any CPU
		{F999D14C-A1F2-4C95-912D-DDA2F1B28B9F}.Debug|Any CPU.Build.0 = Debug|Any CPU
		{F999D14C-A1F2-4C95-912D-DDA2F1B28B9F}.Debug|Itanium.ActiveCfg = Debug|Any CPU
		{F999D14C-A1F2-4C95-912D-DDA2F1B28B9F}.Debug|Mixed Platforms.ActiveCfg = Debug|Any CPU
		{F999D14C-A1F2-4C95-912D-DDA2F1B28B9F}.Debug|Mixed Platforms.Build.0 = Debug|Any CPU
		{F999D14C-A1F2-4C95-912D-DDA2F1B28B9F}.Debug|x64.ActiveCfg = Debug|x64
		{F999D14C-A1F2-4C95-912D-DDA2F1B28B9F}.Debug|x64.Build.0 = Debug|x64
		{F999D14C-A1F2-4C95-912D-DDA2F1B28B9F}.Debug|x86.ActiveCfg = Debug|x86
		{F999D14C-A1F2-4C95-912D-DDA2F1B28B9F}.Debug|x86.Build.0 = Debug|x86
		{F999D14C-A1F2-4C95-912D-DDA2F1B28B9F}.DebugDevTrace|Any CPU.ActiveCfg = DebugDevTrace|Any CPU
		{F999D14C-A1F2-4C95-912D-DDA2F1B28B9F}.DebugDevTrace|Any CPU.Build.0 = DebugDevTrace|Any CPU
		{F999D14C-A1F2-4C95-912D-DDA2F1B28B9F}.DebugDevTrace|Itanium.ActiveCfg = DebugDevTrace|Any CPU
		{F999D14C-A1F2-4C95-912D-DDA2F1B28B9F}.DebugDevTrace|Mixed Platforms.ActiveCfg = DebugDevTrace|x86
		{F999D14C-A1F2-4C95-912D-DDA2F1B28B9F}.DebugDevTrace|Mixed Platforms.Build.0 = DebugDevTrace|x86
		{F999D14C-A1F2-4C95-912D-DDA2F1B28B9F}.DebugDevTrace|x64.ActiveCfg = DebugDevTrace|x64
		{F999D14C-A1F2-4C95-912D-DDA2F1B28B9F}.DebugDevTrace|x64.Build.0 = DebugDevTrace|x64
		{F999D14C-A1F2-4C95-912D-DDA2F1B28B9F}.DebugDevTrace|x86.ActiveCfg = DebugDevTrace|x86
		{F999D14C-A1F2-4C95-912D-DDA2F1B28B9F}.DebugDevTrace|x86.Build.0 = DebugDevTrace|x86
		{F999D14C-A1F2-4C95-912D-DDA2F1B28B9F}.Release|Any CPU.ActiveCfg = Release|Any CPU
		{F999D14C-A1F2-4C95-912D-DDA2F1B28B9F}.Release|Any CPU.Build.0 = Release|Any CPU
		{F999D14C-A1F2-4C95-912D-DDA2F1B28B9F}.Release|Itanium.ActiveCfg = Release|Any CPU
		{F999D14C-A1F2-4C95-912D-DDA2F1B28B9F}.Release|Mixed Platforms.ActiveCfg = Release|Any CPU
		{F999D14C-A1F2-4C95-912D-DDA2F1B28B9F}.Release|Mixed Platforms.Build.0 = Release|Any CPU
		{F999D14C-A1F2-4C95-912D-DDA2F1B28B9F}.Release|x64.ActiveCfg = Release|x64
		{F999D14C-A1F2-4C95-912D-DDA2F1B28B9F}.Release|x64.Build.0 = Release|x64
		{F999D14C-A1F2-4C95-912D-DDA2F1B28B9F}.Release|x86.ActiveCfg = Release|x86
		{F999D14C-A1F2-4C95-912D-DDA2F1B28B9F}.Release|x86.Build.0 = Release|x86
		{E1195625-FCE6-4073-9A87-76E17782AEF8}.Debug|Any CPU.ActiveCfg = Debug|Any CPU
		{E1195625-FCE6-4073-9A87-76E17782AEF8}.Debug|Any CPU.Build.0 = Debug|Any CPU
		{E1195625-FCE6-4073-9A87-76E17782AEF8}.Debug|Itanium.ActiveCfg = Debug|Any CPU
		{E1195625-FCE6-4073-9A87-76E17782AEF8}.Debug|Mixed Platforms.ActiveCfg = Debug|Any CPU
		{E1195625-FCE6-4073-9A87-76E17782AEF8}.Debug|Mixed Platforms.Build.0 = Debug|Any CPU
		{E1195625-FCE6-4073-9A87-76E17782AEF8}.Debug|x64.ActiveCfg = Debug|x64
		{E1195625-FCE6-4073-9A87-76E17782AEF8}.Debug|x64.Build.0 = Debug|x64
		{E1195625-FCE6-4073-9A87-76E17782AEF8}.Debug|x86.ActiveCfg = Debug|x86
		{E1195625-FCE6-4073-9A87-76E17782AEF8}.Debug|x86.Build.0 = Debug|x86
		{E1195625-FCE6-4073-9A87-76E17782AEF8}.DebugDevTrace|Any CPU.ActiveCfg = DebugDevTrace|Any CPU
		{E1195625-FCE6-4073-9A87-76E17782AEF8}.DebugDevTrace|Any CPU.Build.0 = DebugDevTrace|Any CPU
		{E1195625-FCE6-4073-9A87-76E17782AEF8}.DebugDevTrace|Itanium.ActiveCfg = DebugDevTrace|Any CPU
		{E1195625-FCE6-4073-9A87-76E17782AEF8}.DebugDevTrace|Mixed Platforms.ActiveCfg = DebugDevTrace|x86
		{E1195625-FCE6-4073-9A87-76E17782AEF8}.DebugDevTrace|Mixed Platforms.Build.0 = DebugDevTrace|x86
		{E1195625-FCE6-4073-9A87-76E17782AEF8}.DebugDevTrace|x64.ActiveCfg = DebugDevTrace|x64
		{E1195625-FCE6-4073-9A87-76E17782AEF8}.DebugDevTrace|x64.Build.0 = DebugDevTrace|x64
		{E1195625-FCE6-4073-9A87-76E17782AEF8}.DebugDevTrace|x86.ActiveCfg = DebugDevTrace|x86
		{E1195625-FCE6-4073-9A87-76E17782AEF8}.DebugDevTrace|x86.Build.0 = DebugDevTrace|x86
		{E1195625-FCE6-4073-9A87-76E17782AEF8}.Release|Any CPU.ActiveCfg = Release|Any CPU
		{E1195625-FCE6-4073-9A87-76E17782AEF8}.Release|Any CPU.Build.0 = Release|Any CPU
		{E1195625-FCE6-4073-9A87-76E17782AEF8}.Release|Itanium.ActiveCfg = Release|Any CPU
		{E1195625-FCE6-4073-9A87-76E17782AEF8}.Release|Mixed Platforms.ActiveCfg = Release|Any CPU
		{E1195625-FCE6-4073-9A87-76E17782AEF8}.Release|Mixed Platforms.Build.0 = Release|Any CPU
		{E1195625-FCE6-4073-9A87-76E17782AEF8}.Release|x64.ActiveCfg = Release|x64
		{E1195625-FCE6-4073-9A87-76E17782AEF8}.Release|x64.Build.0 = Release|x64
		{E1195625-FCE6-4073-9A87-76E17782AEF8}.Release|x86.ActiveCfg = Release|x86
		{E1195625-FCE6-4073-9A87-76E17782AEF8}.Release|x86.Build.0 = Release|x86
		{8D541A86-E1CF-4EF2-A817-D79B3F237D9B}.Debug|Any CPU.ActiveCfg = Debug|Any CPU
		{8D541A86-E1CF-4EF2-A817-D79B3F237D9B}.Debug|Any CPU.Build.0 = Debug|Any CPU
		{8D541A86-E1CF-4EF2-A817-D79B3F237D9B}.Debug|Itanium.ActiveCfg = Debug|Any CPU
		{8D541A86-E1CF-4EF2-A817-D79B3F237D9B}.Debug|Mixed Platforms.ActiveCfg = Debug|Any CPU
		{8D541A86-E1CF-4EF2-A817-D79B3F237D9B}.Debug|Mixed Platforms.Build.0 = Debug|Any CPU
		{8D541A86-E1CF-4EF2-A817-D79B3F237D9B}.Debug|x64.ActiveCfg = Debug|x64
		{8D541A86-E1CF-4EF2-A817-D79B3F237D9B}.Debug|x64.Build.0 = Debug|x64
		{8D541A86-E1CF-4EF2-A817-D79B3F237D9B}.Debug|x86.ActiveCfg = Debug|x86
		{8D541A86-E1CF-4EF2-A817-D79B3F237D9B}.Debug|x86.Build.0 = Debug|x86
		{8D541A86-E1CF-4EF2-A817-D79B3F237D9B}.DebugDevTrace|Any CPU.ActiveCfg = DebugDevTrace|Any CPU
		{8D541A86-E1CF-4EF2-A817-D79B3F237D9B}.DebugDevTrace|Any CPU.Build.0 = DebugDevTrace|Any CPU
		{8D541A86-E1CF-4EF2-A817-D79B3F237D9B}.DebugDevTrace|Itanium.ActiveCfg = DebugDevTrace|Any CPU
		{8D541A86-E1CF-4EF2-A817-D79B3F237D9B}.DebugDevTrace|Mixed Platforms.ActiveCfg = DebugDevTrace|x86
		{8D541A86-E1CF-4EF2-A817-D79B3F237D9B}.DebugDevTrace|Mixed Platforms.Build.0 = DebugDevTrace|x86
		{8D541A86-E1CF-4EF2-A817-D79B3F237D9B}.DebugDevTrace|x64.ActiveCfg = DebugDevTrace|x64
		{8D541A86-E1CF-4EF2-A817-D79B3F237D9B}.DebugDevTrace|x64.Build.0 = DebugDevTrace|x64
		{8D541A86-E1CF-4EF2-A817-D79B3F237D9B}.DebugDevTrace|x86.ActiveCfg = DebugDevTrace|x86
		{8D541A86-E1CF-4EF2-A817-D79B3F237D9B}.DebugDevTrace|x86.Build.0 = DebugDevTrace|x86
		{8D541A86-E1CF-4EF2-A817-D79B3F237D9B}.Release|Any CPU.ActiveCfg = Release|Any CPU
		{8D541A86-E1CF-4EF2-A817-D79B3F237D9B}.Release|Any CPU.Build.0 = Release|Any CPU
		{8D541A86-E1CF-4EF2-A817-D79B3F237D9B}.Release|Itanium.ActiveCfg = Release|Any CPU
		{8D541A86-E1CF-4EF2-A817-D79B3F237D9B}.Release|Mixed Platforms.ActiveCfg = Release|Any CPU
		{8D541A86-E1CF-4EF2-A817-D79B3F237D9B}.Release|Mixed Platforms.Build.0 = Release|Any CPU
		{8D541A86-E1CF-4EF2-A817-D79B3F237D9B}.Release|x64.ActiveCfg = Release|x64
		{8D541A86-E1CF-4EF2-A817-D79B3F237D9B}.Release|x64.Build.0 = Release|x64
		{8D541A86-E1CF-4EF2-A817-D79B3F237D9B}.Release|x86.ActiveCfg = Release|x86
		{8D541A86-E1CF-4EF2-A817-D79B3F237D9B}.Release|x86.Build.0 = Release|x86
		{B9AB0B32-D315-4ED1-83F6-5DBB2F832070}.Debug|Any CPU.ActiveCfg = Debug|Any CPU
		{B9AB0B32-D315-4ED1-83F6-5DBB2F832070}.Debug|Any CPU.Build.0 = Debug|Any CPU
		{B9AB0B32-D315-4ED1-83F6-5DBB2F832070}.Debug|Itanium.ActiveCfg = Debug|Any CPU
		{B9AB0B32-D315-4ED1-83F6-5DBB2F832070}.Debug|Mixed Platforms.ActiveCfg = Debug|Any CPU
		{B9AB0B32-D315-4ED1-83F6-5DBB2F832070}.Debug|Mixed Platforms.Build.0 = Debug|Any CPU
		{B9AB0B32-D315-4ED1-83F6-5DBB2F832070}.Debug|x64.ActiveCfg = Debug|x64
		{B9AB0B32-D315-4ED1-83F6-5DBB2F832070}.Debug|x64.Build.0 = Debug|x64
		{B9AB0B32-D315-4ED1-83F6-5DBB2F832070}.Debug|x86.ActiveCfg = Debug|x86
		{B9AB0B32-D315-4ED1-83F6-5DBB2F832070}.Debug|x86.Build.0 = Debug|x86
		{B9AB0B32-D315-4ED1-83F6-5DBB2F832070}.DebugDevTrace|Any CPU.ActiveCfg = Debug|Any CPU
		{B9AB0B32-D315-4ED1-83F6-5DBB2F832070}.DebugDevTrace|Any CPU.Build.0 = Debug|Any CPU
		{B9AB0B32-D315-4ED1-83F6-5DBB2F832070}.DebugDevTrace|Itanium.ActiveCfg = Debug|Any CPU
		{B9AB0B32-D315-4ED1-83F6-5DBB2F832070}.DebugDevTrace|Mixed Platforms.ActiveCfg = Debug|x86
		{B9AB0B32-D315-4ED1-83F6-5DBB2F832070}.DebugDevTrace|Mixed Platforms.Build.0 = Debug|x86
		{B9AB0B32-D315-4ED1-83F6-5DBB2F832070}.DebugDevTrace|x64.ActiveCfg = Debug|x64
		{B9AB0B32-D315-4ED1-83F6-5DBB2F832070}.DebugDevTrace|x64.Build.0 = Debug|x64
		{B9AB0B32-D315-4ED1-83F6-5DBB2F832070}.DebugDevTrace|x86.ActiveCfg = Debug|x86
		{B9AB0B32-D315-4ED1-83F6-5DBB2F832070}.DebugDevTrace|x86.Build.0 = Debug|x86
		{B9AB0B32-D315-4ED1-83F6-5DBB2F832070}.Release|Any CPU.ActiveCfg = Release|Any CPU
		{B9AB0B32-D315-4ED1-83F6-5DBB2F832070}.Release|Any CPU.Build.0 = Release|Any CPU
		{B9AB0B32-D315-4ED1-83F6-5DBB2F832070}.Release|Itanium.ActiveCfg = Release|Any CPU
		{B9AB0B32-D315-4ED1-83F6-5DBB2F832070}.Release|Mixed Platforms.ActiveCfg = Release|Any CPU
		{B9AB0B32-D315-4ED1-83F6-5DBB2F832070}.Release|Mixed Platforms.Build.0 = Release|Any CPU
		{B9AB0B32-D315-4ED1-83F6-5DBB2F832070}.Release|x64.ActiveCfg = Release|x64
		{B9AB0B32-D315-4ED1-83F6-5DBB2F832070}.Release|x64.Build.0 = Release|x64
		{B9AB0B32-D315-4ED1-83F6-5DBB2F832070}.Release|x86.ActiveCfg = Release|x86
		{B9AB0B32-D315-4ED1-83F6-5DBB2F832070}.Release|x86.Build.0 = Release|x86
		{5767AA9A-B6F6-46F1-B3E6-4E76FA049263}.Debug|Any CPU.ActiveCfg = Debug|Any CPU
		{5767AA9A-B6F6-46F1-B3E6-4E76FA049263}.Debug|Any CPU.Build.0 = Debug|Any CPU
		{5767AA9A-B6F6-46F1-B3E6-4E76FA049263}.Debug|Itanium.ActiveCfg = Debug|Any CPU
		{5767AA9A-B6F6-46F1-B3E6-4E76FA049263}.Debug|Mixed Platforms.ActiveCfg = Debug|Any CPU
		{5767AA9A-B6F6-46F1-B3E6-4E76FA049263}.Debug|Mixed Platforms.Build.0 = Debug|Any CPU
		{5767AA9A-B6F6-46F1-B3E6-4E76FA049263}.Debug|x64.ActiveCfg = Debug|x64
		{5767AA9A-B6F6-46F1-B3E6-4E76FA049263}.Debug|x64.Build.0 = Debug|x64
		{5767AA9A-B6F6-46F1-B3E6-4E76FA049263}.Debug|x86.ActiveCfg = Debug|x86
		{5767AA9A-B6F6-46F1-B3E6-4E76FA049263}.Debug|x86.Build.0 = Debug|x86
		{5767AA9A-B6F6-46F1-B3E6-4E76FA049263}.DebugDevTrace|Any CPU.ActiveCfg = DebugDevTrace|Any CPU
		{5767AA9A-B6F6-46F1-B3E6-4E76FA049263}.DebugDevTrace|Any CPU.Build.0 = DebugDevTrace|Any CPU
		{5767AA9A-B6F6-46F1-B3E6-4E76FA049263}.DebugDevTrace|Itanium.ActiveCfg = DebugDevTrace|Any CPU
		{5767AA9A-B6F6-46F1-B3E6-4E76FA049263}.DebugDevTrace|Mixed Platforms.ActiveCfg = DebugDevTrace|x86
		{5767AA9A-B6F6-46F1-B3E6-4E76FA049263}.DebugDevTrace|Mixed Platforms.Build.0 = DebugDevTrace|x86
		{5767AA9A-B6F6-46F1-B3E6-4E76FA049263}.DebugDevTrace|x64.ActiveCfg = DebugDevTrace|x64
		{5767AA9A-B6F6-46F1-B3E6-4E76FA049263}.DebugDevTrace|x64.Build.0 = DebugDevTrace|x64
		{5767AA9A-B6F6-46F1-B3E6-4E76FA049263}.DebugDevTrace|x86.ActiveCfg = DebugDevTrace|x86
		{5767AA9A-B6F6-46F1-B3E6-4E76FA049263}.DebugDevTrace|x86.Build.0 = DebugDevTrace|x86
		{5767AA9A-B6F6-46F1-B3E6-4E76FA049263}.Release|Any CPU.ActiveCfg = Release|Any CPU
		{5767AA9A-B6F6-46F1-B3E6-4E76FA049263}.Release|Any CPU.Build.0 = Release|Any CPU
		{5767AA9A-B6F6-46F1-B3E6-4E76FA049263}.Release|Itanium.ActiveCfg = Release|Any CPU
		{5767AA9A-B6F6-46F1-B3E6-4E76FA049263}.Release|Mixed Platforms.ActiveCfg = Release|Any CPU
		{5767AA9A-B6F6-46F1-B3E6-4E76FA049263}.Release|Mixed Platforms.Build.0 = Release|Any CPU
		{5767AA9A-B6F6-46F1-B3E6-4E76FA049263}.Release|x64.ActiveCfg = Release|x64
		{5767AA9A-B6F6-46F1-B3E6-4E76FA049263}.Release|x64.Build.0 = Release|x64
		{5767AA9A-B6F6-46F1-B3E6-4E76FA049263}.Release|x86.ActiveCfg = Release|x86
		{5767AA9A-B6F6-46F1-B3E6-4E76FA049263}.Release|x86.Build.0 = Release|x86
		{BA8FED53-458E-4CB3-8EB3-CBFCADD87E5D}.Debug|Any CPU.ActiveCfg = Debug|Any CPU
		{BA8FED53-458E-4CB3-8EB3-CBFCADD87E5D}.Debug|Any CPU.Build.0 = Debug|Any CPU
		{BA8FED53-458E-4CB3-8EB3-CBFCADD87E5D}.Debug|Itanium.ActiveCfg = Debug|Itanium
		{BA8FED53-458E-4CB3-8EB3-CBFCADD87E5D}.Debug|Itanium.Build.0 = Debug|Itanium
		{BA8FED53-458E-4CB3-8EB3-CBFCADD87E5D}.Debug|Mixed Platforms.ActiveCfg = Debug|Any CPU
		{BA8FED53-458E-4CB3-8EB3-CBFCADD87E5D}.Debug|Mixed Platforms.Build.0 = Debug|Any CPU
		{BA8FED53-458E-4CB3-8EB3-CBFCADD87E5D}.Debug|x64.ActiveCfg = Debug|x64
		{BA8FED53-458E-4CB3-8EB3-CBFCADD87E5D}.Debug|x64.Build.0 = Debug|x64
		{BA8FED53-458E-4CB3-8EB3-CBFCADD87E5D}.Debug|x86.ActiveCfg = Debug|x86
		{BA8FED53-458E-4CB3-8EB3-CBFCADD87E5D}.Debug|x86.Build.0 = Debug|x86
		{BA8FED53-458E-4CB3-8EB3-CBFCADD87E5D}.DebugDevTrace|Any CPU.ActiveCfg = Debug|Any CPU
		{BA8FED53-458E-4CB3-8EB3-CBFCADD87E5D}.DebugDevTrace|Any CPU.Build.0 = Debug|Any CPU
		{BA8FED53-458E-4CB3-8EB3-CBFCADD87E5D}.DebugDevTrace|Itanium.ActiveCfg = Debug|Itanium
		{BA8FED53-458E-4CB3-8EB3-CBFCADD87E5D}.DebugDevTrace|Itanium.Build.0 = Debug|Itanium
		{BA8FED53-458E-4CB3-8EB3-CBFCADD87E5D}.DebugDevTrace|Mixed Platforms.ActiveCfg = Debug|x86
		{BA8FED53-458E-4CB3-8EB3-CBFCADD87E5D}.DebugDevTrace|Mixed Platforms.Build.0 = Debug|x86
		{BA8FED53-458E-4CB3-8EB3-CBFCADD87E5D}.DebugDevTrace|x64.ActiveCfg = Debug|x64
		{BA8FED53-458E-4CB3-8EB3-CBFCADD87E5D}.DebugDevTrace|x64.Build.0 = Debug|x64
		{BA8FED53-458E-4CB3-8EB3-CBFCADD87E5D}.DebugDevTrace|x86.ActiveCfg = Debug|x86
		{BA8FED53-458E-4CB3-8EB3-CBFCADD87E5D}.DebugDevTrace|x86.Build.0 = Debug|x86
		{BA8FED53-458E-4CB3-8EB3-CBFCADD87E5D}.Release|Any CPU.ActiveCfg = Release|Any CPU
		{BA8FED53-458E-4CB3-8EB3-CBFCADD87E5D}.Release|Any CPU.Build.0 = Release|Any CPU
		{BA8FED53-458E-4CB3-8EB3-CBFCADD87E5D}.Release|Itanium.ActiveCfg = Release|Itanium
		{BA8FED53-458E-4CB3-8EB3-CBFCADD87E5D}.Release|Itanium.Build.0 = Release|Itanium
		{BA8FED53-458E-4CB3-8EB3-CBFCADD87E5D}.Release|Mixed Platforms.ActiveCfg = Release|Any CPU
		{BA8FED53-458E-4CB3-8EB3-CBFCADD87E5D}.Release|Mixed Platforms.Build.0 = Release|Any CPU
		{BA8FED53-458E-4CB3-8EB3-CBFCADD87E5D}.Release|x64.ActiveCfg = Release|x64
		{BA8FED53-458E-4CB3-8EB3-CBFCADD87E5D}.Release|x64.Build.0 = Release|x64
		{BA8FED53-458E-4CB3-8EB3-CBFCADD87E5D}.Release|x86.ActiveCfg = Release|x86
		{BA8FED53-458E-4CB3-8EB3-CBFCADD87E5D}.Release|x86.Build.0 = Release|x86
		{FCE1D24E-CC6B-47BC-9CE4-427E5D56B71E}.Debug|Any CPU.ActiveCfg = Debug|Any CPU
		{FCE1D24E-CC6B-47BC-9CE4-427E5D56B71E}.Debug|Any CPU.Build.0 = Debug|Any CPU
		{FCE1D24E-CC6B-47BC-9CE4-427E5D56B71E}.Debug|Itanium.ActiveCfg = Debug|Any CPU
		{FCE1D24E-CC6B-47BC-9CE4-427E5D56B71E}.Debug|Mixed Platforms.ActiveCfg = Debug|Any CPU
		{FCE1D24E-CC6B-47BC-9CE4-427E5D56B71E}.Debug|Mixed Platforms.Build.0 = Debug|Any CPU
		{FCE1D24E-CC6B-47BC-9CE4-427E5D56B71E}.Debug|x64.ActiveCfg = Debug|x64
		{FCE1D24E-CC6B-47BC-9CE4-427E5D56B71E}.Debug|x64.Build.0 = Debug|x64
		{FCE1D24E-CC6B-47BC-9CE4-427E5D56B71E}.Debug|x86.ActiveCfg = Debug|x86
		{FCE1D24E-CC6B-47BC-9CE4-427E5D56B71E}.Debug|x86.Build.0 = Debug|x86
		{FCE1D24E-CC6B-47BC-9CE4-427E5D56B71E}.DebugDevTrace|Any CPU.ActiveCfg = Debug|Any CPU
		{FCE1D24E-CC6B-47BC-9CE4-427E5D56B71E}.DebugDevTrace|Any CPU.Build.0 = Debug|Any CPU
		{FCE1D24E-CC6B-47BC-9CE4-427E5D56B71E}.DebugDevTrace|Itanium.ActiveCfg = Debug|Any CPU
		{FCE1D24E-CC6B-47BC-9CE4-427E5D56B71E}.DebugDevTrace|Mixed Platforms.ActiveCfg = Debug|x86
		{FCE1D24E-CC6B-47BC-9CE4-427E5D56B71E}.DebugDevTrace|Mixed Platforms.Build.0 = Debug|x86
		{FCE1D24E-CC6B-47BC-9CE4-427E5D56B71E}.DebugDevTrace|x64.ActiveCfg = Debug|x64
		{FCE1D24E-CC6B-47BC-9CE4-427E5D56B71E}.DebugDevTrace|x64.Build.0 = Debug|x64
		{FCE1D24E-CC6B-47BC-9CE4-427E5D56B71E}.DebugDevTrace|x86.ActiveCfg = Debug|x86
		{FCE1D24E-CC6B-47BC-9CE4-427E5D56B71E}.DebugDevTrace|x86.Build.0 = Debug|x86
		{FCE1D24E-CC6B-47BC-9CE4-427E5D56B71E}.Release|Any CPU.ActiveCfg = Release|Any CPU
		{FCE1D24E-CC6B-47BC-9CE4-427E5D56B71E}.Release|Any CPU.Build.0 = Release|Any CPU
		{FCE1D24E-CC6B-47BC-9CE4-427E5D56B71E}.Release|Itanium.ActiveCfg = Release|Any CPU
		{FCE1D24E-CC6B-47BC-9CE4-427E5D56B71E}.Release|Mixed Platforms.ActiveCfg = Release|Any CPU
		{FCE1D24E-CC6B-47BC-9CE4-427E5D56B71E}.Release|Mixed Platforms.Build.0 = Release|Any CPU
		{FCE1D24E-CC6B-47BC-9CE4-427E5D56B71E}.Release|x64.ActiveCfg = Release|x64
		{FCE1D24E-CC6B-47BC-9CE4-427E5D56B71E}.Release|x64.Build.0 = Release|x64
		{FCE1D24E-CC6B-47BC-9CE4-427E5D56B71E}.Release|x86.ActiveCfg = Release|x86
		{FCE1D24E-CC6B-47BC-9CE4-427E5D56B71E}.Release|x86.Build.0 = Release|x86
		{561233E4-4FB4-47CC-ADCD-F6A0E8D8AC87}.Debug|Any CPU.ActiveCfg = Debug|Any CPU
		{561233E4-4FB4-47CC-ADCD-F6A0E8D8AC87}.Debug|Any CPU.Build.0 = Debug|Any CPU
		{561233E4-4FB4-47CC-ADCD-F6A0E8D8AC87}.Debug|Itanium.ActiveCfg = Debug|Any CPU
		{561233E4-4FB4-47CC-ADCD-F6A0E8D8AC87}.Debug|Mixed Platforms.ActiveCfg = Debug|Any CPU
		{561233E4-4FB4-47CC-ADCD-F6A0E8D8AC87}.Debug|Mixed Platforms.Build.0 = Debug|Any CPU
		{561233E4-4FB4-47CC-ADCD-F6A0E8D8AC87}.Debug|x64.ActiveCfg = Debug|x64
		{561233E4-4FB4-47CC-ADCD-F6A0E8D8AC87}.Debug|x64.Build.0 = Debug|x64
		{561233E4-4FB4-47CC-ADCD-F6A0E8D8AC87}.Debug|x86.ActiveCfg = Debug|x86
		{561233E4-4FB4-47CC-ADCD-F6A0E8D8AC87}.Debug|x86.Build.0 = Debug|x86
		{561233E4-4FB4-47CC-ADCD-F6A0E8D8AC87}.DebugDevTrace|Any CPU.ActiveCfg = Debug|Any CPU
		{561233E4-4FB4-47CC-ADCD-F6A0E8D8AC87}.DebugDevTrace|Any CPU.Build.0 = Debug|Any CPU
		{561233E4-4FB4-47CC-ADCD-F6A0E8D8AC87}.DebugDevTrace|Itanium.ActiveCfg = Debug|Any CPU
		{561233E4-4FB4-47CC-ADCD-F6A0E8D8AC87}.DebugDevTrace|Mixed Platforms.ActiveCfg = Debug|x86
		{561233E4-4FB4-47CC-ADCD-F6A0E8D8AC87}.DebugDevTrace|Mixed Platforms.Build.0 = Debug|x86
		{561233E4-4FB4-47CC-ADCD-F6A0E8D8AC87}.DebugDevTrace|x64.ActiveCfg = Debug|x64
		{561233E4-4FB4-47CC-ADCD-F6A0E8D8AC87}.DebugDevTrace|x64.Build.0 = Debug|x64
		{561233E4-4FB4-47CC-ADCD-F6A0E8D8AC87}.DebugDevTrace|x86.ActiveCfg = Debug|x86
		{561233E4-4FB4-47CC-ADCD-F6A0E8D8AC87}.DebugDevTrace|x86.Build.0 = Debug|x86
		{561233E4-4FB4-47CC-ADCD-F6A0E8D8AC87}.Release|Any CPU.ActiveCfg = Release|Any CPU
		{561233E4-4FB4-47CC-ADCD-F6A0E8D8AC87}.Release|Any CPU.Build.0 = Release|Any CPU
		{561233E4-4FB4-47CC-ADCD-F6A0E8D8AC87}.Release|Itanium.ActiveCfg = Release|Any CPU
		{561233E4-4FB4-47CC-ADCD-F6A0E8D8AC87}.Release|Mixed Platforms.ActiveCfg = Release|Any CPU
		{561233E4-4FB4-47CC-ADCD-F6A0E8D8AC87}.Release|Mixed Platforms.Build.0 = Release|Any CPU
		{561233E4-4FB4-47CC-ADCD-F6A0E8D8AC87}.Release|x64.ActiveCfg = Release|x64
		{561233E4-4FB4-47CC-ADCD-F6A0E8D8AC87}.Release|x64.Build.0 = Release|x64
		{561233E4-4FB4-47CC-ADCD-F6A0E8D8AC87}.Release|x86.ActiveCfg = Release|x86
		{561233E4-4FB4-47CC-ADCD-F6A0E8D8AC87}.Release|x86.Build.0 = Release|x86
		{363CA13D-7AEE-4229-8279-FBF7754F4426}.Debug|Any CPU.ActiveCfg = Debug|Any CPU
		{363CA13D-7AEE-4229-8279-FBF7754F4426}.Debug|Any CPU.Build.0 = Debug|Any CPU
		{363CA13D-7AEE-4229-8279-FBF7754F4426}.Debug|Itanium.ActiveCfg = Debug|Any CPU
		{363CA13D-7AEE-4229-8279-FBF7754F4426}.Debug|Mixed Platforms.ActiveCfg = Debug|Any CPU
		{363CA13D-7AEE-4229-8279-FBF7754F4426}.Debug|Mixed Platforms.Build.0 = Debug|Any CPU
		{363CA13D-7AEE-4229-8279-FBF7754F4426}.Debug|x64.ActiveCfg = Debug|x64
		{363CA13D-7AEE-4229-8279-FBF7754F4426}.Debug|x64.Build.0 = Debug|x64
		{363CA13D-7AEE-4229-8279-FBF7754F4426}.Debug|x86.ActiveCfg = Debug|x86
		{363CA13D-7AEE-4229-8279-FBF7754F4426}.Debug|x86.Build.0 = Debug|x86
		{363CA13D-7AEE-4229-8279-FBF7754F4426}.DebugDevTrace|Any CPU.ActiveCfg = Debug|Any CPU
		{363CA13D-7AEE-4229-8279-FBF7754F4426}.DebugDevTrace|Any CPU.Build.0 = Debug|Any CPU
		{363CA13D-7AEE-4229-8279-FBF7754F4426}.DebugDevTrace|Itanium.ActiveCfg = Debug|Any CPU
		{363CA13D-7AEE-4229-8279-FBF7754F4426}.DebugDevTrace|Mixed Platforms.ActiveCfg = Debug|x86
		{363CA13D-7AEE-4229-8279-FBF7754F4426}.DebugDevTrace|Mixed Platforms.Build.0 = Debug|x86
		{363CA13D-7AEE-4229-8279-FBF7754F4426}.DebugDevTrace|x64.ActiveCfg = Debug|x64
		{363CA13D-7AEE-4229-8279-FBF7754F4426}.DebugDevTrace|x64.Build.0 = Debug|x64
		{363CA13D-7AEE-4229-8279-FBF7754F4426}.DebugDevTrace|x86.ActiveCfg = Debug|x86
		{363CA13D-7AEE-4229-8279-FBF7754F4426}.DebugDevTrace|x86.Build.0 = Debug|x86
		{363CA13D-7AEE-4229-8279-FBF7754F4426}.Release|Any CPU.ActiveCfg = Release|Any CPU
		{363CA13D-7AEE-4229-8279-FBF7754F4426}.Release|Any CPU.Build.0 = Release|Any CPU
		{363CA13D-7AEE-4229-8279-FBF7754F4426}.Release|Itanium.ActiveCfg = Release|Any CPU
		{363CA13D-7AEE-4229-8279-FBF7754F4426}.Release|Mixed Platforms.ActiveCfg = Release|Any CPU
		{363CA13D-7AEE-4229-8279-FBF7754F4426}.Release|Mixed Platforms.Build.0 = Release|Any CPU
		{363CA13D-7AEE-4229-8279-FBF7754F4426}.Release|x64.ActiveCfg = Release|x64
		{363CA13D-7AEE-4229-8279-FBF7754F4426}.Release|x64.Build.0 = Release|x64
		{363CA13D-7AEE-4229-8279-FBF7754F4426}.Release|x86.ActiveCfg = Release|x86
		{363CA13D-7AEE-4229-8279-FBF7754F4426}.Release|x86.Build.0 = Release|x86
		{931CD0AA-49BF-4038-A1FA-E8EC6C4F59DE}.Debug|Any CPU.ActiveCfg = Debug|Any CPU
		{931CD0AA-49BF-4038-A1FA-E8EC6C4F59DE}.Debug|Any CPU.Build.0 = Debug|Any CPU
		{931CD0AA-49BF-4038-A1FA-E8EC6C4F59DE}.Debug|Itanium.ActiveCfg = Debug|Any CPU
		{931CD0AA-49BF-4038-A1FA-E8EC6C4F59DE}.Debug|Mixed Platforms.ActiveCfg = Debug|x86
		{931CD0AA-49BF-4038-A1FA-E8EC6C4F59DE}.Debug|Mixed Platforms.Build.0 = Debug|x86
		{931CD0AA-49BF-4038-A1FA-E8EC6C4F59DE}.Debug|x64.ActiveCfg = Debug|x64
		{931CD0AA-49BF-4038-A1FA-E8EC6C4F59DE}.Debug|x64.Build.0 = Debug|x64
		{931CD0AA-49BF-4038-A1FA-E8EC6C4F59DE}.Debug|x86.ActiveCfg = Debug|x86
		{931CD0AA-49BF-4038-A1FA-E8EC6C4F59DE}.Debug|x86.Build.0 = Debug|x86
		{931CD0AA-49BF-4038-A1FA-E8EC6C4F59DE}.DebugDevTrace|Any CPU.ActiveCfg = Debug|Any CPU
		{931CD0AA-49BF-4038-A1FA-E8EC6C4F59DE}.DebugDevTrace|Any CPU.Build.0 = Debug|Any CPU
		{931CD0AA-49BF-4038-A1FA-E8EC6C4F59DE}.DebugDevTrace|Itanium.ActiveCfg = Debug|Any CPU
		{931CD0AA-49BF-4038-A1FA-E8EC6C4F59DE}.DebugDevTrace|Mixed Platforms.ActiveCfg = Debug|x86
		{931CD0AA-49BF-4038-A1FA-E8EC6C4F59DE}.DebugDevTrace|Mixed Platforms.Build.0 = Debug|x86
		{931CD0AA-49BF-4038-A1FA-E8EC6C4F59DE}.DebugDevTrace|x64.ActiveCfg = Debug|x64
		{931CD0AA-49BF-4038-A1FA-E8EC6C4F59DE}.DebugDevTrace|x64.Build.0 = Debug|x64
		{931CD0AA-49BF-4038-A1FA-E8EC6C4F59DE}.DebugDevTrace|x86.ActiveCfg = Debug|x86
		{931CD0AA-49BF-4038-A1FA-E8EC6C4F59DE}.DebugDevTrace|x86.Build.0 = Debug|x86
		{931CD0AA-49BF-4038-A1FA-E8EC6C4F59DE}.Release|Any CPU.ActiveCfg = Release|Any CPU
		{931CD0AA-49BF-4038-A1FA-E8EC6C4F59DE}.Release|Any CPU.Build.0 = Release|Any CPU
		{931CD0AA-49BF-4038-A1FA-E8EC6C4F59DE}.Release|Itanium.ActiveCfg = Release|Any CPU
		{931CD0AA-49BF-4038-A1FA-E8EC6C4F59DE}.Release|Mixed Platforms.ActiveCfg = Release|x86
		{931CD0AA-49BF-4038-A1FA-E8EC6C4F59DE}.Release|Mixed Platforms.Build.0 = Release|x86
		{931CD0AA-49BF-4038-A1FA-E8EC6C4F59DE}.Release|x64.ActiveCfg = Release|x64
		{931CD0AA-49BF-4038-A1FA-E8EC6C4F59DE}.Release|x64.Build.0 = Release|x64
		{931CD0AA-49BF-4038-A1FA-E8EC6C4F59DE}.Release|x86.ActiveCfg = Release|x86
		{931CD0AA-49BF-4038-A1FA-E8EC6C4F59DE}.Release|x86.Build.0 = Release|x86
		{ABE9E888-50BB-4806-8345-D8D69A23F39A}.Debug|Any CPU.ActiveCfg = Debug|Any CPU
		{ABE9E888-50BB-4806-8345-D8D69A23F39A}.Debug|Any CPU.Build.0 = Debug|Any CPU
		{ABE9E888-50BB-4806-8345-D8D69A23F39A}.Debug|Itanium.ActiveCfg = Debug|Any CPU
		{ABE9E888-50BB-4806-8345-D8D69A23F39A}.Debug|Mixed Platforms.ActiveCfg = Debug|x86
		{ABE9E888-50BB-4806-8345-D8D69A23F39A}.Debug|Mixed Platforms.Build.0 = Debug|x86
		{ABE9E888-50BB-4806-8345-D8D69A23F39A}.Debug|x64.ActiveCfg = Debug|x64
		{ABE9E888-50BB-4806-8345-D8D69A23F39A}.Debug|x64.Build.0 = Debug|x64
		{ABE9E888-50BB-4806-8345-D8D69A23F39A}.Debug|x86.ActiveCfg = Debug|x86
		{ABE9E888-50BB-4806-8345-D8D69A23F39A}.Debug|x86.Build.0 = Debug|x86
		{ABE9E888-50BB-4806-8345-D8D69A23F39A}.DebugDevTrace|Any CPU.ActiveCfg = Debug|Any CPU
		{ABE9E888-50BB-4806-8345-D8D69A23F39A}.DebugDevTrace|Any CPU.Build.0 = Debug|Any CPU
		{ABE9E888-50BB-4806-8345-D8D69A23F39A}.DebugDevTrace|Itanium.ActiveCfg = Debug|Any CPU
		{ABE9E888-50BB-4806-8345-D8D69A23F39A}.DebugDevTrace|Mixed Platforms.ActiveCfg = Debug|x86
		{ABE9E888-50BB-4806-8345-D8D69A23F39A}.DebugDevTrace|Mixed Platforms.Build.0 = Debug|x86
		{ABE9E888-50BB-4806-8345-D8D69A23F39A}.DebugDevTrace|x64.ActiveCfg = Debug|x64
		{ABE9E888-50BB-4806-8345-D8D69A23F39A}.DebugDevTrace|x64.Build.0 = Debug|x64
		{ABE9E888-50BB-4806-8345-D8D69A23F39A}.DebugDevTrace|x86.ActiveCfg = Debug|x86
		{ABE9E888-50BB-4806-8345-D8D69A23F39A}.DebugDevTrace|x86.Build.0 = Debug|x86
		{ABE9E888-50BB-4806-8345-D8D69A23F39A}.Release|Any CPU.ActiveCfg = Release|Any CPU
		{ABE9E888-50BB-4806-8345-D8D69A23F39A}.Release|Any CPU.Build.0 = Release|Any CPU
		{ABE9E888-50BB-4806-8345-D8D69A23F39A}.Release|Itanium.ActiveCfg = Release|Any CPU
		{ABE9E888-50BB-4806-8345-D8D69A23F39A}.Release|Mixed Platforms.ActiveCfg = Release|x86
		{ABE9E888-50BB-4806-8345-D8D69A23F39A}.Release|Mixed Platforms.Build.0 = Release|x86
		{ABE9E888-50BB-4806-8345-D8D69A23F39A}.Release|x64.ActiveCfg = Release|x64
		{ABE9E888-50BB-4806-8345-D8D69A23F39A}.Release|x64.Build.0 = Release|x64
		{ABE9E888-50BB-4806-8345-D8D69A23F39A}.Release|x86.ActiveCfg = Release|x86
		{ABE9E888-50BB-4806-8345-D8D69A23F39A}.Release|x86.Build.0 = Release|x86
		{C662BBF3-97D2-4000-8304-B900F785D48F}.Debug|Any CPU.ActiveCfg = Debug|Any CPU
		{C662BBF3-97D2-4000-8304-B900F785D48F}.Debug|Any CPU.Build.0 = Debug|Any CPU
		{C662BBF3-97D2-4000-8304-B900F785D48F}.Debug|Itanium.ActiveCfg = Debug|Any CPU
		{C662BBF3-97D2-4000-8304-B900F785D48F}.Debug|Mixed Platforms.ActiveCfg = Debug|x86
		{C662BBF3-97D2-4000-8304-B900F785D48F}.Debug|Mixed Platforms.Build.0 = Debug|x86
		{C662BBF3-97D2-4000-8304-B900F785D48F}.Debug|x64.ActiveCfg = Debug|x64
		{C662BBF3-97D2-4000-8304-B900F785D48F}.Debug|x64.Build.0 = Debug|x64
		{C662BBF3-97D2-4000-8304-B900F785D48F}.Debug|x86.ActiveCfg = Debug|x86
		{C662BBF3-97D2-4000-8304-B900F785D48F}.Debug|x86.Build.0 = Debug|x86
		{C662BBF3-97D2-4000-8304-B900F785D48F}.DebugDevTrace|Any CPU.ActiveCfg = Debug|Any CPU
		{C662BBF3-97D2-4000-8304-B900F785D48F}.DebugDevTrace|Any CPU.Build.0 = Debug|Any CPU
		{C662BBF3-97D2-4000-8304-B900F785D48F}.DebugDevTrace|Itanium.ActiveCfg = Debug|Any CPU
		{C662BBF3-97D2-4000-8304-B900F785D48F}.DebugDevTrace|Mixed Platforms.ActiveCfg = Debug|x86
		{C662BBF3-97D2-4000-8304-B900F785D48F}.DebugDevTrace|Mixed Platforms.Build.0 = Debug|x86
		{C662BBF3-97D2-4000-8304-B900F785D48F}.DebugDevTrace|x64.ActiveCfg = Debug|x64
		{C662BBF3-97D2-4000-8304-B900F785D48F}.DebugDevTrace|x64.Build.0 = Debug|x64
		{C662BBF3-97D2-4000-8304-B900F785D48F}.DebugDevTrace|x86.ActiveCfg = Debug|x86
		{C662BBF3-97D2-4000-8304-B900F785D48F}.DebugDevTrace|x86.Build.0 = Debug|x86
		{C662BBF3-97D2-4000-8304-B900F785D48F}.Release|Any CPU.ActiveCfg = Release|Any CPU
		{C662BBF3-97D2-4000-8304-B900F785D48F}.Release|Any CPU.Build.0 = Release|Any CPU
		{C662BBF3-97D2-4000-8304-B900F785D48F}.Release|Itanium.ActiveCfg = Release|Any CPU
		{C662BBF3-97D2-4000-8304-B900F785D48F}.Release|Mixed Platforms.ActiveCfg = Release|x86
		{C662BBF3-97D2-4000-8304-B900F785D48F}.Release|Mixed Platforms.Build.0 = Release|x86
		{C662BBF3-97D2-4000-8304-B900F785D48F}.Release|x64.ActiveCfg = Release|x64
		{C662BBF3-97D2-4000-8304-B900F785D48F}.Release|x64.Build.0 = Release|x64
		{C662BBF3-97D2-4000-8304-B900F785D48F}.Release|x86.ActiveCfg = Release|x86
		{C662BBF3-97D2-4000-8304-B900F785D48F}.Release|x86.Build.0 = Release|x86
		{85248FB4-BB05-41D1-98B2-481752F0670A}.Debug|Any CPU.ActiveCfg = Debug|Any CPU
		{85248FB4-BB05-41D1-98B2-481752F0670A}.Debug|Any CPU.Build.0 = Debug|Any CPU
		{85248FB4-BB05-41D1-98B2-481752F0670A}.Debug|Itanium.ActiveCfg = Debug|Any CPU
		{85248FB4-BB05-41D1-98B2-481752F0670A}.Debug|Itanium.Build.0 = Debug|Any CPU
		{85248FB4-BB05-41D1-98B2-481752F0670A}.Debug|Mixed Platforms.ActiveCfg = Debug|Any CPU
		{85248FB4-BB05-41D1-98B2-481752F0670A}.Debug|Mixed Platforms.Build.0 = Debug|Any CPU
		{85248FB4-BB05-41D1-98B2-481752F0670A}.Debug|x64.ActiveCfg = Debug|Any CPU
		{85248FB4-BB05-41D1-98B2-481752F0670A}.Debug|x64.Build.0 = Debug|Any CPU
		{85248FB4-BB05-41D1-98B2-481752F0670A}.Debug|x86.ActiveCfg = Debug|Any CPU
		{85248FB4-BB05-41D1-98B2-481752F0670A}.Debug|x86.Build.0 = Debug|Any CPU
		{85248FB4-BB05-41D1-98B2-481752F0670A}.DebugDevTrace|Any CPU.ActiveCfg = Debug|Any CPU
		{85248FB4-BB05-41D1-98B2-481752F0670A}.DebugDevTrace|Any CPU.Build.0 = Debug|Any CPU
		{85248FB4-BB05-41D1-98B2-481752F0670A}.DebugDevTrace|Itanium.ActiveCfg = Debug|Any CPU
		{85248FB4-BB05-41D1-98B2-481752F0670A}.DebugDevTrace|Itanium.Build.0 = Debug|Any CPU
		{85248FB4-BB05-41D1-98B2-481752F0670A}.DebugDevTrace|Mixed Platforms.ActiveCfg = Debug|Any CPU
		{85248FB4-BB05-41D1-98B2-481752F0670A}.DebugDevTrace|Mixed Platforms.Build.0 = Debug|Any CPU
		{85248FB4-BB05-41D1-98B2-481752F0670A}.DebugDevTrace|x64.ActiveCfg = Debug|Any CPU
		{85248FB4-BB05-41D1-98B2-481752F0670A}.DebugDevTrace|x64.Build.0 = Debug|Any CPU
		{85248FB4-BB05-41D1-98B2-481752F0670A}.DebugDevTrace|x86.ActiveCfg = Debug|Any CPU
		{85248FB4-BB05-41D1-98B2-481752F0670A}.DebugDevTrace|x86.Build.0 = Debug|Any CPU
		{85248FB4-BB05-41D1-98B2-481752F0670A}.Release|Any CPU.ActiveCfg = Release|Any CPU
		{85248FB4-BB05-41D1-98B2-481752F0670A}.Release|Any CPU.Build.0 = Release|Any CPU
		{85248FB4-BB05-41D1-98B2-481752F0670A}.Release|Itanium.ActiveCfg = Release|Any CPU
		{85248FB4-BB05-41D1-98B2-481752F0670A}.Release|Itanium.Build.0 = Release|Any CPU
		{85248FB4-BB05-41D1-98B2-481752F0670A}.Release|Mixed Platforms.ActiveCfg = Release|Any CPU
		{85248FB4-BB05-41D1-98B2-481752F0670A}.Release|Mixed Platforms.Build.0 = Release|Any CPU
		{85248FB4-BB05-41D1-98B2-481752F0670A}.Release|x64.ActiveCfg = Release|Any CPU
		{85248FB4-BB05-41D1-98B2-481752F0670A}.Release|x64.Build.0 = Release|Any CPU
		{85248FB4-BB05-41D1-98B2-481752F0670A}.Release|x86.ActiveCfg = Release|Any CPU
		{85248FB4-BB05-41D1-98B2-481752F0670A}.Release|x86.Build.0 = Release|Any CPU
	EndGlobalSection
	GlobalSection(SolutionProperties) = preSolution
		HideSolutionNode = FALSE
	EndGlobalSection
	GlobalSection(NestedProjects) = preSolution
		{5BAFC4E1-9F39-4D4A-92A3-D2FFE9F52E07} = {CAAD5476-353C-41F5-A6E7-88BA0C97C2C9}
		{2E68A550-16EC-4E12-B4FA-0AF8789D8731} = {CAAD5476-353C-41F5-A6E7-88BA0C97C2C9}
		{A6D1F09A-3DB0-4CB2-A7F0-422BF1AFE222} = {B93737FE-D87D-4D95-A631-45E50FDEF19C}
		{63EB7360-5A2B-479D-B1E9-D5D0E8C49D2B} = {CAAD5476-353C-41F5-A6E7-88BA0C97C2C9}
		{5BA112F2-350D-463E-9059-9CBFCEBE92A4} = {CAAD5476-353C-41F5-A6E7-88BA0C97C2C9}
		{2E492C28-479A-46C3-BEB4-6D745D2D30DC} = {CAAD5476-353C-41F5-A6E7-88BA0C97C2C9}
		{E09ABA0A-DF98-4BDF-961B-7A03CBD1BD40} = {CAAD5476-353C-41F5-A6E7-88BA0C97C2C9}
		{76C7B926-D1C1-405F-AB40-41914FEC3E89} = {CAAD5476-353C-41F5-A6E7-88BA0C97C2C9}
		{2A784E8E-0778-49A9-9D33-32F7C4EFB2CC} = {B93737FE-D87D-4D95-A631-45E50FDEF19C}
		{18D464C1-1F40-4A32-8E3B-89E19DCE590D} = {CAAD5476-353C-41F5-A6E7-88BA0C97C2C9}
		{E4DBA222-4285-433F-8F6C-CFA8EE611506} = {B93737FE-D87D-4D95-A631-45E50FDEF19C}
		{F2B48220-24E6-4E5C-B526-976F1541884D} = {CAAD5476-353C-41F5-A6E7-88BA0C97C2C9}
		{AF9121C3-E4B7-464F-8EBB-96C9CF627C06} = {B93737FE-D87D-4D95-A631-45E50FDEF19C}
		{FBDC1032-9FD3-4BF0-81AC-7DF45920413A} = {B93737FE-D87D-4D95-A631-45E50FDEF19C}
		{742050C1-7040-4065-BD7A-23DFCBECF2C9} = {B93737FE-D87D-4D95-A631-45E50FDEF19C}
		{89066A48-4E50-46A3-84D5-AB99870F1912} = {B93737FE-D87D-4D95-A631-45E50FDEF19C}
		{B3227B0D-2DA4-4102-82AF-C21842B3674B} = {CAAD5476-353C-41F5-A6E7-88BA0C97C2C9}
		{C5ED937C-9739-4991-9A12-F25BBA60F9CE} = {CAAD5476-353C-41F5-A6E7-88BA0C97C2C9}
		{CBFA3F16-B154-4127-8419-BEB716F791DF} = {CAAD5476-353C-41F5-A6E7-88BA0C97C2C9}
		{F999D14C-A1F2-4C95-912D-DDA2F1B28B9F} = {CAAD5476-353C-41F5-A6E7-88BA0C97C2C9}
		{E1195625-FCE6-4073-9A87-76E17782AEF8} = {CAAD5476-353C-41F5-A6E7-88BA0C97C2C9}
		{8D541A86-E1CF-4EF2-A817-D79B3F237D9B} = {CAAD5476-353C-41F5-A6E7-88BA0C97C2C9}
		{B9AB0B32-D315-4ED1-83F6-5DBB2F832070} = {9E51C177-3DF6-474E-AC7A-ED036ED32F05}
		{5767AA9A-B6F6-46F1-B3E6-4E76FA049263} = {9E51C177-3DF6-474E-AC7A-ED036ED32F05}
		{BA8FED53-458E-4CB3-8EB3-CBFCADD87E5D} = {9E51C177-3DF6-474E-AC7A-ED036ED32F05}
		{FCE1D24E-CC6B-47BC-9CE4-427E5D56B71E} = {9E51C177-3DF6-474E-AC7A-ED036ED32F05}
		{561233E4-4FB4-47CC-ADCD-F6A0E8D8AC87} = {9E51C177-3DF6-474E-AC7A-ED036ED32F05}
		{363CA13D-7AEE-4229-8279-FBF7754F4426} = {9E51C177-3DF6-474E-AC7A-ED036ED32F05}
		{931CD0AA-49BF-4038-A1FA-E8EC6C4F59DE} = {CAAD5476-353C-41F5-A6E7-88BA0C97C2C9}
		{ABE9E888-50BB-4806-8345-D8D69A23F39A} = {9E51C177-3DF6-474E-AC7A-ED036ED32F05}
		{C662BBF3-97D2-4000-8304-B900F785D48F} = {B93737FE-D87D-4D95-A631-45E50FDEF19C}
		{85248FB4-BB05-41D1-98B2-481752F0670A} = {CAAD5476-353C-41F5-A6E7-88BA0C97C2C9}
	EndGlobalSection
EndGlobal
