Microsoft Visual Studio Solution File, Format Version 12.00
# Visual Studio 2013
VisualStudioVersion = 12.0.21005.1
MinimumVisualStudioVersion = 10.0.40219.1
Project("{FAE04EC0-301F-11D3-BF4B-00C04F79EFBC}") = "Msagl", "MSAGL\Msagl.csproj", "{415D3E3F-7105-46C1-84D2-7ECB34213D92}"
EndProject
Project("{FAE04EC0-301F-11D3-BF4B-00C04F79EFBC}") = "drawing", "Drawing\drawing.csproj", "{B76F8F71-4B00-4242-BE36-C9F0732511F7}"
EndProject
Project("{FAE04EC0-301F-11D3-BF4B-00C04F79EFBC}") = "GraphViewerGDI", "tools\GraphViewerGDI\GraphViewerGDI.csproj", "{725CD2CB-CF37-414E-A5A6-F1D87D4D6EDE}"
EndProject
Project("{2150E333-8FDC-42A3-9474-1A3956D46DE8}") = "Test", "Test", "{B93737FE-D87D-4D95-A631-45E50FDEF19C}"
EndProject
Project("{2150E333-8FDC-42A3-9474-1A3956D46DE8}") = "Tools", "Tools", "{9E51C177-3DF6-474E-AC7A-ED036ED32F05}"
EndProject
Project("{2150E333-8FDC-42A3-9474-1A3956D46DE8}") = "Libs", "Libs", "{6DB2D1AA-3709-40AB-A103-36D87734E15A}"
	ProjectSection(SolutionItems) = preProject
		libs\Xceed.Wpf.DataGrid.dll = libs\Xceed.Wpf.DataGrid.dll
		libs\Xceed.Wpf.Toolkit.dll = libs\Xceed.Wpf.Toolkit.dll
	EndProjectSection
EndProject
Project("{2150E333-8FDC-42A3-9474-1A3956D46DE8}") = "Data", "Data", "{598DA7CD-D0AE-4C2B-9627-8FAB8C6EE62C}"
	ProjectSection(SolutionItems) = preProject
		graphs\Paint.dgml = graphs\Paint.dgml
	EndProjectSection
EndProject
Project("{FAE04EC0-301F-11D3-BF4B-00C04F79EFBC}") = "ArgsParser", "tools\ArgsParser\ArgsParser.csproj", "{B9AB0B32-D315-4ED1-83F6-5DBB2F832070}"
EndProject
Project("{FAE04EC0-301F-11D3-BF4B-00C04F79EFBC}") = "Dot2Graph", "tools\Dot2Graph\Dot2Graph.csproj", "{BA8FED53-458E-4CB3-8EB3-CBFCADD87E5D}"
EndProject
Project("{FAE04EC0-301F-11D3-BF4B-00C04F79EFBC}") = "DgmlParser", "tools\DgmlParser\DgmlParser.csproj", "{561233E4-4FB4-47CC-ADCD-F6A0E8D8AC87}"
EndProject
Project("{FAE04EC0-301F-11D3-BF4B-00C04F79EFBC}") = "GraphmapsWpfControl", "tools\GraphmapsWpfControl\GraphmapsWpfControl.csproj", "{ABE9E888-50BB-4806-8345-D8D69A23F39A}"
EndProject
Project("{FAE04EC0-301F-11D3-BF4B-00C04F79EFBC}") = "TestGraphmaps", "Test\TestGraphmaps\TestGraphmaps.csproj", "{C662BBF3-97D2-4000-8304-B900F785D48F}"
EndProject
Global
	GlobalSection(SolutionConfigurationPlatforms) = preSolution
		Debug|Any CPU = Debug|Any CPU
		Debug|Itanium = Debug|Itanium
		Debug|Mixed Platforms = Debug|Mixed Platforms
		Debug|x64 = Debug|x64
		Debug|x86 = Debug|x86
		DebugDevTrace|Any CPU = DebugDevTrace|Any CPU
		DebugDevTrace|Itanium = DebugDevTrace|Itanium
		DebugDevTrace|Mixed Platforms = DebugDevTrace|Mixed Platforms
		DebugDevTrace|x64 = DebugDevTrace|x64
		DebugDevTrace|x86 = DebugDevTrace|x86
		Release|Any CPU = Release|Any CPU
		Release|Itanium = Release|Itanium
		Release|Mixed Platforms = Release|Mixed Platforms
		Release|x64 = Release|x64
		Release|x86 = Release|x86
	EndGlobalSection
	GlobalSection(ProjectConfigurationPlatforms) = postSolution
		{415D3E3F-7105-46C1-84D2-7ECB34213D92}.Debug|Any CPU.ActiveCfg = Debug|Any CPU
		{415D3E3F-7105-46C1-84D2-7ECB34213D92}.Debug|Any CPU.Build.0 = Debug|Any CPU
		{415D3E3F-7105-46C1-84D2-7ECB34213D92}.Debug|Itanium.ActiveCfg = Debug|x86
		{415D3E3F-7105-46C1-84D2-7ECB34213D92}.Debug|Mixed Platforms.ActiveCfg = Debug|Any CPU
		{415D3E3F-7105-46C1-84D2-7ECB34213D92}.Debug|Mixed Platforms.Build.0 = Debug|Any CPU
		{415D3E3F-7105-46C1-84D2-7ECB34213D92}.Debug|x64.ActiveCfg = Debug|x64
		{415D3E3F-7105-46C1-84D2-7ECB34213D92}.Debug|x64.Build.0 = Debug|x64
		{415D3E3F-7105-46C1-84D2-7ECB34213D92}.Debug|x86.ActiveCfg = Debug|x86
		{415D3E3F-7105-46C1-84D2-7ECB34213D92}.Debug|x86.Build.0 = Debug|x86
		{415D3E3F-7105-46C1-84D2-7ECB34213D92}.DebugDevTrace|Any CPU.ActiveCfg = DebugDevTrace|Any CPU
		{415D3E3F-7105-46C1-84D2-7ECB34213D92}.DebugDevTrace|Any CPU.Build.0 = DebugDevTrace|Any CPU
		{415D3E3F-7105-46C1-84D2-7ECB34213D92}.DebugDevTrace|Itanium.ActiveCfg = DebugDevTrace|x86
		{415D3E3F-7105-46C1-84D2-7ECB34213D92}.DebugDevTrace|Mixed Platforms.ActiveCfg = DebugDevTrace|Any CPU
		{415D3E3F-7105-46C1-84D2-7ECB34213D92}.DebugDevTrace|Mixed Platforms.Build.0 = DebugDevTrace|Any CPU
		{415D3E3F-7105-46C1-84D2-7ECB34213D92}.DebugDevTrace|x64.ActiveCfg = DebugDevTrace|x64
		{415D3E3F-7105-46C1-84D2-7ECB34213D92}.DebugDevTrace|x64.Build.0 = DebugDevTrace|x64
		{415D3E3F-7105-46C1-84D2-7ECB34213D92}.DebugDevTrace|x86.ActiveCfg = DebugDevTrace|x86
		{415D3E3F-7105-46C1-84D2-7ECB34213D92}.DebugDevTrace|x86.Build.0 = DebugDevTrace|x86
		{415D3E3F-7105-46C1-84D2-7ECB34213D92}.Release|Any CPU.ActiveCfg = Release|Any CPU
		{415D3E3F-7105-46C1-84D2-7ECB34213D92}.Release|Any CPU.Build.0 = Release|Any CPU
		{415D3E3F-7105-46C1-84D2-7ECB34213D92}.Release|Itanium.ActiveCfg = Release|x86
		{415D3E3F-7105-46C1-84D2-7ECB34213D92}.Release|Mixed Platforms.ActiveCfg = Release|Any CPU
		{415D3E3F-7105-46C1-84D2-7ECB34213D92}.Release|Mixed Platforms.Build.0 = Release|Any CPU
		{415D3E3F-7105-46C1-84D2-7ECB34213D92}.Release|x64.ActiveCfg = Release|x64
		{415D3E3F-7105-46C1-84D2-7ECB34213D92}.Release|x64.Build.0 = Release|x64
		{415D3E3F-7105-46C1-84D2-7ECB34213D92}.Release|x86.ActiveCfg = Release|x86
		{415D3E3F-7105-46C1-84D2-7ECB34213D92}.Release|x86.Build.0 = Release|x86
		{B76F8F71-4B00-4242-BE36-C9F0732511F7}.Debug|Any CPU.ActiveCfg = Debug|Any CPU
		{B76F8F71-4B00-4242-BE36-C9F0732511F7}.Debug|Any CPU.Build.0 = Debug|Any CPU
		{B76F8F71-4B00-4242-BE36-C9F0732511F7}.Debug|Itanium.ActiveCfg = Debug|x86
		{B76F8F71-4B00-4242-BE36-C9F0732511F7}.Debug|Mixed Platforms.ActiveCfg = Debug|Any CPU
		{B76F8F71-4B00-4242-BE36-C9F0732511F7}.Debug|Mixed Platforms.Build.0 = Debug|Any CPU
		{B76F8F71-4B00-4242-BE36-C9F0732511F7}.Debug|x64.ActiveCfg = Debug|x64
		{B76F8F71-4B00-4242-BE36-C9F0732511F7}.Debug|x64.Build.0 = Debug|x64
		{B76F8F71-4B00-4242-BE36-C9F0732511F7}.Debug|x86.ActiveCfg = Debug|x86
		{B76F8F71-4B00-4242-BE36-C9F0732511F7}.Debug|x86.Build.0 = Debug|x86
		{B76F8F71-4B00-4242-BE36-C9F0732511F7}.DebugDevTrace|Any CPU.ActiveCfg = DebugDevTrace|Any CPU
		{B76F8F71-4B00-4242-BE36-C9F0732511F7}.DebugDevTrace|Any CPU.Build.0 = DebugDevTrace|Any CPU
		{B76F8F71-4B00-4242-BE36-C9F0732511F7}.DebugDevTrace|Itanium.ActiveCfg = DebugDevTrace|x86
		{B76F8F71-4B00-4242-BE36-C9F0732511F7}.DebugDevTrace|Mixed Platforms.ActiveCfg = DebugDevTrace|Any CPU
		{B76F8F71-4B00-4242-BE36-C9F0732511F7}.DebugDevTrace|Mixed Platforms.Build.0 = DebugDevTrace|Any CPU
		{B76F8F71-4B00-4242-BE36-C9F0732511F7}.DebugDevTrace|x64.ActiveCfg = DebugDevTrace|x64
		{B76F8F71-4B00-4242-BE36-C9F0732511F7}.DebugDevTrace|x64.Build.0 = DebugDevTrace|x64
		{B76F8F71-4B00-4242-BE36-C9F0732511F7}.DebugDevTrace|x86.ActiveCfg = DebugDevTrace|x86
		{B76F8F71-4B00-4242-BE36-C9F0732511F7}.DebugDevTrace|x86.Build.0 = DebugDevTrace|x86
		{B76F8F71-4B00-4242-BE36-C9F0732511F7}.Release|Any CPU.ActiveCfg = Release|Any CPU
		{B76F8F71-4B00-4242-BE36-C9F0732511F7}.Release|Any CPU.Build.0 = Release|Any CPU
		{B76F8F71-4B00-4242-BE36-C9F0732511F7}.Release|Itanium.ActiveCfg = Release|x86
		{B76F8F71-4B00-4242-BE36-C9F0732511F7}.Release|Mixed Platforms.ActiveCfg = Release|Any CPU
		{B76F8F71-4B00-4242-BE36-C9F0732511F7}.Release|Mixed Platforms.Build.0 = Release|Any CPU
		{B76F8F71-4B00-4242-BE36-C9F0732511F7}.Release|x64.ActiveCfg = Release|x64
		{B76F8F71-4B00-4242-BE36-C9F0732511F7}.Release|x64.Build.0 = Release|x64
		{B76F8F71-4B00-4242-BE36-C9F0732511F7}.Release|x86.ActiveCfg = Release|x86
		{B76F8F71-4B00-4242-BE36-C9F0732511F7}.Release|x86.Build.0 = Release|x86
		{725CD2CB-CF37-414E-A5A6-F1D87D4D6EDE}.Debug|Any CPU.ActiveCfg = Debug|Any CPU
		{725CD2CB-CF37-414E-A5A6-F1D87D4D6EDE}.Debug|Any CPU.Build.0 = Debug|Any CPU
		{725CD2CB-CF37-414E-A5A6-F1D87D4D6EDE}.Debug|Itanium.ActiveCfg = Debug|x86
		{725CD2CB-CF37-414E-A5A6-F1D87D4D6EDE}.Debug|Mixed Platforms.ActiveCfg = Debug|Any CPU
		{725CD2CB-CF37-414E-A5A6-F1D87D4D6EDE}.Debug|Mixed Platforms.Build.0 = Debug|Any CPU
		{725CD2CB-CF37-414E-A5A6-F1D87D4D6EDE}.Debug|x64.ActiveCfg = Debug|x64
		{725CD2CB-CF37-414E-A5A6-F1D87D4D6EDE}.Debug|x64.Build.0 = Debug|x64
		{725CD2CB-CF37-414E-A5A6-F1D87D4D6EDE}.Debug|x86.ActiveCfg = Debug|x86
		{725CD2CB-CF37-414E-A5A6-F1D87D4D6EDE}.Debug|x86.Build.0 = Debug|x86
		{725CD2CB-CF37-414E-A5A6-F1D87D4D6EDE}.DebugDevTrace|Any CPU.ActiveCfg = DebugDevTrace|Any CPU
		{725CD2CB-CF37-414E-A5A6-F1D87D4D6EDE}.DebugDevTrace|Any CPU.Build.0 = DebugDevTrace|Any CPU
		{725CD2CB-CF37-414E-A5A6-F1D87D4D6EDE}.DebugDevTrace|Itanium.ActiveCfg = DebugDevTrace|x86
		{725CD2CB-CF37-414E-A5A6-F1D87D4D6EDE}.DebugDevTrace|Mixed Platforms.ActiveCfg = DebugDevTrace|Any CPU
		{725CD2CB-CF37-414E-A5A6-F1D87D4D6EDE}.DebugDevTrace|Mixed Platforms.Build.0 = DebugDevTrace|Any CPU
		{725CD2CB-CF37-414E-A5A6-F1D87D4D6EDE}.DebugDevTrace|x64.ActiveCfg = DebugDevTrace|x64
		{725CD2CB-CF37-414E-A5A6-F1D87D4D6EDE}.DebugDevTrace|x64.Build.0 = DebugDevTrace|x64
		{725CD2CB-CF37-414E-A5A6-F1D87D4D6EDE}.DebugDevTrace|x86.ActiveCfg = DebugDevTrace|x86
		{725CD2CB-CF37-414E-A5A6-F1D87D4D6EDE}.DebugDevTrace|x86.Build.0 = DebugDevTrace|x86
		{725CD2CB-CF37-414E-A5A6-F1D87D4D6EDE}.Release|Any CPU.ActiveCfg = Release|Any CPU
		{725CD2CB-CF37-414E-A5A6-F1D87D4D6EDE}.Release|Any CPU.Build.0 = Release|Any CPU
		{725CD2CB-CF37-414E-A5A6-F1D87D4D6EDE}.Release|Itanium.ActiveCfg = Release|x86
		{725CD2CB-CF37-414E-A5A6-F1D87D4D6EDE}.Release|Mixed Platforms.ActiveCfg = Release|Any CPU
		{725CD2CB-CF37-414E-A5A6-F1D87D4D6EDE}.Release|Mixed Platforms.Build.0 = Release|Any CPU
		{725CD2CB-CF37-414E-A5A6-F1D87D4D6EDE}.Release|x64.ActiveCfg = Release|x64
		{725CD2CB-CF37-414E-A5A6-F1D87D4D6EDE}.Release|x64.Build.0 = Release|x64
		{725CD2CB-CF37-414E-A5A6-F1D87D4D6EDE}.Release|x86.ActiveCfg = Release|x86
		{725CD2CB-CF37-414E-A5A6-F1D87D4D6EDE}.Release|x86.Build.0 = Release|x86
		{B9AB0B32-D315-4ED1-83F6-5DBB2F832070}.Debug|Any CPU.ActiveCfg = Debug|Any CPU
		{B9AB0B32-D315-4ED1-83F6-5DBB2F832070}.Debug|Any CPU.Build.0 = Debug|Any CPU
		{B9AB0B32-D315-4ED1-83F6-5DBB2F832070}.Debug|Itanium.ActiveCfg = Debug|Any CPU
		{B9AB0B32-D315-4ED1-83F6-5DBB2F832070}.Debug|Mixed Platforms.ActiveCfg = Debug|x86
		{B9AB0B32-D315-4ED1-83F6-5DBB2F832070}.Debug|Mixed Platforms.Build.0 = Debug|x86
		{B9AB0B32-D315-4ED1-83F6-5DBB2F832070}.Debug|x64.ActiveCfg = Debug|x64
		{B9AB0B32-D315-4ED1-83F6-5DBB2F832070}.Debug|x64.Build.0 = Debug|x64
		{B9AB0B32-D315-4ED1-83F6-5DBB2F832070}.Debug|x86.ActiveCfg = Debug|x86
		{B9AB0B32-D315-4ED1-83F6-5DBB2F832070}.Debug|x86.Build.0 = Debug|x86
		{B9AB0B32-D315-4ED1-83F6-5DBB2F832070}.DebugDevTrace|Any CPU.ActiveCfg = Debug|Any CPU
		{B9AB0B32-D315-4ED1-83F6-5DBB2F832070}.DebugDevTrace|Any CPU.Build.0 = Debug|Any CPU
		{B9AB0B32-D315-4ED1-83F6-5DBB2F832070}.DebugDevTrace|Itanium.ActiveCfg = Debug|Any CPU
		{B9AB0B32-D315-4ED1-83F6-5DBB2F832070}.DebugDevTrace|Mixed Platforms.ActiveCfg = Debug|x86
		{B9AB0B32-D315-4ED1-83F6-5DBB2F832070}.DebugDevTrace|Mixed Platforms.Build.0 = Debug|x86
		{B9AB0B32-D315-4ED1-83F6-5DBB2F832070}.DebugDevTrace|x64.ActiveCfg = Debug|x64
		{B9AB0B32-D315-4ED1-83F6-5DBB2F832070}.DebugDevTrace|x64.Build.0 = Debug|x64
		{B9AB0B32-D315-4ED1-83F6-5DBB2F832070}.DebugDevTrace|x86.ActiveCfg = Debug|x86
		{B9AB0B32-D315-4ED1-83F6-5DBB2F832070}.DebugDevTrace|x86.Build.0 = Debug|x86
		{B9AB0B32-D315-4ED1-83F6-5DBB2F832070}.Release|Any CPU.ActiveCfg = Release|Any CPU
		{B9AB0B32-D315-4ED1-83F6-5DBB2F832070}.Release|Any CPU.Build.0 = Release|Any CPU
		{B9AB0B32-D315-4ED1-83F6-5DBB2F832070}.Release|Itanium.ActiveCfg = Release|Any CPU
		{B9AB0B32-D315-4ED1-83F6-5DBB2F832070}.Release|Mixed Platforms.ActiveCfg = Release|Any CPU
		{B9AB0B32-D315-4ED1-83F6-5DBB2F832070}.Release|Mixed Platforms.Build.0 = Release|Any CPU
		{B9AB0B32-D315-4ED1-83F6-5DBB2F832070}.Release|x64.ActiveCfg = Release|x64
		{B9AB0B32-D315-4ED1-83F6-5DBB2F832070}.Release|x64.Build.0 = Release|x64
		{B9AB0B32-D315-4ED1-83F6-5DBB2F832070}.Release|x86.ActiveCfg = Release|x86
		{B9AB0B32-D315-4ED1-83F6-5DBB2F832070}.Release|x86.Build.0 = Release|x86
		{BA8FED53-458E-4CB3-8EB3-CBFCADD87E5D}.Debug|Any CPU.ActiveCfg = Debug|Any CPU
		{BA8FED53-458E-4CB3-8EB3-CBFCADD87E5D}.Debug|Any CPU.Build.0 = Debug|Any CPU
		{BA8FED53-458E-4CB3-8EB3-CBFCADD87E5D}.Debug|Itanium.ActiveCfg = Debug|Itanium
		{BA8FED53-458E-4CB3-8EB3-CBFCADD87E5D}.Debug|Itanium.Build.0 = Debug|Itanium
		{BA8FED53-458E-4CB3-8EB3-CBFCADD87E5D}.Debug|Mixed Platforms.ActiveCfg = Debug|x86
		{BA8FED53-458E-4CB3-8EB3-CBFCADD87E5D}.Debug|Mixed Platforms.Build.0 = Debug|x86
		{BA8FED53-458E-4CB3-8EB3-CBFCADD87E5D}.Debug|x64.ActiveCfg = Debug|x64
		{BA8FED53-458E-4CB3-8EB3-CBFCADD87E5D}.Debug|x64.Build.0 = Debug|x64
		{BA8FED53-458E-4CB3-8EB3-CBFCADD87E5D}.Debug|x86.ActiveCfg = Debug|x86
		{BA8FED53-458E-4CB3-8EB3-CBFCADD87E5D}.Debug|x86.Build.0 = Debug|x86
		{BA8FED53-458E-4CB3-8EB3-CBFCADD87E5D}.DebugDevTrace|Any CPU.ActiveCfg = Debug|Any CPU
		{BA8FED53-458E-4CB3-8EB3-CBFCADD87E5D}.DebugDevTrace|Any CPU.Build.0 = Debug|Any CPU
		{BA8FED53-458E-4CB3-8EB3-CBFCADD87E5D}.DebugDevTrace|Itanium.ActiveCfg = Debug|Itanium
		{BA8FED53-458E-4CB3-8EB3-CBFCADD87E5D}.DebugDevTrace|Itanium.Build.0 = Debug|Itanium
		{BA8FED53-458E-4CB3-8EB3-CBFCADD87E5D}.DebugDevTrace|Mixed Platforms.ActiveCfg = Debug|x86
		{BA8FED53-458E-4CB3-8EB3-CBFCADD87E5D}.DebugDevTrace|Mixed Platforms.Build.0 = Debug|x86
		{BA8FED53-458E-4CB3-8EB3-CBFCADD87E5D}.DebugDevTrace|x64.ActiveCfg = Debug|x64
		{BA8FED53-458E-4CB3-8EB3-CBFCADD87E5D}.DebugDevTrace|x64.Build.0 = Debug|x64
		{BA8FED53-458E-4CB3-8EB3-CBFCADD87E5D}.DebugDevTrace|x86.ActiveCfg = Debug|x86
		{BA8FED53-458E-4CB3-8EB3-CBFCADD87E5D}.DebugDevTrace|x86.Build.0 = Debug|x86
		{BA8FED53-458E-4CB3-8EB3-CBFCADD87E5D}.Release|Any CPU.ActiveCfg = Release|Any CPU
		{BA8FED53-458E-4CB3-8EB3-CBFCADD87E5D}.Release|Any CPU.Build.0 = Release|Any CPU
		{BA8FED53-458E-4CB3-8EB3-CBFCADD87E5D}.Release|Itanium.ActiveCfg = Release|Itanium
		{BA8FED53-458E-4CB3-8EB3-CBFCADD87E5D}.Release|Itanium.Build.0 = Release|Itanium
		{BA8FED53-458E-4CB3-8EB3-CBFCADD87E5D}.Release|Mixed Platforms.ActiveCfg = Release|Any CPU
		{BA8FED53-458E-4CB3-8EB3-CBFCADD87E5D}.Release|Mixed Platforms.Build.0 = Release|Any CPU
		{BA8FED53-458E-4CB3-8EB3-CBFCADD87E5D}.Release|x64.ActiveCfg = Release|x64
		{BA8FED53-458E-4CB3-8EB3-CBFCADD87E5D}.Release|x64.Build.0 = Release|x64
		{BA8FED53-458E-4CB3-8EB3-CBFCADD87E5D}.Release|x86.ActiveCfg = Release|x86
		{BA8FED53-458E-4CB3-8EB3-CBFCADD87E5D}.Release|x86.Build.0 = Release|x86
		{561233E4-4FB4-47CC-ADCD-F6A0E8D8AC87}.Debug|Any CPU.ActiveCfg = Debug|Any CPU
		{561233E4-4FB4-47CC-ADCD-F6A0E8D8AC87}.Debug|Any CPU.Build.0 = Debug|Any CPU
		{561233E4-4FB4-47CC-ADCD-F6A0E8D8AC87}.Debug|Itanium.ActiveCfg = Debug|Any CPU
		{561233E4-4FB4-47CC-ADCD-F6A0E8D8AC87}.Debug|Mixed Platforms.ActiveCfg = Debug|x86
		{561233E4-4FB4-47CC-ADCD-F6A0E8D8AC87}.Debug|Mixed Platforms.Build.0 = Debug|x86
		{561233E4-4FB4-47CC-ADCD-F6A0E8D8AC87}.Debug|x64.ActiveCfg = Debug|x64
		{561233E4-4FB4-47CC-ADCD-F6A0E8D8AC87}.Debug|x64.Build.0 = Debug|x64
		{561233E4-4FB4-47CC-ADCD-F6A0E8D8AC87}.Debug|x86.ActiveCfg = Debug|x86
		{561233E4-4FB4-47CC-ADCD-F6A0E8D8AC87}.Debug|x86.Build.0 = Debug|x86
		{561233E4-4FB4-47CC-ADCD-F6A0E8D8AC87}.DebugDevTrace|Any CPU.ActiveCfg = Debug|Any CPU
		{561233E4-4FB4-47CC-ADCD-F6A0E8D8AC87}.DebugDevTrace|Any CPU.Build.0 = Debug|Any CPU
		{561233E4-4FB4-47CC-ADCD-F6A0E8D8AC87}.DebugDevTrace|Itanium.ActiveCfg = Debug|Any CPU
		{561233E4-4FB4-47CC-ADCD-F6A0E8D8AC87}.DebugDevTrace|Mixed Platforms.ActiveCfg = Debug|x86
		{561233E4-4FB4-47CC-ADCD-F6A0E8D8AC87}.DebugDevTrace|Mixed Platforms.Build.0 = Debug|x86
		{561233E4-4FB4-47CC-ADCD-F6A0E8D8AC87}.DebugDevTrace|x64.ActiveCfg = Debug|x64
		{561233E4-4FB4-47CC-ADCD-F6A0E8D8AC87}.DebugDevTrace|x64.Build.0 = Debug|x64
		{561233E4-4FB4-47CC-ADCD-F6A0E8D8AC87}.DebugDevTrace|x86.ActiveCfg = Debug|x86
		{561233E4-4FB4-47CC-ADCD-F6A0E8D8AC87}.DebugDevTrace|x86.Build.0 = Debug|x86
		{561233E4-4FB4-47CC-ADCD-F6A0E8D8AC87}.Release|Any CPU.ActiveCfg = Release|Any CPU
		{561233E4-4FB4-47CC-ADCD-F6A0E8D8AC87}.Release|Any CPU.Build.0 = Release|Any CPU
		{561233E4-4FB4-47CC-ADCD-F6A0E8D8AC87}.Release|Itanium.ActiveCfg = Release|Any CPU
		{561233E4-4FB4-47CC-ADCD-F6A0E8D8AC87}.Release|Mixed Platforms.ActiveCfg = Release|Any CPU
		{561233E4-4FB4-47CC-ADCD-F6A0E8D8AC87}.Release|Mixed Platforms.Build.0 = Release|Any CPU
		{561233E4-4FB4-47CC-ADCD-F6A0E8D8AC87}.Release|x64.ActiveCfg = Release|x64
		{561233E4-4FB4-47CC-ADCD-F6A0E8D8AC87}.Release|x64.Build.0 = Release|x64
		{561233E4-4FB4-47CC-ADCD-F6A0E8D8AC87}.Release|x86.ActiveCfg = Release|x86
		{561233E4-4FB4-47CC-ADCD-F6A0E8D8AC87}.Release|x86.Build.0 = Release|x86
		{ABE9E888-50BB-4806-8345-D8D69A23F39A}.Debug|Any CPU.ActiveCfg = Debug|Any CPU
		{ABE9E888-50BB-4806-8345-D8D69A23F39A}.Debug|Any CPU.Build.0 = Debug|Any CPU
		{ABE9E888-50BB-4806-8345-D8D69A23F39A}.Debug|Itanium.ActiveCfg = Debug|Any CPU
		{ABE9E888-50BB-4806-8345-D8D69A23F39A}.Debug|Mixed Platforms.ActiveCfg = Debug|x86
		{ABE9E888-50BB-4806-8345-D8D69A23F39A}.Debug|Mixed Platforms.Build.0 = Debug|x86
		{ABE9E888-50BB-4806-8345-D8D69A23F39A}.Debug|x64.ActiveCfg = Debug|x64
		{ABE9E888-50BB-4806-8345-D8D69A23F39A}.Debug|x64.Build.0 = Debug|x64
		{ABE9E888-50BB-4806-8345-D8D69A23F39A}.Debug|x86.ActiveCfg = Debug|x86
		{ABE9E888-50BB-4806-8345-D8D69A23F39A}.Debug|x86.Build.0 = Debug|x86
		{ABE9E888-50BB-4806-8345-D8D69A23F39A}.DebugDevTrace|Any CPU.ActiveCfg = Debug|Any CPU
		{ABE9E888-50BB-4806-8345-D8D69A23F39A}.DebugDevTrace|Any CPU.Build.0 = Debug|Any CPU
		{ABE9E888-50BB-4806-8345-D8D69A23F39A}.DebugDevTrace|Itanium.ActiveCfg = Debug|Any CPU
		{ABE9E888-50BB-4806-8345-D8D69A23F39A}.DebugDevTrace|Mixed Platforms.ActiveCfg = Debug|x86
		{ABE9E888-50BB-4806-8345-D8D69A23F39A}.DebugDevTrace|Mixed Platforms.Build.0 = Debug|x86
		{ABE9E888-50BB-4806-8345-D8D69A23F39A}.DebugDevTrace|x64.ActiveCfg = Debug|x64
		{ABE9E888-50BB-4806-8345-D8D69A23F39A}.DebugDevTrace|x64.Build.0 = Debug|x64
		{ABE9E888-50BB-4806-8345-D8D69A23F39A}.DebugDevTrace|x86.ActiveCfg = Debug|x86
		{ABE9E888-50BB-4806-8345-D8D69A23F39A}.DebugDevTrace|x86.Build.0 = Debug|x86
		{ABE9E888-50BB-4806-8345-D8D69A23F39A}.Release|Any CPU.ActiveCfg = Release|Any CPU
		{ABE9E888-50BB-4806-8345-D8D69A23F39A}.Release|Any CPU.Build.0 = Release|Any CPU
		{ABE9E888-50BB-4806-8345-D8D69A23F39A}.Release|Itanium.ActiveCfg = Release|Any CPU
		{ABE9E888-50BB-4806-8345-D8D69A23F39A}.Release|Mixed Platforms.ActiveCfg = Release|x86
		{ABE9E888-50BB-4806-8345-D8D69A23F39A}.Release|Mixed Platforms.Build.0 = Release|x86
		{ABE9E888-50BB-4806-8345-D8D69A23F39A}.Release|x64.ActiveCfg = Release|x64
		{ABE9E888-50BB-4806-8345-D8D69A23F39A}.Release|x64.Build.0 = Release|x64
		{ABE9E888-50BB-4806-8345-D8D69A23F39A}.Release|x86.ActiveCfg = Release|x86
		{ABE9E888-50BB-4806-8345-D8D69A23F39A}.Release|x86.Build.0 = Release|x86
		{C662BBF3-97D2-4000-8304-B900F785D48F}.Debug|Any CPU.ActiveCfg = Debug|Any CPU
		{C662BBF3-97D2-4000-8304-B900F785D48F}.Debug|Any CPU.Build.0 = Debug|Any CPU
		{C662BBF3-97D2-4000-8304-B900F785D48F}.Debug|Itanium.ActiveCfg = Debug|Any CPU
		{C662BBF3-97D2-4000-8304-B900F785D48F}.Debug|Mixed Platforms.ActiveCfg = Debug|x86
		{C662BBF3-97D2-4000-8304-B900F785D48F}.Debug|Mixed Platforms.Build.0 = Debug|x86
		{C662BBF3-97D2-4000-8304-B900F785D48F}.Debug|x64.ActiveCfg = Debug|x64
		{C662BBF3-97D2-4000-8304-B900F785D48F}.Debug|x64.Build.0 = Debug|x64
		{C662BBF3-97D2-4000-8304-B900F785D48F}.Debug|x86.ActiveCfg = Debug|x86
		{C662BBF3-97D2-4000-8304-B900F785D48F}.Debug|x86.Build.0 = Debug|x86
		{C662BBF3-97D2-4000-8304-B900F785D48F}.DebugDevTrace|Any CPU.ActiveCfg = Debug|Any CPU
		{C662BBF3-97D2-4000-8304-B900F785D48F}.DebugDevTrace|Any CPU.Build.0 = Debug|Any CPU
		{C662BBF3-97D2-4000-8304-B900F785D48F}.DebugDevTrace|Itanium.ActiveCfg = Debug|Any CPU
		{C662BBF3-97D2-4000-8304-B900F785D48F}.DebugDevTrace|Mixed Platforms.ActiveCfg = Debug|x86
		{C662BBF3-97D2-4000-8304-B900F785D48F}.DebugDevTrace|Mixed Platforms.Build.0 = Debug|x86
		{C662BBF3-97D2-4000-8304-B900F785D48F}.DebugDevTrace|x64.ActiveCfg = Debug|x64
		{C662BBF3-97D2-4000-8304-B900F785D48F}.DebugDevTrace|x64.Build.0 = Debug|x64
		{C662BBF3-97D2-4000-8304-B900F785D48F}.DebugDevTrace|x86.ActiveCfg = Debug|x86
		{C662BBF3-97D2-4000-8304-B900F785D48F}.DebugDevTrace|x86.Build.0 = Debug|x86
		{C662BBF3-97D2-4000-8304-B900F785D48F}.Release|Any CPU.ActiveCfg = Release|Any CPU
		{C662BBF3-97D2-4000-8304-B900F785D48F}.Release|Any CPU.Build.0 = Release|Any CPU
		{C662BBF3-97D2-4000-8304-B900F785D48F}.Release|Itanium.ActiveCfg = Release|Any CPU
		{C662BBF3-97D2-4000-8304-B900F785D48F}.Release|Mixed Platforms.ActiveCfg = Release|x86
		{C662BBF3-97D2-4000-8304-B900F785D48F}.Release|Mixed Platforms.Build.0 = Release|x86
		{C662BBF3-97D2-4000-8304-B900F785D48F}.Release|x64.ActiveCfg = Release|x64
		{C662BBF3-97D2-4000-8304-B900F785D48F}.Release|x64.Build.0 = Release|x64
		{C662BBF3-97D2-4000-8304-B900F785D48F}.Release|x86.ActiveCfg = Release|x86
		{C662BBF3-97D2-4000-8304-B900F785D48F}.Release|x86.Build.0 = Release|x86
	EndGlobalSection
	GlobalSection(SolutionProperties) = preSolution
		HideSolutionNode = FALSE
	EndGlobalSection
	GlobalSection(NestedProjects) = preSolution
		{C662BBF3-97D2-4000-8304-B900F785D48F} = {B93737FE-D87D-4D95-A631-45E50FDEF19C}
		{B9AB0B32-D315-4ED1-83F6-5DBB2F832070} = {9E51C177-3DF6-474E-AC7A-ED036ED32F05}
		{BA8FED53-458E-4CB3-8EB3-CBFCADD87E5D} = {9E51C177-3DF6-474E-AC7A-ED036ED32F05}
		{561233E4-4FB4-47CC-ADCD-F6A0E8D8AC87} = {9E51C177-3DF6-474E-AC7A-ED036ED32F05}
	EndGlobalSection
EndGlobal
