
Microsoft Visual Studio Solution File, Format Version 12.00
# Visual Studio 2012
Project("{FAE04EC0-301F-11D3-BF4B-00C04F79EFBC}") = "GraphControlSilverlight", "GraphControlSilverlight.csproj", "{D81EF077-83B6-404C-9F09-C5F3C1AA9F7A}"
EndProject
Global
	GlobalSection(TeamFoundationVersionControl) = preSolution
		SccNumberOfProjects = 1
		SccEnterpriseProvider = {4CA58AB2-18FA-4F8D-95D4-32DDF27D184C}
		SccTeamFoundationServer = http://vstfcodebox:8080/tfs/psi
		SccProjectUniqueName0 = GraphControlSilverlight.csproj
		SccProjectName0 = .
		SccAuxPath0 = http://vstfcodebox:8080/tfs/psi
		SccLocalPath0 = .
		SccProvider0 = {4CA58AB2-18FA-4F8D-95D4-32DDF27D184C}
	EndGlobalSection
	GlobalSection(SolutionConfigurationPlatforms) = preSolution
		Debug|Any CPU = Debug|Any CPU
		Release|Any CPU = Release|Any CPU
	EndGlobalSection
	GlobalSection(ProjectConfigurationPlatforms) = postSolution
		{D81EF077-83B6-404C-9F09-C5F3C1AA9F7A}.Debug|Any CPU.ActiveCfg = Debug|Any CPU
		{D81EF077-83B6-404C-9F09-C5F3C1AA9F7A}.Debug|Any CPU.Build.0 = Debug|Any CPU
		{D81EF077-83B6-404C-9F09-C5F3C1AA9F7A}.Release|Any CPU.ActiveCfg = Release|Any CPU
		{D81EF077-83B6-404C-9F09-C5F3C1AA9F7A}.Release|Any CPU.Build.0 = Release|Any CPU
	EndGlobalSection
	GlobalSection(SolutionProperties) = preSolution
		HideSolutionNode = FALSE
	EndGlobalSection
EndGlobal
