
Microsoft Visual Studio Solution File, Format Version 11.00
# Visual Studio 2010
Project("{FAE04EC0-301F-11D3-BF4B-00C04F79EFBC}") = "msaglsilverlight", "msaglsilverlight.csproj", "{087254C8-3201-4224-B4D1-DED49F5AD792}"
EndProject
Project("{FAE04EC0-301F-11D3-BF4B-00C04F79EFBC}") = "MsaglDrawingSilverlight", "..\MsaglDrawingSilverlight\MsaglDrawingSilverlight.csproj", "{4446E8A0-0927-4DA0-BD33-4528F4DE3BF4}"
EndProject
Global
	GlobalSection(TeamFoundationVersionControl) = preSolution
		SccNumberOfProjects = 3
		SccEnterpriseProvider = {4CA58AB2-18FA-4F8D-95D4-32DDF27D184C}
		SccTeamFoundationServer = http://vmbgitvstfat25:8080/
		SccLocalPath0 = .
		SccProjectUniqueName1 = msaglsilverlight.csproj
		SccLocalPath1 = .
		SccProjectUniqueName2 = ..\\MsaglDrawingSilverlight\\MsaglDrawingSilverlight.csproj
		SccProjectName2 = ../MsaglDrawingSilverlight
		SccLocalPath2 = ..\\MsaglDrawingSilverlight
	EndGlobalSection
	GlobalSection(SolutionConfigurationPlatforms) = preSolution
		Debug|Any CPU = Debug|Any CPU
		Release|Any CPU = Release|Any CPU
	EndGlobalSection
	GlobalSection(ProjectConfigurationPlatforms) = postSolution
		{087254C8-3201-4224-B4D1-DED49F5AD792}.Debug|Any CPU.ActiveCfg = Debug|Any CPU
		{087254C8-3201-4224-B4D1-DED49F5AD792}.Debug|Any CPU.Build.0 = Debug|Any CPU
		{087254C8-3201-4224-B4D1-DED49F5AD792}.Release|Any CPU.ActiveCfg = Release|Any CPU
		{087254C8-3201-4224-B4D1-DED49F5AD792}.Release|Any CPU.Build.0 = Release|Any CPU
		{4446E8A0-0927-4DA0-BD33-4528F4DE3BF4}.Debug|Any CPU.ActiveCfg = Debug|Any CPU
		{4446E8A0-0927-4DA0-BD33-4528F4DE3BF4}.Debug|Any CPU.Build.0 = Debug|Any CPU
		{4446E8A0-0927-4DA0-BD33-4528F4DE3BF4}.Release|Any CPU.ActiveCfg = Release|Any CPU
		{4446E8A0-0927-4DA0-BD33-4528F4DE3BF4}.Release|Any CPU.Build.0 = Release|Any CPU
	EndGlobalSection
	GlobalSection(SolutionProperties) = preSolution
		HideSolutionNode = FALSE
	EndGlobalSection
EndGlobal
