
Microsoft Visual Studio Solution File, Format Version 12.00
# Visual Studio 2012
Project("{FAE04EC0-301F-11D3-BF4B-00C04F79EFBC}") = "GraphControlSilverlight", "GraphControlSilverlight\GraphControlSilverlight.csproj", "{D81EF077-83B6-404C-9F09-C5F3C1AA9F7A}"
EndProject
Project("{FAE04EC0-301F-11D3-BF4B-00C04F79EFBC}") = "GraphControlTest", "GraphControlTest\GraphControlTest.csproj", "{7B510B40-2073-42D6-997A-B3522F9345DB}"
EndProject
Project("{FAE04EC0-301F-11D3-BF4B-00C04F79EFBC}") = "MsaglDrawingSilverlight", "..\MsaglDrawingSilverlight\MsaglDrawingSilverlight.csproj", "{4446E8A0-0927-4DA0-BD33-4528F4DE3BF4}"
EndProject
Project("{FAE04EC0-301F-11D3-BF4B-00C04F79EFBC}") = "msaglsilverlight", "..\MsaglSilverlight\msaglsilverlight.csproj", "{087254C8-3201-4224-B4D1-DED49F5AD792}"
EndProject
Global
	GlobalSection(TeamFoundationVersionControl) = preSolution
		SccNumberOfProjects = 5
		SccEnterpriseProvider = {4CA58AB2-18FA-4F8D-95D4-32DDF27D184C}
		SccTeamFoundationServer = http://vstfcodebox:8080/tfs/psi
		SccLocalPath0 = .
		SccProjectUniqueName1 = ..\\MsaglDrawingSilverlight\\MsaglDrawingSilverlight.csproj
		SccProjectName1 = ../MsaglDrawingSilverlight
		SccLocalPath1 = ..\\MsaglDrawingSilverlight
		SccProjectUniqueName2 = ..\\MsaglSilverlight\\msaglsilverlight.csproj
		SccProjectName2 = ../MsaglSilverlight
		SccLocalPath2 = ..\\MsaglSilverlight
		SccProjectUniqueName3 = GraphControlSilverlight\\GraphControlSilverlight.csproj
		SccProjectName3 = GraphControlSilverlight
		SccLocalPath3 = GraphControlSilverlight
		SccProjectUniqueName4 = GraphControlTest\\GraphControlTest.csproj
		SccProjectName4 = GraphControlTest
		SccLocalPath4 = GraphControlTest
	EndGlobalSection
	GlobalSection(SolutionConfigurationPlatforms) = preSolution
		Debug|Any CPU = Debug|Any CPU
		Release|Any CPU = Release|Any CPU
	EndGlobalSection
	GlobalSection(ProjectConfigurationPlatforms) = postSolution
		{D81EF077-83B6-404C-9F09-C5F3C1AA9F7A}.Debug|Any CPU.ActiveCfg = Debug|Any CPU
		{D81EF077-83B6-404C-9F09-C5F3C1AA9F7A}.Debug|Any CPU.Build.0 = Debug|Any CPU
		{D81EF077-83B6-404C-9F09-C5F3C1AA9F7A}.Release|Any CPU.ActiveCfg = Release|Any CPU
		{D81EF077-83B6-404C-9F09-C5F3C1AA9F7A}.Release|Any CPU.Build.0 = Release|Any CPU
		{7B510B40-2073-42D6-997A-B3522F9345DB}.Debug|Any CPU.ActiveCfg = Debug|Any CPU
		{7B510B40-2073-42D6-997A-B3522F9345DB}.Debug|Any CPU.Build.0 = Debug|Any CPU
		{7B510B40-2073-42D6-997A-B3522F9345DB}.Release|Any CPU.ActiveCfg = Release|Any CPU
		{7B510B40-2073-42D6-997A-B3522F9345DB}.Release|Any CPU.Build.0 = Release|Any CPU
		{4446E8A0-0927-4DA0-BD33-4528F4DE3BF4}.Debug|Any CPU.ActiveCfg = Debug|Any CPU
		{4446E8A0-0927-4DA0-BD33-4528F4DE3BF4}.Debug|Any CPU.Build.0 = Debug|Any CPU
		{4446E8A0-0927-4DA0-BD33-4528F4DE3BF4}.Release|Any CPU.ActiveCfg = Release|Any CPU
		{4446E8A0-0927-4DA0-BD33-4528F4DE3BF4}.Release|Any CPU.Build.0 = Release|Any CPU
		{087254C8-3201-4224-B4D1-DED49F5AD792}.Debug|Any CPU.ActiveCfg = Debug|Any CPU
		{087254C8-3201-4224-B4D1-DED49F5AD792}.Debug|Any CPU.Build.0 = Debug|Any CPU
		{087254C8-3201-4224-B4D1-DED49F5AD792}.Release|Any CPU.ActiveCfg = Release|Any CPU
		{087254C8-3201-4224-B4D1-DED49F5AD792}.Release|Any CPU.Build.0 = Release|Any CPU
	EndGlobalSection
	GlobalSection(SolutionProperties) = preSolution
		HideSolutionNode = FALSE
	EndGlobalSection
EndGlobal
