
Microsoft Visual Studio Solution File, Format Version 10.00
# Visual Studio 2008
Project("{FAE04EC0-301F-11D3-BF4B-00C04F79EFBC}") = "msbuildlogger", "msbuildlogger.csproj", "{E2ACD962-DEAA-4E1D-95F8-837A86CB9EEC}"
EndProject
Global
	GlobalSection(TeamFoundationVersionControl) = preSolution
		SccNumberOfProjects = 2
		SccEnterpriseProvider = {4CA58AB2-18FA-4F8D-95D4-32DDF27D184C}
		SccTeamFoundationServer = http://vmbgitvstfat25:8080/
		SccLocalPath0 = .
		SccProjectUniqueName1 = msbuildlogger.csproj
		SccLocalPath1 = .
	EndGlobalSection
	GlobalSection(SolutionConfigurationPlatforms) = preSolution
		Debug|Any CPU = Debug|Any CPU
		Release|Any CPU = Release|Any CPU
	EndGlobalSection
	GlobalSection(ProjectConfigurationPlatforms) = postSolution
		{E2ACD962-DEAA-4E1D-95F8-837A86CB9EEC}.Debug|Any CPU.ActiveCfg = Debug|Any CPU
		{E2ACD962-DEAA-4E1D-95F8-837A86CB9EEC}.Debug|Any CPU.Build.0 = Debug|Any CPU
		{E2ACD962-DEAA-4E1D-95F8-837A86CB9EEC}.Release|Any CPU.ActiveCfg = Release|Any CPU
		{E2ACD962-DEAA-4E1D-95F8-837A86CB9EEC}.Release|Any CPU.Build.0 = Release|Any CPU
	EndGlobalSection
	GlobalSection(SolutionProperties) = preSolution
		HideSolutionNode = FALSE
	EndGlobalSection
EndGlobal
